// This lockfile was autogenerated by Pants. To regenerate, run:
//
//    ./pants generate-lockfiles --resolve=pytest
//
// --- BEGIN PANTS LOCKFILE METADATA: DO NOT EDIT OR REMOVE ---
// {
//   "version": 2,
//   "valid_for_interpreter_constraints": [
//     "CPython==3.9.*"
//   ],
//   "generated_with_requirements": [
//     "pytest-cov!=2.12.1,<3.1,>=2.12",
//     "pytest-vcr",
//     "pytest==7.0.1"
//   ]
// }
// --- END PANTS LOCKFILE METADATA ---

{
  "allow_builds": true,
  "allow_prereleases": false,
  "allow_wheels": true,
  "build_isolation": true,
  "constraints": [],
  "locked_resolves": [
    {
      "locked_requirements": [
        {
          "artifacts": [
            {
              "algorithm": "sha256",
              "hash": "86efa402f67bf2df34f51a335487cf46b1ec130d02b8d39fd248abfd30da551c",
              "url": "https://files.pythonhosted.org/packages/f2/bc/d817287d1aa01878af07c19505fafd1165cd6a119e9d0821ca1d1c20312d/attrs-22.1.0-py2.py3-none-any.whl"
            },
            {
              "algorithm": "sha256",
              "hash": "29adc2665447e5191d0e7c568fde78b21f9672d344281d0c6e1ab085429b22b6",
              "url": "https://files.pythonhosted.org/packages/1a/cb/c4ffeb41e7137b23755a45e1bfec9cbb76ecf51874c6f1d113984ecaa32c/attrs-22.1.0.tar.gz"
            }
          ],
          "project_name": "attrs",
          "requires_dists": [
            "cloudpickle; platform_python_implementation == \"CPython\" and extra == \"dev\"",
            "cloudpickle; platform_python_implementation == \"CPython\" and extra == \"tests\"",
            "cloudpickle; platform_python_implementation == \"CPython\" and extra == \"tests_no_zope\"",
            "coverage[toml]>=5.0.2; extra == \"dev\"",
            "coverage[toml]>=5.0.2; extra == \"tests\"",
            "coverage[toml]>=5.0.2; extra == \"tests_no_zope\"",
            "furo; extra == \"dev\"",
            "furo; extra == \"docs\"",
            "hypothesis; extra == \"dev\"",
            "hypothesis; extra == \"tests\"",
            "hypothesis; extra == \"tests_no_zope\"",
            "mypy!=0.940,>=0.900; extra == \"dev\"",
            "mypy!=0.940,>=0.900; extra == \"tests\"",
            "mypy!=0.940,>=0.900; extra == \"tests_no_zope\"",
            "pre-commit; extra == \"dev\"",
            "pympler; extra == \"dev\"",
            "pympler; extra == \"tests\"",
            "pympler; extra == \"tests_no_zope\"",
            "pytest-mypy-plugins; extra == \"dev\"",
            "pytest-mypy-plugins; extra == \"tests\"",
            "pytest-mypy-plugins; extra == \"tests_no_zope\"",
            "pytest>=4.3.0; extra == \"dev\"",
            "pytest>=4.3.0; extra == \"tests\"",
            "pytest>=4.3.0; extra == \"tests_no_zope\"",
            "sphinx-notfound-page; extra == \"dev\"",
            "sphinx-notfound-page; extra == \"docs\"",
            "sphinx; extra == \"dev\"",
            "sphinx; extra == \"docs\"",
            "zope.interface; extra == \"dev\"",
            "zope.interface; extra == \"docs\"",
            "zope.interface; extra == \"tests\""
          ],
          "requires_python": ">=3.5",
          "version": "22.1"
        },
        {
          "artifacts": [
            {
              "algorithm": "sha256",
              "hash": "6913dddee2deff8ab2512639c5168c3e80b3ebb0f818fed22048ee46f735351a",
              "url": "https://files.pythonhosted.org/packages/f9/f5/d3bea1146b7ee22323b667abc029e3be962a162e036e9d30459e6d554a8a/coverage-6.4.4-cp39-cp39-musllinux_1_1_x86_64.whl"
            },
            {
              "algorithm": "sha256",
              "hash": "15e38d853ee224e92ccc9a851457fb1e1f12d7a5df5ae44544ce7863691c7a0d",
              "url": "https://files.pythonhosted.org/packages/08/e4/9a7556b46a646520bda96f53c3fe691c9c5f7ebd0b64fc6aea8e829b75e7/coverage-6.4.4-cp39-cp39-musllinux_1_1_i686.whl"
            },
            {
              "algorithm": "sha256",
              "hash": "fcbe3d9a53e013f8ab88734d7e517eb2cd06b7e689bedf22c0eb68db5e4a0a19",
              "url": "https://files.pythonhosted.org/packages/16/99/e69b196431c25d7fa845bdd8265a0f111d3e036c4b1cac7a98cb4e5a07b9/coverage-6.4.4-cp39-cp39-musllinux_1_1_aarch64.whl"
            },
            {
              "algorithm": "sha256",
              "hash": "dfa0b97eb904255e2ab24166071b27408f1f69c8fbda58e9c0972804851e0558",
              "url": "https://files.pythonhosted.org/packages/1c/59/1d3dae9d3821b81dc17b06438c6918060388457272af20856d42a8bb30b7/coverage-6.4.4-cp39-cp39-manylinux_2_5_x86_64.manylinux1_x86_64.manylinux_2_17_x86_64.manylinux2014_x86_64.whl"
            },
            {
              "algorithm": "sha256",
              "hash": "7a98d6bf6d4ca5c07a600c7b4e0c5350cd483c85c736c522b786be90ea5bac4f",
              "url": "https://files.pythonhosted.org/packages/26/e7/dbbfe7288d846b372229794d7c5f48d55e519d30e1419febea7b1e71478c/coverage-6.4.4-cp39-cp39-manylinux_2_17_aarch64.manylinux2014_aarch64.whl"
            },
            {
              "algorithm": "sha256",
              "hash": "01778769097dbd705a24e221f42be885c544bb91251747a8a3efdec6eb4788f2",
              "url": "https://files.pythonhosted.org/packages/35/3d/d79b2b927e7cb8dded2a003d22348b918509fe1238ff796a0b2fde9b3718/coverage-6.4.4-cp39-cp39-manylinux_2_5_i686.manylinux1_i686.manylinux_2_17_i686.manylinux2014_i686.whl"
            },
            {
              "algorithm": "sha256",
              "hash": "e16c45b726acb780e1e6f88b286d3c10b3914ab03438f32117c4aa52d7f30d58",
              "url": "https://files.pythonhosted.org/packages/79/f3/8c1af7233f874b5df281397e2b96bedf58dc440bd8c6fdbf93a4436c517a/coverage-6.4.4.tar.gz"
            },
            {
              "algorithm": "sha256",
              "hash": "fc600f6ec19b273da1d85817eda339fb46ce9eef3e89f220055d8696e0a06908",
              "url": "https://files.pythonhosted.org/packages/ca/0e/e60fbc65bc054d904984ccd2a52c122fd291c682b5713b37dbb978f853bb/coverage-6.4.4-cp39-cp39-macosx_11_0_arm64.whl"
            },
            {
              "algorithm": "sha256",
              "hash": "98c0b9e9b572893cdb0a00e66cf961a238f8d870d4e1dc8e679eb8bdc2eb1b86",
              "url": "https://files.pythonhosted.org/packages/fd/1a/8b2f6aabf828e9795855001848ce72370819fffca883714eb25aa6d00b38/coverage-6.4.4-cp39-cp39-macosx_10_9_x86_64.whl"
            }
          ],
          "project_name": "coverage",
          "requires_dists": [
            "tomli; python_full_version <= \"3.11.0a6\" and extra == \"toml\""
          ],
          "requires_python": ">=3.7",
          "version": "6.4.4"
        },
        {
          "artifacts": [
            {
              "algorithm": "sha256",
              "hash": "84d9dd047ffa80596e0f246e2eab0b391788b0503584e8945f2368256d2735ff",
              "url": "https://files.pythonhosted.org/packages/04/a2/d918dcd22354d8958fe113e1a3630137e0fc8b44859ade3063982eacd2a4/idna-3.3-py3-none-any.whl"
            },
            {
              "algorithm": "sha256",
              "hash": "9d643ff0a55b762d5cdb124b8eaa99c66322e2157b69160bc32796e824360e6d",
              "url": "https://files.pythonhosted.org/packages/62/08/e3fc7c8161090f742f504f40b1bccbfc544d4a4e09eb774bf40aafce5436/idna-3.3.tar.gz"
            }
          ],
          "project_name": "idna",
          "requires_dists": [],
          "requires_python": ">=3.5",
          "version": "3.3"
        },
        {
          "artifacts": [
            {
              "algorithm": "sha256",
              "hash": "011e24c64b7f47f6ebd835bb12a743f2fbe9a26d4cecaa7f53bc4f35ee9da8b3",
              "url": "https://files.pythonhosted.org/packages/9b/dd/b3c12c6d707058fa947864b67f0c4e0c39ef8610988d7baea9578f3c48f3/iniconfig-1.1.1-py2.py3-none-any.whl"
            },
            {
              "algorithm": "sha256",
              "hash": "bc3af051d7d14b2ee5ef9969666def0cd1a000e121eaea580d4a313df4b37f32",
              "url": "https://files.pythonhosted.org/packages/23/a2/97899f6bd0e873fed3a7e67ae8d3a08b21799430fb4da15cfedf10d6e2c2/iniconfig-1.1.1.tar.gz"
            }
          ],
          "project_name": "iniconfig",
          "requires_dists": [],
          "requires_python": null,
          "version": "1.1.1"
        },
        {
          "artifacts": [
            {
              "algorithm": "sha256",
              "hash": "feba80698173761cddd814fa22e88b0661e98cb810f9f986c54aa34d281e4937",
              "url": "https://files.pythonhosted.org/packages/70/88/194d6da561224f7a6622a940b59f011a3b0794cc55e669be85f0db3dff82/multidict-6.0.2-cp39-cp39-musllinux_1_1_x86_64.whl"
            },
            {
              "algorithm": "sha256",
              "hash": "07a017cfa00c9890011628eab2503bee5872f27144936a52eaab449be5eaf032",
              "url": "https://files.pythonhosted.org/packages/00/6f/05e5612827715de18f36a8e36fb373f58621927691213cc3f88dc24524b3/multidict-6.0.2-cp39-cp39-manylinux_2_17_aarch64.manylinux2014_aarch64.whl"
            },
            {
              "algorithm": "sha256",
              "hash": "19d9bad105dfb34eb539c97b132057a4e709919ec4dd883ece5838bcbf262b80",
              "url": "https://files.pythonhosted.org/packages/01/4d/ca2d62993ce36d059ca571f2f5124217dab5eb8da8b8797820745a3bf402/multidict-6.0.2-cp39-cp39-manylinux_2_5_i686.manylinux1_i686.manylinux_2_17_i686.manylinux2014_i686.whl"
            },
            {
              "algorithm": "sha256",
              "hash": "d16cce709ebfadc91278a1c005e3c17dd5f71f5098bfae1035149785ea6e9c68",
              "url": "https://files.pythonhosted.org/packages/0b/85/b4628d7d6449a4ede8c5c9ce32f145240d348385898475d4a556986c6409/multidict-6.0.2-cp39-cp39-musllinux_1_1_ppc64le.whl"
            },
            {
              "algorithm": "sha256",
              "hash": "c207fff63adcdf5a485969131dc70e4b194327666b7e8a87a97fbc4fd80a53b2",
              "url": "https://files.pythonhosted.org/packages/27/b9/109d1db7eeeee0dc96ce90cc7fba4489f3074699f5688f53baf3e81427a4/multidict-6.0.2-cp39-cp39-manylinux_2_17_ppc64le.manylinux2014_ppc64le.whl"
            },
            {
              "algorithm": "sha256",
              "hash": "373ba9d1d061c76462d74e7de1c0c8e267e9791ee8cfefcf6b0b2495762c370c",
              "url": "https://files.pythonhosted.org/packages/42/27/832795c2b276af8669c786fc1d80a4b58786723f9cedc13ed47b408f2cfe/multidict-6.0.2-cp39-cp39-manylinux_2_17_s390x.manylinux2014_s390x.whl"
            },
            {
              "algorithm": "sha256",
              "hash": "2e4a0785b84fb59e43c18a015ffc575ba93f7d1dbd272b4cdad9f5134b8a006c",
              "url": "https://files.pythonhosted.org/packages/66/ba/5debd35601ccfa76a92fd6cab6d873791d16757142b99384d124ff8275f1/multidict-6.0.2-cp39-cp39-macosx_10_9_universal2.whl"
            },
            {
              "algorithm": "sha256",
              "hash": "a007b1638e148c3cfb6bf0bdc4f82776cef0ac487191d093cdc316905e504071",
              "url": "https://files.pythonhosted.org/packages/98/16/7af490ccfe470dad4b3d28fc69b1f3b4cdfe0fd5e279b299e103edbb8505/multidict-6.0.2-cp39-cp39-macosx_11_0_arm64.whl"
            },
            {
              "algorithm": "sha256",
              "hash": "de989b195c3d636ba000ee4281cd03bb1234635b124bf4cd89eeee9ca8fcb09d",
              "url": "https://files.pythonhosted.org/packages/a6/54/3838c7306bd677f4a524ba910aa459c1fe77c0700d4ca2dc9151e514cc16/multidict-6.0.2-cp39-cp39-musllinux_1_1_aarch64.whl"
            },
            {
              "algorithm": "sha256",
              "hash": "bfba7c6d5d7c9099ba21f84662b037a0ffd4a5e6b26ac07d19e423e6fdf965a9",
              "url": "https://files.pythonhosted.org/packages/b3/2d/d2bb7c2ac3bc4c1c60f9b82dde1bb084d074cf7a844f7f377477dc35de9b/multidict-6.0.2-cp39-cp39-manylinux_2_17_x86_64.manylinux2014_x86_64.whl"
            },
            {
              "algorithm": "sha256",
              "hash": "7c40b7bbece294ae3a87c1bc2abff0ff9beef41d14188cda94ada7bcea99b0fb",
              "url": "https://files.pythonhosted.org/packages/b5/4b/f773e1e3b276c92d3f6aa84b5164788bb161fd8901166e017b8ade4e4037/multidict-6.0.2-cp39-cp39-musllinux_1_1_i686.whl"
            },
            {
              "algorithm": "sha256",
              "hash": "6701bf8a5d03a43375909ac91b6980aea74b0f5402fbe9428fc3f6edf5d9677e",
              "url": "https://files.pythonhosted.org/packages/c7/9f/ce1b2b964f573e09eda8a6e98b33972a7915304dd3737da4ae663e2f5057/multidict-6.0.2-cp39-cp39-macosx_10_9_x86_64.whl"
            },
            {
              "algorithm": "sha256",
              "hash": "a2c34a93e1d2aa35fbf1485e5010337c72c6791407d03aa5f4eed920343dd360",
              "url": "https://files.pythonhosted.org/packages/d0/54/b43675a2fbe33433aebdadd7564aa0eb2f3c57d018901c2ed4b4517f7264/multidict-6.0.2-cp39-cp39-musllinux_1_1_s390x.whl"
            },
            {
              "algorithm": "sha256",
              "hash": "5ff3bd75f38e4c43f1f470f2df7a4d430b821c4ce22be384e1459cb57d6bb013",
              "url": "https://files.pythonhosted.org/packages/fa/a7/71c253cdb8a1528802bac7503bf82fe674367e4055b09c28846fdfa4ab90/multidict-6.0.2.tar.gz"
            }
          ],
          "project_name": "multidict",
          "requires_dists": [],
          "requires_python": ">=3.7",
          "version": "6.0.2"
        },
        {
          "artifacts": [
            {
              "algorithm": "sha256",
              "hash": "ef103e05f519cdc783ae24ea4e2e0f508a9c99b2d4969652eed6a2e1ea5bd522",
              "url": "https://files.pythonhosted.org/packages/05/8e/8de486cbd03baba4deef4142bd643a3e7bbe954a784dc1bb17142572d127/packaging-21.3-py3-none-any.whl"
            },
            {
              "algorithm": "sha256",
              "hash": "dd47c42927d89ab911e606518907cc2d3a1f38bbd026385970643f9c5b8ecfeb",
              "url": "https://files.pythonhosted.org/packages/df/9e/d1a7217f69310c1db8fdf8ab396229f55a699ce34a203691794c5d1cad0c/packaging-21.3.tar.gz"
            }
          ],
          "project_name": "packaging",
          "requires_dists": [
            "pyparsing!=3.0.5,>=2.0.2"
          ],
          "requires_python": ">=3.6",
          "version": "21.3"
        },
        {
          "artifacts": [
            {
              "algorithm": "sha256",
              "hash": "74134bbf457f031a36d68416e1509f34bd5ccc019f0bcc952c7b909d06b37bd3",
              "url": "https://files.pythonhosted.org/packages/9e/01/f38e2ff29715251cf25532b9082a1589ab7e4f571ced434f98d0139336dc/pluggy-1.0.0-py2.py3-none-any.whl"
            },
            {
              "algorithm": "sha256",
              "hash": "4224373bacce55f955a878bf9cfa763c1e360858e330072059e10bad68531159",
              "url": "https://files.pythonhosted.org/packages/a1/16/db2d7de3474b6e37cbb9c008965ee63835bba517e22cdb8c35b5116b5ce1/pluggy-1.0.0.tar.gz"
            }
          ],
          "project_name": "pluggy",
          "requires_dists": [
            "importlib-metadata>=0.12; python_version < \"3.8\"",
            "pre-commit; extra == \"dev\"",
            "pytest-benchmark; extra == \"testing\"",
            "pytest; extra == \"testing\"",
            "tox; extra == \"dev\""
          ],
          "requires_python": ">=3.6",
          "version": "1"
        },
        {
          "artifacts": [
            {
              "algorithm": "sha256",
              "hash": "607c53218732647dff4acdfcd50cb62615cedf612e72d1724fb1a0cc6405b378",
              "url": "https://files.pythonhosted.org/packages/f6/f0/10642828a8dfb741e5f3fbaac830550a518a775c7fff6f04a007259b0548/py-1.11.0-py2.py3-none-any.whl"
            },
            {
              "algorithm": "sha256",
              "hash": "51c75c4126074b472f746a24399ad32f6053d1b34b68d2fa41e558e6f4a98719",
              "url": "https://files.pythonhosted.org/packages/98/ff/fec109ceb715d2a6b4c4a85a61af3b40c723a961e8828319fbcb15b868dc/py-1.11.0.tar.gz"
            }
          ],
          "project_name": "py",
          "requires_dists": [],
          "requires_python": "!=3.0.*,!=3.1.*,!=3.2.*,!=3.3.*,!=3.4.*,>=2.7",
          "version": "1.11"
        },
        {
          "artifacts": [
            {
              "algorithm": "sha256",
              "hash": "5026bae9a10eeaefb61dab2f09052b9f4307d44aee4eda64b309723d8d206bbc",
              "url": "https://files.pythonhosted.org/packages/6c/10/a7d0fa5baea8fe7b50f448ab742f26f52b80bfca85ac2be9d35cdd9a3246/pyparsing-3.0.9-py3-none-any.whl"
            },
            {
              "algorithm": "sha256",
              "hash": "2b020ecf7d21b687f219b71ecad3631f644a47f01403fa1d1036b0c6416d70fb",
              "url": "https://files.pythonhosted.org/packages/71/22/207523d16464c40a0310d2d4d8926daffa00ac1f5b1576170a32db749636/pyparsing-3.0.9.tar.gz"
            }
          ],
          "project_name": "pyparsing",
          "requires_dists": [
            "jinja2; extra == \"diagrams\"",
            "railroad-diagrams; extra == \"diagrams\""
          ],
          "requires_python": ">=3.6.8",
          "version": "3.0.9"
        },
        {
          "artifacts": [
            {
              "algorithm": "sha256",
              "hash": "9ce3ff477af913ecf6321fe337b93a2c0dcf2a0a1439c43f5452112c1e4280db",
              "url": "https://files.pythonhosted.org/packages/38/93/c7c0bd1e932b287fb948eb9ce5a3d6307c9fc619db1e199f8c8bc5dad95f/pytest-7.0.1-py3-none-any.whl"
            },
            {
              "algorithm": "sha256",
              "hash": "e30905a0c131d3d94b89624a1cc5afec3e0ba2fbdb151867d8e0ebd49850f171",
              "url": "https://files.pythonhosted.org/packages/3e/2c/a67ad48759051c7abf82ce182a4e6d766de371b183182d2dde03089e8dfb/pytest-7.0.1.tar.gz"
            }
          ],
          "project_name": "pytest",
          "requires_dists": [
            "argcomplete; extra == \"testing\"",
            "atomicwrites>=1.0; sys_platform == \"win32\"",
            "attrs>=19.2.0",
            "colorama; sys_platform == \"win32\"",
            "hypothesis>=3.56; extra == \"testing\"",
            "importlib-metadata>=0.12; python_version < \"3.8\"",
            "iniconfig",
            "mock; extra == \"testing\"",
            "nose; extra == \"testing\"",
            "packaging",
            "pluggy<2.0,>=0.12",
            "py>=1.8.2",
            "pygments>=2.7.2; extra == \"testing\"",
            "requests; extra == \"testing\"",
            "tomli>=1.0.0",
            "xmlschema; extra == \"testing\""
          ],
          "requires_python": ">=3.6",
          "version": "7.0.1"
        },
        {
          "artifacts": [
            {
              "algorithm": "sha256",
              "hash": "578d5d15ac4a25e5f961c938b85a05b09fdaae9deef3bb6de9a6e766622ca7a6",
              "url": "https://files.pythonhosted.org/packages/20/49/b3e0edec68d81846f519c602ac38af9db86e1e71275528b3e814ae236063/pytest_cov-3.0.0-py3-none-any.whl"
            },
            {
              "algorithm": "sha256",
              "hash": "e7f0f5b1617d2210a2cabc266dfe2f4c75a8d32fb89eafb7ad9d06f6d076d470",
              "url": "https://files.pythonhosted.org/packages/61/41/e046526849972555928a6d31c2068410e47a31fb5ab0a77f868596811329/pytest-cov-3.0.0.tar.gz"
            }
          ],
          "project_name": "pytest-cov",
          "requires_dists": [
            "coverage[toml]>=5.2.1",
            "fields; extra == \"testing\"",
            "hunter; extra == \"testing\"",
            "process-tests; extra == \"testing\"",
            "pytest-xdist; extra == \"testing\"",
            "pytest>=4.6",
            "six; extra == \"testing\"",
            "virtualenv; extra == \"testing\""
          ],
          "requires_python": ">=3.6",
          "version": "3"
        },
        {
          "artifacts": [
            {
              "algorithm": "sha256",
              "hash": "2f316e0539399bea0296e8b8401145c62b6f85e9066af7e57b6151481b0d6d9c",
              "url": "https://files.pythonhosted.org/packages/9d/d3/ff520d11e6ee400602711d1ece8168dcfc5b6d8146fb7db4244a6ad6a9c3/pytest_vcr-1.0.2-py2.py3-none-any.whl"
            },
            {
              "algorithm": "sha256",
              "hash": "23ee51b75abbcc43d926272773aae4f39f93aceb75ed56852d0bf618f92e1896",
              "url": "https://files.pythonhosted.org/packages/1a/60/104c619483c1a42775d3f8b27293f1ecfc0728014874d065e68cb9702d49/pytest-vcr-1.0.2.tar.gz"
            }
          ],
          "project_name": "pytest-vcr",
          "requires_dists": [
            "pytest>=3.6.0",
            "vcrpy"
          ],
          "requires_python": null,
          "version": "1.0.2"
        },
        {
          "artifacts": [
            {
              "algorithm": "sha256",
              "hash": "40527857252b61eacd1d9af500c3337ba8deb8fc298940291486c465c8b46ec0",
              "url": "https://files.pythonhosted.org/packages/12/fc/a4d5a7554e0067677823f7265cb3ae22aed8a238560b5133b58cda252dad/PyYAML-6.0-cp39-cp39-manylinux_2_5_x86_64.manylinux1_x86_64.manylinux_2_12_x86_64.manylinux2010_x86_64.whl"
            },
            {
              "algorithm": "sha256",
              "hash": "d67d839ede4ed1b28a4e8909735fc992a923cdb84e618544973d7dfc71540803",
              "url": "https://files.pythonhosted.org/packages/21/67/b42191239c5650c9e419c4a08a7a022bbf1abf55b0391c380a72c3af5462/PyYAML-6.0-cp39-cp39-manylinux_2_17_aarch64.manylinux2014_aarch64.whl"
            },
            {
              "algorithm": "sha256",
              "hash": "68fb519c14306fec9720a2a5b45bc9f0c8d1b9c72adf45c37baedfcd949c35a2",
              "url": "https://files.pythonhosted.org/packages/36/2b/61d51a2c4f25ef062ae3f74576b01638bebad5e045f747ff12643df63844/PyYAML-6.0.tar.gz"
            },
            {
              "algorithm": "sha256",
              "hash": "e61ceaab6f49fb8bdfaa0f92c4b57bcfbea54c09277b1b4f7ac376bfb7a7c174",
              "url": "https://files.pythonhosted.org/packages/67/d4/b95266228a25ef5bd70984c08b4efce2c035a4baa5ccafa827b266e3dc36/PyYAML-6.0-cp39-cp39-macosx_11_0_arm64.whl"
            },
            {
              "algorithm": "sha256",
              "hash": "cba8c411ef271aa037d7357a2bc8f9ee8b58b9965831d9e51baf703280dc73d3",
              "url": "https://files.pythonhosted.org/packages/77/da/e845437ffe0dffae4e7562faf23a4f264d886431c5d2a2816c853288dc8e/PyYAML-6.0-cp39-cp39-manylinux_2_17_s390x.manylinux2014_s390x.whl"
            },
            {
              "algorithm": "sha256",
              "hash": "055d937d65826939cb044fc8c9b08889e8c743fdc6a32b33e2390f66013e449b",
              "url": "https://files.pythonhosted.org/packages/f5/6f/b8b4515346af7c33d3b07cd8ca8ea0700ca72e8d7a750b2b87ac0268ca4e/PyYAML-6.0-cp39-cp39-macosx_10_9_x86_64.whl"
            }
          ],
          "project_name": "pyyaml",
          "requires_dists": [],
          "requires_python": ">=3.6",
          "version": "6"
        },
        {
          "artifacts": [
            {
              "algorithm": "sha256",
              "hash": "8abb2f1d86890a2dfb989f9a77cfcfd3e47c2a354b01111771326f8aa26e0254",
              "url": "https://files.pythonhosted.org/packages/d9/5a/e7c31adbe875f2abbb91bd84cf2dc52d792b5a01506781dbcf25c91daf11/six-1.16.0-py2.py3-none-any.whl"
            },
            {
              "algorithm": "sha256",
              "hash": "1e61c37477a1626458e36f7b1d82aa5c9b094fa4802892072e49de9c60c4c926",
              "url": "https://files.pythonhosted.org/packages/71/39/171f1c67cd00715f190ba0b100d606d440a28c93c7714febeca8b79af85e/six-1.16.0.tar.gz"
            }
          ],
          "project_name": "six",
          "requires_dists": [],
          "requires_python": "!=3.0.*,!=3.1.*,!=3.2.*,>=2.7",
          "version": "1.16"
        },
        {
          "artifacts": [
            {
              "algorithm": "sha256",
              "hash": "939de3e7a6161af0c887ef91b7d41a53e7c5a1ca976325f429cb46ea9bc30ecc",
              "url": "https://files.pythonhosted.org/packages/97/75/10a9ebee3fd790d20926a90a2547f0bf78f371b2f13aa822c759680ca7b9/tomli-2.0.1-py3-none-any.whl"
            },
            {
              "algorithm": "sha256",
              "hash": "de526c12914f0c550d15924c62d72abc48d6fe7364aa87328337a31007fe8a4f",
              "url": "https://files.pythonhosted.org/packages/c0/3f/d7af728f075fb08564c5949a9c95e44352e23dee646869fa104a3b2060a3/tomli-2.0.1.tar.gz"
            }
          ],
          "project_name": "tomli",
          "requires_dists": [],
          "requires_python": ">=3.7",
          "version": "2.0.1"
        },
        {
          "artifacts": [
            {
              "algorithm": "sha256",
              "hash": "7ec280c8d5385652f1117fe32a200e6676614007d9f946af9f07df1e5f92254c",
              "url": "https://files.pythonhosted.org/packages/49/85/29ddc88eeb16308bf335600bb897d4023e37ebca07dcb92428fda15f1ba2/vcrpy-4.2.0-py2.py3-none-any.whl"
            },
            {
              "algorithm": "sha256",
              "hash": "94520b86fb765925adc8c77ff934e89a5e156c28e74a314320217ef1b454afe0",
              "url": "https://files.pythonhosted.org/packages/96/70/d0f7ad62f10fc417ca14fa3255010f6d32cbc1b47e3549f897a8cacc904f/vcrpy-4.2.0.tar.gz"
            }
          ],
          "project_name": "vcrpy",
          "requires_dists": [
            "PyYAML",
            "six>=1.5",
            "wrapt",
            "yarl"
          ],
          "requires_python": ">=3.7",
          "version": "4.2"
        },
        {
          "artifacts": [
            {
              "algorithm": "sha256",
              "hash": "34aa51c45f28ba7f12accd624225e2b1e5a3a45206aa191f6f9aac931d9d56fe",
              "url": "https://files.pythonhosted.org/packages/f9/3c/110e52b9da396a4ef3a0521552a1af9c7875a762361f48678c1ac272fd7e/wrapt-1.14.1-cp39-cp39-musllinux_1_1_x86_64.whl"
            },
            {
              "algorithm": "sha256",
              "hash": "d52a25136894c63de15a35bc0bdc5adb4b0e173b9c0d07a2be9d3ca64a332735",
              "url": "https://files.pythonhosted.org/packages/0a/61/330f24065b8f2fc02f94321092a24e0c30aefcbac89ab5c860e180366c9f/wrapt-1.14.1-cp39-cp39-manylinux_2_5_i686.manylinux1_i686.manylinux_2_17_i686.manylinux2014_i686.whl"
            },
            {
              "algorithm": "sha256",
              "hash": "380a85cf89e0e69b7cfbe2ea9f765f004ff419f34194018a6827ac0e3edfed4d",
              "url": "https://files.pythonhosted.org/packages/11/eb/e06e77394d6cf09977d92bff310cb0392930c08a338f99af6066a5a98f92/wrapt-1.14.1.tar.gz"
            },
            {
              "algorithm": "sha256",
              "hash": "9cca3c2cdadb362116235fdbd411735de4328c61425b0aa9f872fd76d02c4e86",
              "url": "https://files.pythonhosted.org/packages/38/38/5b338163b3b4f1ab718306984678c3d180b85a25d72654ea4c61aa6b0968/wrapt-1.14.1-cp39-cp39-manylinux_2_17_aarch64.manylinux2014_aarch64.whl"
            },
            {
              "algorithm": "sha256",
              "hash": "6a9a25751acb379b466ff6be78a315e2b439d4c94c1e99cb7266d40a537995d3",
              "url": "https://files.pythonhosted.org/packages/6a/12/76bbe26dc39d05f1a7be8d570d91c87bb79297e08e885148ed670ed17b7b/wrapt-1.14.1-cp39-cp39-musllinux_1_1_i686.whl"
            },
            {
              "algorithm": "sha256",
              "hash": "988635d122aaf2bdcef9e795435662bcd65b02f4f4c1ae37fbee7401c440b3a7",
              "url": "https://files.pythonhosted.org/packages/bb/70/73c54e24ea69a8b06ae9649e61d5e64f2b4bdfc6f202fc7794abeac1ed20/wrapt-1.14.1-cp39-cp39-macosx_11_0_arm64.whl"
            },
            {
              "algorithm": "sha256",
              "hash": "3232822c7d98d23895ccc443bbdf57c7412c5a65996c30442ebe6ed3df335383",
              "url": "https://files.pythonhosted.org/packages/d9/ab/3ba5816dd466ffd7242913708771d258569825ab76fd29d7fd85b9361311/wrapt-1.14.1-cp39-cp39-macosx_10_9_x86_64.whl"
            },
            {
              "algorithm": "sha256",
              "hash": "b9b7a708dd92306328117d8c4b62e2194d00c365f18eff11a9b53c6f923b01e3",
              "url": "https://files.pythonhosted.org/packages/e0/20/9716fb522d17a726364c4d032c8806ffe312268773dd46a394436b2787cc/wrapt-1.14.1-cp39-cp39-musllinux_1_1_aarch64.whl"
            },
            {
              "algorithm": "sha256",
              "hash": "40e7bc81c9e2b2734ea4bc1aceb8a8f0ceaac7c5299bc5d69e37c44d9081d43b",
              "url": "https://files.pythonhosted.org/packages/e0/6a/3c660fa34c8106aa9719f2a6636c1c3ea7afd5931ae665eb197fdf4def84/wrapt-1.14.1-cp39-cp39-manylinux_2_5_x86_64.manylinux1_x86_64.manylinux_2_17_x86_64.manylinux2014_x86_64.whl"
            }
          ],
          "project_name": "wrapt",
          "requires_dists": [],
          "requires_python": "!=3.0.*,!=3.1.*,!=3.2.*,!=3.3.*,!=3.4.*,>=2.7",
          "version": "1.14.1"
        },
        {
          "artifacts": [
            {
              "algorithm": "sha256",
              "hash": "99449cd5366fe4608e7226c6cae80873296dfa0cde45d9b498fefa1de315a09e",
              "url": "https://files.pythonhosted.org/packages/39/91/d8073e858f887f0574894cb514206502c8ceb8544d5821ba5baf871bfed2/yarl-1.8.1-cp39-cp39-musllinux_1_1_x86_64.whl"
            },
            {
              "algorithm": "sha256",
              "hash": "4a88510731cd8d4befaba5fbd734a7dd914de5ab8132a5b3dde0bbd6c9476c64",
              "url": "https://files.pythonhosted.org/packages/1e/7d/97972e1238f710cf157ddbb92f52af5dce684862137443b81d0f821a25ba/yarl-1.8.1-cp39-cp39-musllinux_1_1_aarch64.whl"
            },
            {
              "algorithm": "sha256",
              "hash": "fae37373155f5ef9b403ab48af5136ae9851151f7aacd9926251ab26b953118b",
              "url": "https://files.pythonhosted.org/packages/28/c9/b4cc0b0841fc171ac830e27237da036a5085691f47135122481824bc9c5d/yarl-1.8.1-cp39-cp39-manylinux_2_17_aarch64.manylinux2014_aarch64.whl"
            },
            {
              "algorithm": "sha256",
              "hash": "21ac44b763e0eec15746a3d440f5e09ad2ecc8b5f6dcd3ea8cb4773d6d4703e3",
              "url": "https://files.pythonhosted.org/packages/53/33/2b672d8793f875f6096fbb178be5e4456fffbe3bb48fd592e00f0869ef57/yarl-1.8.1-cp39-cp39-musllinux_1_1_ppc64le.whl"
            },
            {
              "algorithm": "sha256",
              "hash": "4c322cbaa4ed78a8aac89b2174a6df398faf50e5fc12c4c191c40c59d5e28357",
              "url": "https://files.pythonhosted.org/packages/5e/6b/012f4874880fb40f09c794f62b79fc32291837797a5929914832ced2cdb3/yarl-1.8.1-cp39-cp39-macosx_11_0_arm64.whl"
            },
            {
              "algorithm": "sha256",
              "hash": "3d1a50e461615747dd93c099f297c1994d472b0f4d2db8a64e55b1edf704ec1c",
              "url": "https://files.pythonhosted.org/packages/87/27/f99c22607862ae77d76b31e2fcf72f88c5c97aa342beaac12963844b9f34/yarl-1.8.1-cp39-cp39-manylinux_2_17_x86_64.manylinux2014_x86_64.whl"
            },
            {
              "algorithm": "sha256",
              "hash": "7de89c8456525650ffa2bb56a3eee6af891e98f498babd43ae307bd42dca98f6",
              "url": "https://files.pythonhosted.org/packages/90/fc/5fb6ad9196322efddc7e3779e00ecab01b3073f90852906fb44118e5e82b/yarl-1.8.1-cp39-cp39-manylinux_2_5_i686.manylinux1_i686.manylinux_2_17_i686.manylinux2014_i686.whl"
            },
            {
              "algorithm": "sha256",
              "hash": "e80ed5a9939ceb6fda42811542f31c8602be336b1fb977bccb012e83da7e4936",
              "url": "https://files.pythonhosted.org/packages/b4/f8/d807818f2648c85c29abc7ccdc63c8ca5b136f03a2bb7828086f6fd4929d/yarl-1.8.1-cp39-cp39-macosx_10_9_universal2.whl"
            },
            {
              "algorithm": "sha256",
              "hash": "5395da939ffa959974577eff2cbfc24b004a2fb6c346918f39966a5786874e54",
              "url": "https://files.pythonhosted.org/packages/c1/01/6e6f4100b4bc20935bc9e1d22225be43e0d299fb8a08a33c999a55b43309/yarl-1.8.1-cp39-cp39-manylinux_2_17_ppc64le.manylinux2014_ppc64le.whl"
            },
            {
              "algorithm": "sha256",
              "hash": "6afb336e23a793cd3b6476c30f030a0d4c7539cd81649683b5e0c1b0ab0bf350",
              "url": "https://files.pythonhosted.org/packages/c8/a7/1a92f1049acd7f8fe122b5c78bd135b1a606414109b6cd43de696a5c4dfc/yarl-1.8.1-cp39-cp39-macosx_10_9_x86_64.whl"
            },
            {
              "algorithm": "sha256",
              "hash": "af887845b8c2e060eb5605ff72b6f2dd2aab7a761379373fd89d314f4752abbf",
              "url": "https://files.pythonhosted.org/packages/d6/04/255c68974ec47fa754564c4abba8f61f9ed68b869bbbb854198d6259c4f7/yarl-1.8.1.tar.gz"
            },
            {
              "algorithm": "sha256",
              "hash": "076eede537ab978b605f41db79a56cad2e7efeea2aa6e0fa8f05a26c24a034fb",
              "url": "https://files.pythonhosted.org/packages/e6/e0/1e778d018d5c5540b6cc7f77917102687bf23b850a9ab6236df1f558f1c0/yarl-1.8.1-cp39-cp39-manylinux_2_17_s390x.manylinux2014_s390x.whl"
            },
            {
              "algorithm": "sha256",
              "hash": "d0272228fabe78ce00a3365ffffd6f643f57a91043e119c289aaba202f4095b0",
              "url": "https://files.pythonhosted.org/packages/fe/cb/ae0def686041d2da7dd631934f9f961123b597f9aa99c09917f67810cf6f/yarl-1.8.1-cp39-cp39-musllinux_1_1_s390x.whl"
            },
            {
              "algorithm": "sha256",
              "hash": "2d93a049d29df172f48bcb09acf9226318e712ce67374f893b460b42cc1380ae",
              "url": "https://files.pythonhosted.org/packages/ff/c0/ddcd9c883887a67c2d241fc807111fc2be840dcc5513067ddd59abfed933/yarl-1.8.1-cp39-cp39-musllinux_1_1_i686.whl"
            }
          ],
          "project_name": "yarl",
          "requires_dists": [
            "idna>=2.0",
            "multidict>=4.0",
            "typing-extensions>=3.7.4; python_version < \"3.8\""
          ],
          "requires_python": ">=3.7",
          "version": "1.8.1"
        }
      ],
      "platform_tag": null
    }
  ],
  "path_mappings": {},
  "pex_version": "2.1.102",
  "prefer_older_binary": false,
  "requirements": [
    "pytest-cov!=2.12.1,<3.1,>=2.12",
    "pytest-vcr",
    "pytest==7.0.1"
  ],
  "requires_python": [
    "==3.9.*"
  ],
  "resolver_version": "pip-2020-resolver",
  "style": "universal",
  "target_systems": [
    "linux",
    "mac"
  ],
  "transitive": true,
  "use_pep517": null
}
