// This lockfile was autogenerated by Pants. To regenerate, run:
//
//    pants generate-lockfiles --resolve=pytest
//
// --- BEGIN PANTS LOCKFILE METADATA: DO NOT EDIT OR REMOVE ---
// {
//   "version": 3,
//   "valid_for_interpreter_constraints": [
//     "CPython<=3.10.*,>=3.9.*"
//   ],
//   "generated_with_requirements": [
//     "pydevd-pycharm==223.8617.48",
//     "pytest-cov!=2.12.1,<3.1,>=2.12",
//     "pytest-vcr",
//     "pytest-xdist<3,>=2.5",
//     "pytest==7.0.1"
//   ],
//   "manylinux": "manylinux2014",
//   "requirement_constraints": [],
//   "only_binary": [],
//   "no_binary": []
// }
// --- END PANTS LOCKFILE METADATA ---

{
  "allow_builds": true,
  "allow_prereleases": false,
  "allow_wheels": true,
  "build_isolation": true,
  "constraints": [],
  "locked_resolves": [
    {
      "locked_requirements": [
        {
          "artifacts": [
            {
              "algorithm": "sha256",
              "hash": "1f28b4522cdc2fb4256ac1a020c78acf9cba2c6b461ccd2c126f3aa8e8335d04",
              "url": "https://files.pythonhosted.org/packages/f0/eb/fcb708c7bf5056045e9e98f62b93bd7467eb718b0202e7698eb11d66416c/attrs-23.1.0-py3-none-any.whl"
            },
            {
              "algorithm": "sha256",
              "hash": "6279836d581513a26f1bf235f9acd333bc9115683f14f7e8fae46c98fc50e015",
              "url": "https://files.pythonhosted.org/packages/97/90/81f95d5f705be17872843536b1868f351805acf6971251ff07c1b8334dbb/attrs-23.1.0.tar.gz"
            }
          ],
          "project_name": "attrs",
          "requires_dists": [
            "attrs[docs,tests]; extra == \"dev\"",
            "attrs[tests-no-zope]; extra == \"tests\"",
            "attrs[tests]; extra == \"cov\"",
            "cloudpickle; platform_python_implementation == \"CPython\" and extra == \"tests-no-zope\"",
            "coverage[toml]>=5.3; extra == \"cov\"",
            "furo; extra == \"docs\"",
            "hypothesis; extra == \"tests-no-zope\"",
            "importlib-metadata; python_version < \"3.8\"",
            "mypy>=1.1.1; platform_python_implementation == \"CPython\" and extra == \"tests-no-zope\"",
            "myst-parser; extra == \"docs\"",
            "pre-commit; extra == \"dev\"",
            "pympler; extra == \"tests-no-zope\"",
            "pytest-mypy-plugins; platform_python_implementation == \"CPython\" and python_version < \"3.11\" and extra == \"tests-no-zope\"",
            "pytest-xdist[psutil]; extra == \"tests-no-zope\"",
            "pytest>=4.3.0; extra == \"tests-no-zope\"",
            "sphinx-notfound-page; extra == \"docs\"",
            "sphinx; extra == \"docs\"",
            "sphinxcontrib-towncrier; extra == \"docs\"",
            "towncrier; extra == \"docs\"",
            "zope-interface; extra == \"docs\"",
            "zope-interface; extra == \"tests\""
          ],
          "requires_python": ">=3.7",
          "version": "23.1.0"
        },
        {
          "artifacts": [
            {
              "algorithm": "sha256",
              "hash": "ae97af89f0fbf373400970c0a21eef5aa941ffeed90aee43650b81f7d7f47637",
              "url": "https://files.pythonhosted.org/packages/25/26/b1e4533eb8e6eb80a61e442a61f86c55a962a6693114053a790870f1d37f/coverage-7.3.2-pp38.pp39.pp310-none-any.whl"
            },
            {
              "algorithm": "sha256",
              "hash": "be32ad29341b0170e795ca590e1c07e81fc061cb5b10c74ce7203491484404ef",
              "url": "https://files.pythonhosted.org/packages/57/44/ecd5442163c53f333bfcd2e7f428457a68b008a4b65d436a64b1db362451/coverage-7.3.2.tar.gz"
            },
            {
              "algorithm": "sha256",
              "hash": "5f7363d3b6a1119ef05015959ca24a9afc0ea8a02c687fe7e2d557705375c01f",
              "url": "https://files.pythonhosted.org/packages/61/24/c2ffb7777863c805df8761eac1e9c2f176c2abf1e1195234517eafb69d68/coverage-7.3.2-cp39-cp39-manylinux_2_17_aarch64.manylinux2014_aarch64.whl"
            },
            {
              "algorithm": "sha256",
              "hash": "3a4006916aa6fee7cd38db3bfc95aa9c54ebb4ffbfc47c677c8bba949ceba0a6",
              "url": "https://files.pythonhosted.org/packages/6d/70/5e8f300eefd7d494538b906a5d6e891c77ff1f37696dcf6cf86379462e0a/coverage-7.3.2-cp39-cp39-musllinux_1_1_aarch64.whl"
            },
            {
              "algorithm": "sha256",
              "hash": "9028a3871280110d6e1aa2df1afd5ef003bab5fb1ef421d6dc748ae1c8ef2ebc",
              "url": "https://files.pythonhosted.org/packages/7e/82/21e62bd33819427143a3c8368581c54dcf74fa5e7c0e7328239655c32062/coverage-7.3.2-cp39-cp39-musllinux_1_1_i686.whl"
            },
            {
              "algorithm": "sha256",
              "hash": "9f805d62aec8eb92bab5b61c0f07329275b6f41c97d80e847b03eb894f38d083",
              "url": "https://files.pythonhosted.org/packages/b0/4a/3b4400eb8e4e1455175370e2f10d1d388caba28123bb4870b7c0065764ea/coverage-7.3.2-cp39-cp39-musllinux_1_1_x86_64.whl"
            },
            {
              "algorithm": "sha256",
              "hash": "b631c92dfe601adf8f5ebc7fc13ced6bb6e9609b19d9a8cd59fa47c4186ad1ce",
              "url": "https://files.pythonhosted.org/packages/b4/c6/bce14878c5508300765059132672c525487302b9f30729d8abbb2471a18a/coverage-7.3.2-cp39-cp39-macosx_10_9_x86_64.whl"
            },
            {
              "algorithm": "sha256",
              "hash": "d3d9df4051c4a7d13036524b66ecf7a7537d14c18a384043f30a303b146164e9",
              "url": "https://files.pythonhosted.org/packages/f0/e1/0972c5a06c4c2be4e44648cfdbc17f2baf71607222c7177952c83d9939aa/coverage-7.3.2-cp39-cp39-macosx_11_0_arm64.whl"
            },
            {
              "algorithm": "sha256",
              "hash": "149de1d2401ae4655c436a3dced6dd153f4c3309f599c3d4bd97ab172eaf02d9",
              "url": "https://files.pythonhosted.org/packages/f1/e7/6d778d717d178c8c73103e2c467f3c8d8ebc9cacb825ebe3f3cf05e7c6df/coverage-7.3.2-cp39-cp39-manylinux_2_5_x86_64.manylinux1_x86_64.manylinux_2_17_x86_64.manylinux2014_x86_64.whl"
            },
            {
              "algorithm": "sha256",
              "hash": "2f11cc3c967a09d3695d2a6f03fb3e6236622b93be7a4b5dc09166a861be6d25",
              "url": "https://files.pythonhosted.org/packages/fe/aa/c78014c8292ce3167fe283206904c9a9e16c0f033e3a24282f50a81dc04a/coverage-7.3.2-cp39-cp39-manylinux_2_5_i686.manylinux1_i686.manylinux_2_17_i686.manylinux2014_i686.whl"
            }
          ],
          "project_name": "coverage",
          "requires_dists": [
            "tomli; python_full_version <= \"3.11.0a6\" and extra == \"toml\""
          ],
          "requires_python": ">=3.8",
          "version": "7.3.2"
        },
        {
          "artifacts": [
            {
              "algorithm": "sha256",
              "hash": "88256416ae766bc9e8895c76a87928c0012183da3cc4fc18016e6f050e025f41",
              "url": "https://files.pythonhosted.org/packages/e8/9c/a079946da30fac4924d92dbc617e5367d454954494cf1e71567bcc4e00ee/execnet-2.0.2-py3-none-any.whl"
            },
            {
              "algorithm": "sha256",
              "hash": "cc59bc4423742fd71ad227122eb0dd44db51efb3dc4095b45ac9a08c770096af",
              "url": "https://files.pythonhosted.org/packages/e4/c8/d382dc7a1e68a165f4a4ab612a08b20d8534a7d20cc590630b734ca0c54b/execnet-2.0.2.tar.gz"
            }
          ],
          "project_name": "execnet",
          "requires_dists": [
            "hatch; extra == \"testing\"",
            "pre-commit; extra == \"testing\"",
            "pytest; extra == \"testing\"",
            "tox; extra == \"testing\""
          ],
          "requires_python": ">=3.7",
          "version": "2.0.2"
        },
        {
          "artifacts": [
            {
              "algorithm": "sha256",
              "hash": "90b77e79eaa3eba6de819a0c442c0b4ceefc341a7a2ab77d7562bf49f425c5c2",
              "url": "https://files.pythonhosted.org/packages/fc/34/3030de6f1370931b9dbb4dad48f6ab1015ab1d32447850b9fc94e60097be/idna-3.4-py3-none-any.whl"
            },
            {
              "algorithm": "sha256",
              "hash": "814f528e8dead7d329833b91c5faa87d60bf71824cd12a7530b5526063d02cb4",
              "url": "https://files.pythonhosted.org/packages/8b/e1/43beb3d38dba6cb420cefa297822eac205a277ab43e5ba5d5c46faf96438/idna-3.4.tar.gz"
            }
          ],
          "project_name": "idna",
          "requires_dists": [],
          "requires_python": ">=3.5",
          "version": "3.4"
        },
        {
          "artifacts": [
            {
              "algorithm": "sha256",
              "hash": "b6a85871a79d2e3b22d2d1b94ac2824226a63c6b741c88f7ae975f18b6778374",
              "url": "https://files.pythonhosted.org/packages/ef/a6/62565a6e1cf69e10f5727360368e451d4b7f58beeac6173dc9db836a5b46/iniconfig-2.0.0-py3-none-any.whl"
            },
            {
              "algorithm": "sha256",
              "hash": "2d91e135bf72d31a410b17c16da610a82cb55f6b0477d1a902134b24a455b8b3",
              "url": "https://files.pythonhosted.org/packages/d7/4b/cbd8e699e64a6f16ca3a8220661b5f83792b3017d0f79807cb8708d33913/iniconfig-2.0.0.tar.gz"
            }
          ],
          "project_name": "iniconfig",
          "requires_dists": [],
          "requires_python": ">=3.7",
          "version": "2.0.0"
        },
        {
          "artifacts": [
            {
              "algorithm": "sha256",
              "hash": "52509b5be062d9eafc8170e53026fbc54cf3b32759a23d07fd935fb04fc22d95",
              "url": "https://files.pythonhosted.org/packages/46/d2/0b1e4e8ad7097dc12543571333d65580e918dd19e26109dc4b8ec13b744c/multidict-6.0.4-cp39-cp39-musllinux_1_1_x86_64.whl"
            },
            {
              "algorithm": "sha256",
              "hash": "f70b98cd94886b49d91170ef23ec5c0e8ebb6f242d734ed7ed677b24d50c82cf",
              "url": "https://files.pythonhosted.org/packages/0c/ff/342e4f8f1c83fb2bdbca067a78cb88e80a0b93aab5443c8095daa97bf94b/multidict-6.0.4-cp39-cp39-musllinux_1_1_aarch64.whl"
            },
            {
              "algorithm": "sha256",
              "hash": "8316a77808c501004802f9beebde51c9f857054a0c871bd6da8280e718444449",
              "url": "https://files.pythonhosted.org/packages/28/a3/db4511fbc4bf75a6c0afea0f009605432561ce0bd2b4fddc2047e9cb0b6b/multidict-6.0.4-cp39-cp39-manylinux_2_5_i686.manylinux1_i686.manylinux_2_17_i686.manylinux2014_i686.whl"
            },
            {
              "algorithm": "sha256",
              "hash": "52f2dffc8acaba9a2f27174c41c9e57f60b907bb9f096b36b1a1f3be71c6284d",
              "url": "https://files.pythonhosted.org/packages/2a/7b/6900273aec2eef33e17094407b67dca697ceeb75e3ddb86cccbdafb46e4b/multidict-6.0.4-cp39-cp39-manylinux_2_17_ppc64le.manylinux2014_ppc64le.whl"
            },
            {
              "algorithm": "sha256",
              "hash": "16ab77bbeb596e14212e7bab8429f24c1579234a3a462105cda4a66904998664",
              "url": "https://files.pythonhosted.org/packages/2f/38/e0514ddb9b454b06fc8b29eb8b45ae1861cf1850acc2b0f01ad38b047ad3/multidict-6.0.4-cp39-cp39-macosx_10_9_universal2.whl"
            },
            {
              "algorithm": "sha256",
              "hash": "bf6774e60d67a9efe02b3616fee22441d86fab4c6d335f9d2051d19d90a40063",
              "url": "https://files.pythonhosted.org/packages/3c/ee/7b419645f86d43ae393f2451bc95287aec2e7539e93af619b280aeda9b04/multidict-6.0.4-cp39-cp39-musllinux_1_1_i686.whl"
            },
            {
              "algorithm": "sha256",
              "hash": "3666906492efb76453c0e7b97f2cf459b0682e7402c0489a95484965dbc1da49",
              "url": "https://files.pythonhosted.org/packages/4a/15/bd620f7a6eb9aa5112c4ef93e7031bcd071e0611763d8e17706ef8ba65e0/multidict-6.0.4.tar.gz"
            },
            {
              "algorithm": "sha256",
              "hash": "281af09f488903fde97923c7744bb001a9b23b039a909460d0f14edc7bf59706",
              "url": "https://files.pythonhosted.org/packages/5d/a0/33b0b030148e9e0882d8b9f2404b8b3cc5e4718041fe6856602ccad81fa9/multidict-6.0.4-cp39-cp39-manylinux_2_17_aarch64.manylinux2014_aarch64.whl"
            },
            {
              "algorithm": "sha256",
              "hash": "d5e3fc56f88cc98ef8139255cf8cd63eb2c586531e43310ff859d6bb3a6b51f1",
              "url": "https://files.pythonhosted.org/packages/69/48/2750fd3ace4d778b4e1f7110db3ad637906de3496abc9c450ce726b97337/multidict-6.0.4-cp39-cp39-manylinux_2_17_x86_64.manylinux2014_x86_64.whl"
            },
            {
              "algorithm": "sha256",
              "hash": "e69924bfcdda39b722ef4d9aa762b2dd38e4632b3641b1d9a57ca9cd18f2f83a",
              "url": "https://files.pythonhosted.org/packages/94/e7/a1484aa7d711bc346a37dfa2f23895cc568f9f5a5f9e86498864d2e17b7e/multidict-6.0.4-cp39-cp39-musllinux_1_1_ppc64le.whl"
            },
            {
              "algorithm": "sha256",
              "hash": "b41156839806aecb3641f3208c0dafd3ac7775b9c4c422d82ee2a45c34ba81ca",
              "url": "https://files.pythonhosted.org/packages/9f/d2/49cf9fa8a79e5aa9df5139b54842bb45b6a4cacdefc2defcc1aa10e8b1ea/multidict-6.0.4-cp39-cp39-manylinux_2_17_s390x.manylinux2014_s390x.whl"
            },
            {
              "algorithm": "sha256",
              "hash": "6b181d8c23da913d4ff585afd1155a0e1194c0b50c54fcfe286f70cdaf2b7176",
              "url": "https://files.pythonhosted.org/packages/db/7e/f007ec4ea4d6626aa4e659ae3631345cb928ff07445577914884c3355277/multidict-6.0.4-cp39-cp39-musllinux_1_1_s390x.whl"
            },
            {
              "algorithm": "sha256",
              "hash": "4ceef517eca3e03c1cceb22030a3e39cb399ac86bff4e426d4fc6ae49052cc60",
              "url": "https://files.pythonhosted.org/packages/dd/bd/cce218536b377efbee70d8680a97fd282f4e1e9f7ebff95c4ea28deef87a/multidict-6.0.4-cp39-cp39-macosx_11_0_arm64.whl"
            },
            {
              "algorithm": "sha256",
              "hash": "bc779e9e6f7fda81b3f9aa58e3a6091d49ad528b11ed19f6621408806204ad35",
              "url": "https://files.pythonhosted.org/packages/f0/c1/de389de822e8442717e7fda86496a47af8a132104e1601f3419d26dff334/multidict-6.0.4-cp39-cp39-macosx_10_9_x86_64.whl"
            }
          ],
          "project_name": "multidict",
          "requires_dists": [],
          "requires_python": ">=3.7",
          "version": "6.0.4"
        },
        {
          "artifacts": [
            {
              "algorithm": "sha256",
              "hash": "8c491190033a9af7e1d931d0b5dacc2ef47509b34dd0de67ed209b5203fc88c7",
              "url": "https://files.pythonhosted.org/packages/ec/1a/610693ac4ee14fcdf2d9bf3c493370e4f2ef7ae2e19217d7a237ff42367d/packaging-23.2-py3-none-any.whl"
            },
            {
              "algorithm": "sha256",
              "hash": "048fb0e9405036518eaaf48a55953c750c11e1a1b68e0dd1a9d62ed0c092cfc5",
              "url": "https://files.pythonhosted.org/packages/fb/2b/9b9c33ffed44ee921d0967086d653047286054117d584f1b1a7c22ceaf7b/packaging-23.2.tar.gz"
            }
          ],
          "project_name": "packaging",
          "requires_dists": [],
          "requires_python": ">=3.7",
          "version": "23.2"
        },
        {
          "artifacts": [
            {
              "algorithm": "sha256",
              "hash": "d89c696a773f8bd377d18e5ecda92b7a3793cbe66c87060a6fb58c7b6e1061f7",
              "url": "https://files.pythonhosted.org/packages/05/b8/42ed91898d4784546c5f06c60506400548db3f7a4b3fb441cba4e5c17952/pluggy-1.3.0-py3-none-any.whl"
            },
            {
              "algorithm": "sha256",
              "hash": "cf61ae8f126ac6f7c451172cf30e3e43d3ca77615509771b3a984a0730651e12",
              "url": "https://files.pythonhosted.org/packages/36/51/04defc761583568cae5fd533abda3d40164cbdcf22dee5b7126ffef68a40/pluggy-1.3.0.tar.gz"
            }
          ],
          "project_name": "pluggy",
          "requires_dists": [
            "pre-commit; extra == \"dev\"",
            "pytest-benchmark; extra == \"testing\"",
            "pytest; extra == \"testing\"",
            "tox; extra == \"dev\""
          ],
          "requires_python": ">=3.8",
          "version": "1.3.0"
        },
        {
          "artifacts": [
            {
              "algorithm": "sha256",
              "hash": "607c53218732647dff4acdfcd50cb62615cedf612e72d1724fb1a0cc6405b378",
              "url": "https://files.pythonhosted.org/packages/f6/f0/10642828a8dfb741e5f3fbaac830550a518a775c7fff6f04a007259b0548/py-1.11.0-py2.py3-none-any.whl"
            },
            {
              "algorithm": "sha256",
              "hash": "51c75c4126074b472f746a24399ad32f6053d1b34b68d2fa41e558e6f4a98719",
              "url": "https://files.pythonhosted.org/packages/98/ff/fec109ceb715d2a6b4c4a85a61af3b40c723a961e8828319fbcb15b868dc/py-1.11.0.tar.gz"
            }
          ],
          "project_name": "py",
          "requires_dists": [],
          "requires_python": "!=3.0.*,!=3.1.*,!=3.2.*,!=3.3.*,!=3.4.*,>=2.7",
          "version": "1.11.0"
        },
        {
          "artifacts": [
            {
              "algorithm": "sha256",
              "hash": "5a49887e4ababf221825c6f20d677edef03af6baf3652d25f1e43091341421d8",
              "url": "https://files.pythonhosted.org/packages/a3/7e/c175d941e48417980092fc170935b535546b8643e0b5b5493f302539e571/pydevd-pycharm-223.8617.48.tar.gz"
            }
          ],
          "project_name": "pydevd-pycharm",
          "requires_dists": [],
          "requires_python": null,
          "version": "223.8617.48"
        },
        {
          "artifacts": [
            {
              "algorithm": "sha256",
              "hash": "9ce3ff477af913ecf6321fe337b93a2c0dcf2a0a1439c43f5452112c1e4280db",
              "url": "https://files.pythonhosted.org/packages/38/93/c7c0bd1e932b287fb948eb9ce5a3d6307c9fc619db1e199f8c8bc5dad95f/pytest-7.0.1-py3-none-any.whl"
            },
            {
              "algorithm": "sha256",
              "hash": "e30905a0c131d3d94b89624a1cc5afec3e0ba2fbdb151867d8e0ebd49850f171",
              "url": "https://files.pythonhosted.org/packages/3e/2c/a67ad48759051c7abf82ce182a4e6d766de371b183182d2dde03089e8dfb/pytest-7.0.1.tar.gz"
            }
          ],
          "project_name": "pytest",
          "requires_dists": [
            "argcomplete; extra == \"testing\"",
            "atomicwrites>=1.0; sys_platform == \"win32\"",
            "attrs>=19.2.0",
            "colorama; sys_platform == \"win32\"",
            "hypothesis>=3.56; extra == \"testing\"",
            "importlib-metadata>=0.12; python_version < \"3.8\"",
            "iniconfig",
            "mock; extra == \"testing\"",
            "nose; extra == \"testing\"",
            "packaging",
            "pluggy<2.0,>=0.12",
            "py>=1.8.2",
            "pygments>=2.7.2; extra == \"testing\"",
            "requests; extra == \"testing\"",
            "tomli>=1.0.0",
            "xmlschema; extra == \"testing\""
          ],
          "requires_python": ">=3.6",
          "version": "7.0.1"
        },
        {
          "artifacts": [
            {
              "algorithm": "sha256",
              "hash": "578d5d15ac4a25e5f961c938b85a05b09fdaae9deef3bb6de9a6e766622ca7a6",
              "url": "https://files.pythonhosted.org/packages/20/49/b3e0edec68d81846f519c602ac38af9db86e1e71275528b3e814ae236063/pytest_cov-3.0.0-py3-none-any.whl"
            },
            {
              "algorithm": "sha256",
              "hash": "e7f0f5b1617d2210a2cabc266dfe2f4c75a8d32fb89eafb7ad9d06f6d076d470",
              "url": "https://files.pythonhosted.org/packages/61/41/e046526849972555928a6d31c2068410e47a31fb5ab0a77f868596811329/pytest-cov-3.0.0.tar.gz"
            }
          ],
          "project_name": "pytest-cov",
          "requires_dists": [
            "coverage[toml]>=5.2.1",
            "fields; extra == \"testing\"",
            "hunter; extra == \"testing\"",
            "process-tests; extra == \"testing\"",
            "pytest-xdist; extra == \"testing\"",
            "pytest>=4.6",
            "six; extra == \"testing\"",
            "virtualenv; extra == \"testing\""
          ],
          "requires_python": ">=3.6",
          "version": "3.0.0"
        },
        {
          "artifacts": [
            {
              "algorithm": "sha256",
              "hash": "810958f66a91afb1a1e2ae83089d8dc1cd2437ac96b12963042fbb9fb4d16af0",
              "url": "https://files.pythonhosted.org/packages/f4/af/9c0bda43e486a3c9bf1e0f876d0f241bc3f229d7d65d09331a0868db9629/pytest_forked-1.6.0-py3-none-any.whl"
            },
            {
              "algorithm": "sha256",
              "hash": "4dafd46a9a600f65d822b8f605133ecf5b3e1941ebb3588e943b4e3eb71a5a3f",
              "url": "https://files.pythonhosted.org/packages/8c/c9/93ad2ba2413057ee694884b88cf7467a46c50c438977720aeac26e73fdb7/pytest-forked-1.6.0.tar.gz"
            }
          ],
          "project_name": "pytest-forked",
          "requires_dists": [
            "py",
            "pytest>=3.10"
          ],
          "requires_python": ">=3.7",
          "version": "1.6.0"
        },
        {
          "artifacts": [
            {
              "algorithm": "sha256",
              "hash": "2f316e0539399bea0296e8b8401145c62b6f85e9066af7e57b6151481b0d6d9c",
              "url": "https://files.pythonhosted.org/packages/9d/d3/ff520d11e6ee400602711d1ece8168dcfc5b6d8146fb7db4244a6ad6a9c3/pytest_vcr-1.0.2-py2.py3-none-any.whl"
            },
            {
              "algorithm": "sha256",
              "hash": "23ee51b75abbcc43d926272773aae4f39f93aceb75ed56852d0bf618f92e1896",
              "url": "https://files.pythonhosted.org/packages/1a/60/104c619483c1a42775d3f8b27293f1ecfc0728014874d065e68cb9702d49/pytest-vcr-1.0.2.tar.gz"
            }
          ],
          "project_name": "pytest-vcr",
          "requires_dists": [
            "pytest>=3.6.0",
            "vcrpy"
          ],
          "requires_python": null,
          "version": "1.0.2"
        },
        {
          "artifacts": [
            {
              "algorithm": "sha256",
              "hash": "6fe5c74fec98906deb8f2d2b616b5c782022744978e7bd4695d39c8f42d0ce65",
              "url": "https://files.pythonhosted.org/packages/21/08/b1945d4b4986eb1aa10cf84efc5293bba39da80a2f95db3573dd90678408/pytest_xdist-2.5.0-py3-none-any.whl"
            },
            {
              "algorithm": "sha256",
              "hash": "4580deca3ff04ddb2ac53eba39d76cb5dd5edeac050cb6fbc768b0dd712b4edf",
              "url": "https://files.pythonhosted.org/packages/5d/43/9dbc32d297d6eae85d6c05dc8e8d3371061bd6cbe56a2f645d9ea4b53d9b/pytest-xdist-2.5.0.tar.gz"
            }
          ],
          "project_name": "pytest-xdist",
          "requires_dists": [
            "execnet>=1.1",
            "filelock; extra == \"testing\"",
            "psutil>=3.0; extra == \"psutil\"",
            "pytest-forked",
            "pytest>=6.2.0",
            "setproctitle; extra == \"setproctitle\""
          ],
          "requires_python": ">=3.6",
          "version": "2.5.0"
        },
        {
          "artifacts": [
            {
              "algorithm": "sha256",
              "hash": "04ac92ad1925b2cff1db0cfebffb6ffc43457495c9b3c39d3fcae417d7125dc5",
              "url": "https://files.pythonhosted.org/packages/40/da/a175a35cf5583580e90ac3e2a3dbca90e43011593ae62ce63f79d7b28d92/PyYAML-6.0.1-cp39-cp39-musllinux_1_1_x86_64.whl"
            },
            {
              "algorithm": "sha256",
              "hash": "c8098ddcc2a85b61647b2590f825f3db38891662cfc2fc776415143f599bb859",
              "url": "https://files.pythonhosted.org/packages/0e/88/21b2f16cb2123c1e9375f2c93486e35fdc86e63f02e274f0e99c589ef153/PyYAML-6.0.1-cp39-cp39-macosx_11_0_arm64.whl"
            },
            {
              "algorithm": "sha256",
              "hash": "b786eecbdf8499b9ca1d697215862083bd6d2a99965554781d0d8d1ad31e13a0",
              "url": "https://files.pythonhosted.org/packages/4a/4b/c71ef18ef83c82f99e6da8332910692af78ea32bd1d1d76c9787dfa36aea/PyYAML-6.0.1-cp39-cp39-manylinux_2_17_s390x.manylinux2014_s390x.whl"
            },
            {
              "algorithm": "sha256",
              "hash": "9eb6caa9a297fc2c2fb8862bc5370d0303ddba53ba97e71f08023b6cd73d16a8",
              "url": "https://files.pythonhosted.org/packages/57/c5/5d09b66b41d549914802f482a2118d925d876dc2a35b2d127694c1345c34/PyYAML-6.0.1-cp39-cp39-macosx_10_9_x86_64.whl"
            },
            {
              "algorithm": "sha256",
              "hash": "bc1bf2925a1ecd43da378f4db9e4f799775d6367bdb94671027b73b393a7c42c",
              "url": "https://files.pythonhosted.org/packages/7d/39/472f2554a0f1e825bd7c5afc11c817cd7a2f3657460f7159f691fbb37c51/PyYAML-6.0.1-cp39-cp39-manylinux_2_17_x86_64.manylinux2014_x86_64.whl"
            },
            {
              "algorithm": "sha256",
              "hash": "5773183b6446b2c99bb77e77595dd486303b4faab2b086e7b17bc6bef28865f6",
              "url": "https://files.pythonhosted.org/packages/ac/6c/967d91a8edf98d2b2b01d149bd9e51b8f9fb527c98d80ebb60c6b21d60c4/PyYAML-6.0.1-cp39-cp39-manylinux_2_17_aarch64.manylinux2014_aarch64.whl"
            },
            {
              "algorithm": "sha256",
              "hash": "bfdf460b1736c775f2ba9f6a92bca30bc2095067b8a9d77876d1fad6cc3b4a43",
              "url": "https://files.pythonhosted.org/packages/cd/e5/af35f7ea75cf72f2cd079c95ee16797de7cd71f29ea7c68ae5ce7be1eda0/PyYAML-6.0.1.tar.gz"
            }
          ],
          "project_name": "pyyaml",
          "requires_dists": [],
          "requires_python": ">=3.6",
          "version": "6.0.1"
        },
        {
          "artifacts": [
            {
              "algorithm": "sha256",
              "hash": "939de3e7a6161af0c887ef91b7d41a53e7c5a1ca976325f429cb46ea9bc30ecc",
              "url": "https://files.pythonhosted.org/packages/97/75/10a9ebee3fd790d20926a90a2547f0bf78f371b2f13aa822c759680ca7b9/tomli-2.0.1-py3-none-any.whl"
            },
            {
              "algorithm": "sha256",
              "hash": "de526c12914f0c550d15924c62d72abc48d6fe7364aa87328337a31007fe8a4f",
              "url": "https://files.pythonhosted.org/packages/c0/3f/d7af728f075fb08564c5949a9c95e44352e23dee646869fa104a3b2060a3/tomli-2.0.1.tar.gz"
            }
          ],
          "project_name": "tomli",
          "requires_dists": [],
          "requires_python": ">=3.7",
          "version": "2.0.1"
        },
        {
          "artifacts": [
            {
              "algorithm": "sha256",
              "hash": "94a757d178c9be92ef5539b8840d48dc9cf1b2709c9d6b588232a055c524458b",
              "url": "https://files.pythonhosted.org/packages/48/fe/a5c6cc46e9fe9171d7ecf0f33ee7aae14642f8d74baa7af4d7840f9358be/urllib3-1.26.17-py2.py3-none-any.whl"
            },
            {
              "algorithm": "sha256",
              "hash": "24d6a242c28d29af46c3fae832c36db3bbebcc533dd1bb549172cd739c82df21",
              "url": "https://files.pythonhosted.org/packages/dd/19/9e5c8b813a8bddbfb035fa2b0c29077836ae7c4def1a55ae4632167b3511/urllib3-1.26.17.tar.gz"
            }
          ],
          "project_name": "urllib3",
          "requires_dists": [
            "PySocks!=1.5.7,<2.0,>=1.5.6; extra == \"socks\"",
            "brotli==1.0.9; (os_name != \"nt\" and python_version < \"3\" and platform_python_implementation == \"CPython\") and extra == \"brotli\"",
            "brotli>=1.0.9; (python_version >= \"3\" and platform_python_implementation == \"CPython\") and extra == \"brotli\"",
            "brotlicffi>=0.8.0; ((os_name != \"nt\" or python_version >= \"3\") and platform_python_implementation != \"CPython\") and extra == \"brotli\"",
            "brotlipy>=0.6.0; (os_name == \"nt\" and python_version < \"3\") and extra == \"brotli\"",
            "certifi; extra == \"secure\"",
            "cryptography>=1.3.4; extra == \"secure\"",
            "idna>=2.0.0; extra == \"secure\"",
            "ipaddress; python_version == \"2.7\" and extra == \"secure\"",
            "pyOpenSSL>=0.14; extra == \"secure\"",
            "urllib3-secure-extra; extra == \"secure\""
          ],
          "requires_python": "!=3.0.*,!=3.1.*,!=3.2.*,!=3.3.*,!=3.4.*,!=3.5.*,>=2.7",
          "version": "1.26.17"
        },
        {
          "artifacts": [
            {
              "algorithm": "sha256",
              "hash": "605e7b7a63dcd940db1df3ab2697ca7faf0e835c0852882142bafb19649d599e",
              "url": "https://files.pythonhosted.org/packages/2a/5b/3f70bcb279ad30026cc4f1df0a0491a0205a24dddd88301f396c485de9e7/vcrpy-5.1.0-py2.py3-none-any.whl"
            },
            {
              "algorithm": "sha256",
              "hash": "bbf1532f2618a04f11bce2a99af3a9647a32c880957293ff91e0a5f187b6b3d2",
              "url": "https://files.pythonhosted.org/packages/a5/ea/a166a3cce4ac5958ba9bbd9768acdb1ba38ae17ff7986da09fa5b9dbc633/vcrpy-5.1.0.tar.gz"
            }
          ],
          "project_name": "vcrpy",
          "requires_dists": [
            "PyYAML",
            "urllib3<2; python_version < \"3.10\"",
            "wrapt",
            "yarl"
          ],
          "requires_python": ">=3.8",
          "version": "5.1.0"
        },
        {
          "artifacts": [
            {
              "algorithm": "sha256",
              "hash": "64b1df0f83706b4ef4cfb4fb0e4c2669100fd7ecacfb59e091fad300d4e04640",
              "url": "https://files.pythonhosted.org/packages/f8/f8/e068dafbb844c1447c55b23c921f3d338cddaba4ea53187a7dd0058452d9/wrapt-1.15.0-py3-none-any.whl"
            },
            {
              "algorithm": "sha256",
              "hash": "76407ab327158c510f44ded207e2f76b657303e17cb7a572ffe2f5a8a48aa04d",
              "url": "https://files.pythonhosted.org/packages/0f/9a/179018bb3f20071f39597cd38fc65d6285d7b89d57f6c51f502048ed28d9/wrapt-1.15.0-cp39-cp39-manylinux_2_17_aarch64.manylinux2014_aarch64.whl"
            },
            {
              "algorithm": "sha256",
              "hash": "0970ddb69bba00670e58955f8019bec4a42d1785db3faa043c33d81de2bf843c",
              "url": "https://files.pythonhosted.org/packages/1e/3c/cb96dbcafbf3a27413fb15e0a1997c4610283f895dc01aca955cd2fda8b9/wrapt-1.15.0-cp39-cp39-macosx_11_0_arm64.whl"
            },
            {
              "algorithm": "sha256",
              "hash": "078e2a1a86544e644a68422f881c48b84fef6d18f8c7a957ffd3f2e0a74a0d4a",
              "url": "https://files.pythonhosted.org/packages/78/f2/106d90140a93690eab240fae76759d62dae639fcec1bd098eccdb83aa38f/wrapt-1.15.0-cp39-cp39-musllinux_1_1_aarch64.whl"
            },
            {
              "algorithm": "sha256",
              "hash": "7dc0713bf81287a00516ef43137273b23ee414fe41a3c14be10dd95ed98a2df9",
              "url": "https://files.pythonhosted.org/packages/8a/1c/740c3ad1b7754dd7213f4df09ccdaf6b19e36da5ff3a269444ba9e103f1b/wrapt-1.15.0-cp39-cp39-musllinux_1_1_x86_64.whl"
            },
            {
              "algorithm": "sha256",
              "hash": "2e51de54d4fb8fb50d6ee8327f9828306a959ae394d3e01a1ba8b2f937747d86",
              "url": "https://files.pythonhosted.org/packages/b7/3d/9d3cd75f7fc283b6e627c9b0e904189c41ca144185fd8113a1a094dec8ca/wrapt-1.15.0-cp39-cp39-macosx_10_9_x86_64.whl"
            },
            {
              "algorithm": "sha256",
              "hash": "cd525e0e52a5ff16653a3fc9e3dd827981917d34996600bbc34c05d048ca35cc",
              "url": "https://files.pythonhosted.org/packages/c3/12/5fabf0014a0f30eb3975b7199ac2731215a40bc8273083f6a89bd6cadec6/wrapt-1.15.0-cp39-cp39-manylinux_2_5_i686.manylinux1_i686.manylinux_2_17_i686.manylinux2014_i686.whl"
            },
            {
              "algorithm": "sha256",
              "hash": "9d37ac69edc5614b90516807de32d08cb8e7b12260a285ee330955604ed9dd29",
              "url": "https://files.pythonhosted.org/packages/dd/eb/389f9975a6be31ddd19d29128a11f1288d07b624e464598a4b450f8d007e/wrapt-1.15.0-cp39-cp39-manylinux_2_5_x86_64.manylinux1_x86_64.manylinux_2_17_x86_64.manylinux2014_x86_64.whl"
            },
            {
              "algorithm": "sha256",
              "hash": "2cf56d0e237280baed46f0b5316661da892565ff58309d4d2ed7dba763d984b8",
              "url": "https://files.pythonhosted.org/packages/f6/89/bf77b063c594795aaa056cac7b467463702f346d124d46d7f06e76e8cd97/wrapt-1.15.0-cp39-cp39-musllinux_1_1_i686.whl"
            },
            {
              "algorithm": "sha256",
              "hash": "d06730c6aed78cee4126234cf2d071e01b44b915e725a6cb439a879ec9754a3a",
              "url": "https://files.pythonhosted.org/packages/f8/7d/73e4e3cdb2c780e13f9d87dc10488d7566d8fd77f8d68f0e416bfbd144c7/wrapt-1.15.0.tar.gz"
            }
          ],
          "project_name": "wrapt",
          "requires_dists": [],
          "requires_python": "!=3.0.*,!=3.1.*,!=3.2.*,!=3.3.*,!=3.4.*,>=2.7",
          "version": "1.15.0"
        },
        {
          "artifacts": [
            {
              "algorithm": "sha256",
              "hash": "8288d7cd28f8119b07dd49b7230d6b4562f9b61ee9a4ab02221060d21136be80",
              "url": "https://files.pythonhosted.org/packages/f2/ea/6fd350376ed2581d0cdb11018bad0215cf987817dba69ea9a4bf8adbac6e/yarl-1.9.2-cp39-cp39-musllinux_1_1_x86_64.whl"
            },
            {
              "algorithm": "sha256",
              "hash": "a74dcbfe780e62f4b5a062714576f16c2f3493a0394e555ab141bf0d746bb955",
              "url": "https://files.pythonhosted.org/packages/11/3d/785761e64dc90fda6feb9bd0459dc55ebe282a7d4564642a4a8ee277e0c0/yarl-1.9.2-cp39-cp39-manylinux_2_17_x86_64.manylinux2014_x86_64.whl"
            },
            {
              "algorithm": "sha256",
              "hash": "f3b078dbe227f79be488ffcfc7a9edb3409d018e0952cf13f15fd6512847f3f7",
              "url": "https://files.pythonhosted.org/packages/14/5b/a0bf4a601ddf4073ae0dcd66a90708aaa944a4ad0addf777d9f1fcd6f4f0/yarl-1.9.2-cp39-cp39-macosx_11_0_arm64.whl"
            },
            {
              "algorithm": "sha256",
              "hash": "2c315df3293cd521033533d242d15eab26583360b58f7ee5d9565f15fee1bef4",
              "url": "https://files.pythonhosted.org/packages/16/dd/3ef5a4c74f9516f2193b0782046802d73c5475ef49678473a608194f3bf1/yarl-1.9.2-cp39-cp39-musllinux_1_1_aarch64.whl"
            },
            {
              "algorithm": "sha256",
              "hash": "75df5ef94c3fdc393c6b19d80e6ef1ecc9ae2f4263c09cacb178d871c02a5ba9",
              "url": "https://files.pythonhosted.org/packages/31/2c/e6af0f7710412e4ed49c1641f04ed1af334d448d51c55150235e3381f0a7/yarl-1.9.2-cp39-cp39-macosx_10_9_universal2.whl"
            },
            {
              "algorithm": "sha256",
              "hash": "b03917871bf859a81ccb180c9a2e6c1e04d2f6a51d953e6a5cdd70c93d4e5a2a",
              "url": "https://files.pythonhosted.org/packages/34/1f/9a915044ec1e13f046e6d023e4dd1ea43316add36e199d46237d7d97cc88/yarl-1.9.2-cp39-cp39-manylinux_2_17_ppc64le.manylinux2014_ppc64le.whl"
            },
            {
              "algorithm": "sha256",
              "hash": "59723a029760079b7d991a401386390c4be5bfec1e7dd83e25a6a0881859e716",
              "url": "https://files.pythonhosted.org/packages/3b/b4/d20b0444fa0f0e7efdb328d16efd44d03a02427e090d02f936b990c9e9bc/yarl-1.9.2-cp39-cp39-manylinux_2_17_aarch64.manylinux2014_aarch64.whl"
            },
            {
              "algorithm": "sha256",
              "hash": "53338749febd28935d55b41bf0bcc79d634881195a39f6b2f767870b72514caf",
              "url": "https://files.pythonhosted.org/packages/45/c6/c58e25159d2186247272595ffff1aaba319d10aab20b40429a6e80418328/yarl-1.9.2-cp39-cp39-musllinux_1_1_ppc64le.whl"
            },
            {
              "algorithm": "sha256",
              "hash": "066c163aec9d3d073dc9ffe5dd3ad05069bcb03fcaab8d221290ba99f9f69ee3",
              "url": "https://files.pythonhosted.org/packages/58/c7/bad405a8b0b2366c3c21d650831d58fadca95af583c6dc1d2349512741cf/yarl-1.9.2-cp39-cp39-musllinux_1_1_s390x.whl"
            },
            {
              "algorithm": "sha256",
              "hash": "04ab9d4b9f587c06d801c2abfe9317b77cdf996c65a90d5e84ecc45010823571",
              "url": "https://files.pythonhosted.org/packages/5f/3f/04b3c5e57844fb9c034b09c5cb6d2b43de5d64a093c30529fd233e16cf09/yarl-1.9.2.tar.gz"
            },
            {
              "algorithm": "sha256",
              "hash": "b7232f8dfbd225d57340e441d8caf8652a6acd06b389ea2d3222b8bc89cbfca6",
              "url": "https://files.pythonhosted.org/packages/75/4d/b86c4fd2c689eaeb078de274f6822b02872a5e19557af16257be3eda20ee/yarl-1.9.2-cp39-cp39-musllinux_1_1_i686.whl"
            },
            {
              "algorithm": "sha256",
              "hash": "8c56986609b057b4839968ba901944af91b8e92f1725d1a2d77cbac6972b9ed1",
              "url": "https://files.pythonhosted.org/packages/d9/cf/bf402f68933fec675b608a941752b836bc25fa2ec7d6922a1b1f315214b5/yarl-1.9.2-cp39-cp39-manylinux_2_5_i686.manylinux1_i686.manylinux_2_17_i686.manylinux2014_i686.whl"
            },
            {
              "algorithm": "sha256",
              "hash": "c1012fa63eb6c032f3ce5d2171c267992ae0c00b9e164efe4d73db818465fac3",
              "url": "https://files.pythonhosted.org/packages/da/1a/94328f245b0f38913338cfa817826def45c193cfc75c76905392f6b484f8/yarl-1.9.2-cp39-cp39-manylinux_2_17_s390x.manylinux2014_s390x.whl"
            },
            {
              "algorithm": "sha256",
              "hash": "c027a6e96ef77d401d8d5a5c8d6bc478e8042f1e448272e8d9752cb0aff8b5c8",
              "url": "https://files.pythonhosted.org/packages/f0/39/e28eec982b1dfd7d6044e5af6f0ca0c1d5760c82f0667a72b0698237d61f/yarl-1.9.2-cp39-cp39-macosx_10_9_x86_64.whl"
            }
          ],
          "project_name": "yarl",
          "requires_dists": [
            "idna>=2.0",
            "multidict>=4.0",
            "typing-extensions>=3.7.4; python_version < \"3.8\""
          ],
          "requires_python": ">=3.7",
          "version": "1.9.2"
        }
      ],
      "platform_tag": null
    }
  ],
  "path_mappings": {},
  "pex_version": "2.1.137",
  "pip_version": "23.1.2",
  "prefer_older_binary": false,
  "requirements": [
    "pydevd-pycharm==223.8617.48",
    "pytest-cov!=2.12.1,<3.1,>=2.12",
    "pytest-vcr",
    "pytest-xdist<3,>=2.5",
    "pytest==7.0.1"
  ],
  "requires_python": [
    "<=3.10.*,>=3.9.*"
  ],
  "resolver_version": "pip-2020-resolver",
  "style": "universal",
  "target_systems": [
    "linux",
    "mac"
  ],
  "transitive": true,
  "use_pep517": null
}
