// This lockfile was autogenerated by Pants. To regenerate, run:
//
//    pants generate-lockfiles --resolve=pytest
//
// --- BEGIN PANTS LOCKFILE METADATA: DO NOT EDIT OR REMOVE ---
// {
//   "version": 3,
//   "valid_for_interpreter_constraints": [
//     "CPython<=3.10.*,>=3.9.*"
//   ],
//   "generated_with_requirements": [
//     "pydevd-pycharm==223.8617.48",
//     "pytest-cov!=2.12.1,<3.1,>=2.12",
//     "pytest-vcr",
//     "pytest-xdist<3,>=2.5",
//     "pytest==7.0.1"
//   ],
//   "manylinux": "manylinux2014",
//   "requirement_constraints": [],
//   "only_binary": [],
//   "no_binary": []
// }
// --- END PANTS LOCKFILE METADATA ---

{
  "allow_builds": true,
  "allow_prereleases": false,
  "allow_wheels": true,
  "build_isolation": true,
  "constraints": [],
  "locked_resolves": [
    {
      "locked_requirements": [
        {
          "artifacts": [
            {
              "algorithm": "sha256",
              "hash": "1f28b4522cdc2fb4256ac1a020c78acf9cba2c6b461ccd2c126f3aa8e8335d04",
              "url": "https://files.pythonhosted.org/packages/f0/eb/fcb708c7bf5056045e9e98f62b93bd7467eb718b0202e7698eb11d66416c/attrs-23.1.0-py3-none-any.whl"
            },
            {
              "algorithm": "sha256",
              "hash": "6279836d581513a26f1bf235f9acd333bc9115683f14f7e8fae46c98fc50e015",
              "url": "https://files.pythonhosted.org/packages/97/90/81f95d5f705be17872843536b1868f351805acf6971251ff07c1b8334dbb/attrs-23.1.0.tar.gz"
            }
          ],
          "project_name": "attrs",
          "requires_dists": [
            "attrs[docs,tests]; extra == \"dev\"",
            "attrs[tests-no-zope]; extra == \"tests\"",
            "attrs[tests]; extra == \"cov\"",
            "cloudpickle; platform_python_implementation == \"CPython\" and extra == \"tests-no-zope\"",
            "coverage[toml]>=5.3; extra == \"cov\"",
            "furo; extra == \"docs\"",
            "hypothesis; extra == \"tests-no-zope\"",
            "importlib-metadata; python_version < \"3.8\"",
            "mypy>=1.1.1; platform_python_implementation == \"CPython\" and extra == \"tests-no-zope\"",
            "myst-parser; extra == \"docs\"",
            "pre-commit; extra == \"dev\"",
            "pympler; extra == \"tests-no-zope\"",
            "pytest-mypy-plugins; platform_python_implementation == \"CPython\" and python_version < \"3.11\" and extra == \"tests-no-zope\"",
            "pytest-xdist[psutil]; extra == \"tests-no-zope\"",
            "pytest>=4.3.0; extra == \"tests-no-zope\"",
            "sphinx-notfound-page; extra == \"docs\"",
            "sphinx; extra == \"docs\"",
            "sphinxcontrib-towncrier; extra == \"docs\"",
            "towncrier; extra == \"docs\"",
            "zope-interface; extra == \"docs\"",
            "zope-interface; extra == \"tests\""
          ],
          "requires_python": ">=3.7",
          "version": "23.1.0"
        },
        {
          "artifacts": [
            {
              "algorithm": "sha256",
              "hash": "b7b4c971f05e6ae490fef852c218b0e79d4e52f79ef0c8475566584a8fb3e01d",
              "url": "https://files.pythonhosted.org/packages/67/fb/b3b1d7887e1ea25a9608b0776e480e4bbc303ca95a31fd585555ec4fff5a/coverage-7.2.7-pp37.pp38.pp39-none-any.whl"
            },
            {
              "algorithm": "sha256",
              "hash": "924d94291ca674905fe9481f12294eb11f2d3d3fd1adb20314ba89e94f44ed59",
              "url": "https://files.pythonhosted.org/packages/45/8b/421f30467e69ac0e414214856798d4bc32da1336df745e49e49ae5c1e2a8/coverage-7.2.7.tar.gz"
            },
            {
              "algorithm": "sha256",
              "hash": "201e7389591af40950a6480bd9edfa8ed04346ff80002cec1a66cac4549c1ad7",
              "url": "https://files.pythonhosted.org/packages/61/af/5964b8d7d9a5c767785644d9a5a63cacba9a9c45cc42ba06d25895ec87be/coverage-7.2.7-cp39-cp39-manylinux_2_17_aarch64.manylinux2014_aarch64.whl"
            },
            {
              "algorithm": "sha256",
              "hash": "81c13a1fc7468c40f13420732805a4c38a105d89848b7c10af65a90beff25250",
              "url": "https://files.pythonhosted.org/packages/66/2e/c99fe1f6396d93551aa352c75410686e726cd4ea104479b9af1af22367ce/coverage-7.2.7-cp39-cp39-musllinux_1_1_i686.whl"
            },
            {
              "algorithm": "sha256",
              "hash": "b29019c76039dc3c0fd815c41392a044ce555d9bcdd38b0fb60fb4cd8e475ba9",
              "url": "https://files.pythonhosted.org/packages/88/8b/b0d9fe727acae907fa7f1c8194ccb6fe9d02e1c3e9001ecf74c741f86110/coverage-7.2.7-cp39-cp39-musllinux_1_1_aarch64.whl"
            },
            {
              "algorithm": "sha256",
              "hash": "537891ae8ce59ef63d0123f7ac9e2ae0fc8b72c7ccbe5296fec45fd68967b6c9",
              "url": "https://files.pythonhosted.org/packages/88/da/495944ebf0ad246235a6bd523810d9f81981f9b81c6059ba1f56e943abe0/coverage-7.2.7-cp39-cp39-macosx_10_9_x86_64.whl"
            },
            {
              "algorithm": "sha256",
              "hash": "975d70ab7e3c80a3fe86001d8751f6778905ec723f5b110aed1e450da9d4b7f2",
              "url": "https://files.pythonhosted.org/packages/bb/e9/88747b40c8fb4a783b40222510ce6d66170217eb05d7f46462c36b4fa8cc/coverage-7.2.7-cp39-cp39-musllinux_1_1_x86_64.whl"
            },
            {
              "algorithm": "sha256",
              "hash": "06fb182e69f33f6cd1d39a6c597294cff3143554b64b9825d1dc69d18cc2fff2",
              "url": "https://files.pythonhosted.org/packages/ca/0c/3dfeeb1006c44b911ee0ed915350db30325d01808525ae7cc8d57643a2ce/coverage-7.2.7-cp39-cp39-macosx_11_0_arm64.whl"
            },
            {
              "algorithm": "sha256",
              "hash": "f6951407391b639504e3b3be51b7ba5f3528adbf1a8ac3302b687ecababf929e",
              "url": "https://files.pythonhosted.org/packages/d9/1d/cd467fceb62c371f9adb1d739c92a05d4e550246daa90412e711226bd320/coverage-7.2.7-cp39-cp39-manylinux_2_5_i686.manylinux1_i686.manylinux_2_17_i686.manylinux2014_i686.whl"
            },
            {
              "algorithm": "sha256",
              "hash": "6f48351d66575f535669306aa7d6d6f71bc43372473b54a832222803eb956fd1",
              "url": "https://files.pythonhosted.org/packages/fe/57/e4f8ad64d84ca9e759d783a052795f62a9f9111585e46068845b1cb52c2b/coverage-7.2.7-cp39-cp39-manylinux_2_5_x86_64.manylinux1_x86_64.manylinux_2_17_x86_64.manylinux2014_x86_64.whl"
            }
          ],
          "project_name": "coverage",
          "requires_dists": [
            "tomli; python_full_version <= \"3.11.0a6\" and extra == \"toml\""
          ],
          "requires_python": ">=3.7",
          "version": "7.2.7"
        },
        {
          "artifacts": [
            {
              "algorithm": "sha256",
              "hash": "a295f7cc774947aac58dde7fdc85f4aa00c42adf5d8f5468fc630c1acf30a142",
              "url": "https://files.pythonhosted.org/packages/81/c0/3072ecc23f4c5e0a1af35e3a222855cfd9c80a1a105ca67be3b6172637dd/execnet-1.9.0-py2.py3-none-any.whl"
            },
            {
              "algorithm": "sha256",
              "hash": "8f694f3ba9cc92cab508b152dcfe322153975c29bda272e2fd7f3f00f36e47c5",
              "url": "https://files.pythonhosted.org/packages/7a/3c/b5ac9fc61e1e559ced3e40bf5b518a4142536b34eb274aa50dff29cb89f5/execnet-1.9.0.tar.gz"
            }
          ],
          "project_name": "execnet",
          "requires_dists": [
            "pre-commit; extra == \"testing\""
          ],
          "requires_python": "!=3.0.*,!=3.1.*,!=3.2.*,!=3.3.*,!=3.4.*,>=2.7",
          "version": "1.9.0"
        },
        {
          "artifacts": [
            {
              "algorithm": "sha256",
              "hash": "90b77e79eaa3eba6de819a0c442c0b4ceefc341a7a2ab77d7562bf49f425c5c2",
              "url": "https://files.pythonhosted.org/packages/fc/34/3030de6f1370931b9dbb4dad48f6ab1015ab1d32447850b9fc94e60097be/idna-3.4-py3-none-any.whl"
            },
            {
              "algorithm": "sha256",
              "hash": "814f528e8dead7d329833b91c5faa87d60bf71824cd12a7530b5526063d02cb4",
              "url": "https://files.pythonhosted.org/packages/8b/e1/43beb3d38dba6cb420cefa297822eac205a277ab43e5ba5d5c46faf96438/idna-3.4.tar.gz"
            }
          ],
          "project_name": "idna",
          "requires_dists": [],
          "requires_python": ">=3.5",
          "version": "3.4"
        },
        {
          "artifacts": [
            {
              "algorithm": "sha256",
              "hash": "b6a85871a79d2e3b22d2d1b94ac2824226a63c6b741c88f7ae975f18b6778374",
              "url": "https://files.pythonhosted.org/packages/ef/a6/62565a6e1cf69e10f5727360368e451d4b7f58beeac6173dc9db836a5b46/iniconfig-2.0.0-py3-none-any.whl"
            },
            {
              "algorithm": "sha256",
              "hash": "2d91e135bf72d31a410b17c16da610a82cb55f6b0477d1a902134b24a455b8b3",
              "url": "https://files.pythonhosted.org/packages/d7/4b/cbd8e699e64a6f16ca3a8220661b5f83792b3017d0f79807cb8708d33913/iniconfig-2.0.0.tar.gz"
            }
          ],
          "project_name": "iniconfig",
          "requires_dists": [],
          "requires_python": ">=3.7",
          "version": "2.0.0"
        },
        {
          "artifacts": [
            {
              "algorithm": "sha256",
              "hash": "52509b5be062d9eafc8170e53026fbc54cf3b32759a23d07fd935fb04fc22d95",
              "url": "https://files.pythonhosted.org/packages/46/d2/0b1e4e8ad7097dc12543571333d65580e918dd19e26109dc4b8ec13b744c/multidict-6.0.4-cp39-cp39-musllinux_1_1_x86_64.whl"
            },
            {
              "algorithm": "sha256",
              "hash": "f70b98cd94886b49d91170ef23ec5c0e8ebb6f242d734ed7ed677b24d50c82cf",
              "url": "https://files.pythonhosted.org/packages/0c/ff/342e4f8f1c83fb2bdbca067a78cb88e80a0b93aab5443c8095daa97bf94b/multidict-6.0.4-cp39-cp39-musllinux_1_1_aarch64.whl"
            },
            {
              "algorithm": "sha256",
              "hash": "8316a77808c501004802f9beebde51c9f857054a0c871bd6da8280e718444449",
              "url": "https://files.pythonhosted.org/packages/28/a3/db4511fbc4bf75a6c0afea0f009605432561ce0bd2b4fddc2047e9cb0b6b/multidict-6.0.4-cp39-cp39-manylinux_2_5_i686.manylinux1_i686.manylinux_2_17_i686.manylinux2014_i686.whl"
            },
            {
              "algorithm": "sha256",
              "hash": "52f2dffc8acaba9a2f27174c41c9e57f60b907bb9f096b36b1a1f3be71c6284d",
              "url": "https://files.pythonhosted.org/packages/2a/7b/6900273aec2eef33e17094407b67dca697ceeb75e3ddb86cccbdafb46e4b/multidict-6.0.4-cp39-cp39-manylinux_2_17_ppc64le.manylinux2014_ppc64le.whl"
            },
            {
              "algorithm": "sha256",
              "hash": "16ab77bbeb596e14212e7bab8429f24c1579234a3a462105cda4a66904998664",
              "url": "https://files.pythonhosted.org/packages/2f/38/e0514ddb9b454b06fc8b29eb8b45ae1861cf1850acc2b0f01ad38b047ad3/multidict-6.0.4-cp39-cp39-macosx_10_9_universal2.whl"
            },
            {
              "algorithm": "sha256",
              "hash": "bf6774e60d67a9efe02b3616fee22441d86fab4c6d335f9d2051d19d90a40063",
              "url": "https://files.pythonhosted.org/packages/3c/ee/7b419645f86d43ae393f2451bc95287aec2e7539e93af619b280aeda9b04/multidict-6.0.4-cp39-cp39-musllinux_1_1_i686.whl"
            },
            {
              "algorithm": "sha256",
              "hash": "3666906492efb76453c0e7b97f2cf459b0682e7402c0489a95484965dbc1da49",
              "url": "https://files.pythonhosted.org/packages/4a/15/bd620f7a6eb9aa5112c4ef93e7031bcd071e0611763d8e17706ef8ba65e0/multidict-6.0.4.tar.gz"
            },
            {
              "algorithm": "sha256",
              "hash": "281af09f488903fde97923c7744bb001a9b23b039a909460d0f14edc7bf59706",
              "url": "https://files.pythonhosted.org/packages/5d/a0/33b0b030148e9e0882d8b9f2404b8b3cc5e4718041fe6856602ccad81fa9/multidict-6.0.4-cp39-cp39-manylinux_2_17_aarch64.manylinux2014_aarch64.whl"
            },
            {
              "algorithm": "sha256",
              "hash": "d5e3fc56f88cc98ef8139255cf8cd63eb2c586531e43310ff859d6bb3a6b51f1",
              "url": "https://files.pythonhosted.org/packages/69/48/2750fd3ace4d778b4e1f7110db3ad637906de3496abc9c450ce726b97337/multidict-6.0.4-cp39-cp39-manylinux_2_17_x86_64.manylinux2014_x86_64.whl"
            },
            {
              "algorithm": "sha256",
              "hash": "e69924bfcdda39b722ef4d9aa762b2dd38e4632b3641b1d9a57ca9cd18f2f83a",
              "url": "https://files.pythonhosted.org/packages/94/e7/a1484aa7d711bc346a37dfa2f23895cc568f9f5a5f9e86498864d2e17b7e/multidict-6.0.4-cp39-cp39-musllinux_1_1_ppc64le.whl"
            },
            {
              "algorithm": "sha256",
              "hash": "b41156839806aecb3641f3208c0dafd3ac7775b9c4c422d82ee2a45c34ba81ca",
              "url": "https://files.pythonhosted.org/packages/9f/d2/49cf9fa8a79e5aa9df5139b54842bb45b6a4cacdefc2defcc1aa10e8b1ea/multidict-6.0.4-cp39-cp39-manylinux_2_17_s390x.manylinux2014_s390x.whl"
            },
            {
              "algorithm": "sha256",
              "hash": "6b181d8c23da913d4ff585afd1155a0e1194c0b50c54fcfe286f70cdaf2b7176",
              "url": "https://files.pythonhosted.org/packages/db/7e/f007ec4ea4d6626aa4e659ae3631345cb928ff07445577914884c3355277/multidict-6.0.4-cp39-cp39-musllinux_1_1_s390x.whl"
            },
            {
              "algorithm": "sha256",
              "hash": "4ceef517eca3e03c1cceb22030a3e39cb399ac86bff4e426d4fc6ae49052cc60",
              "url": "https://files.pythonhosted.org/packages/dd/bd/cce218536b377efbee70d8680a97fd282f4e1e9f7ebff95c4ea28deef87a/multidict-6.0.4-cp39-cp39-macosx_11_0_arm64.whl"
            },
            {
              "algorithm": "sha256",
              "hash": "bc779e9e6f7fda81b3f9aa58e3a6091d49ad528b11ed19f6621408806204ad35",
              "url": "https://files.pythonhosted.org/packages/f0/c1/de389de822e8442717e7fda86496a47af8a132104e1601f3419d26dff334/multidict-6.0.4-cp39-cp39-macosx_10_9_x86_64.whl"
            }
          ],
          "project_name": "multidict",
          "requires_dists": [],
          "requires_python": ">=3.7",
          "version": "6.0.4"
        },
        {
          "artifacts": [
            {
              "algorithm": "sha256",
              "hash": "994793af429502c4ea2ebf6bf664629d07c1a9fe974af92966e4b8d2df7edc61",
              "url": "https://files.pythonhosted.org/packages/ab/c3/57f0601a2d4fe15de7a553c00adbc901425661bf048f2a22dfc500caf121/packaging-23.1-py3-none-any.whl"
            },
            {
              "algorithm": "sha256",
              "hash": "a392980d2b6cffa644431898be54b0045151319d1e7ec34f0cfed48767dd334f",
              "url": "https://files.pythonhosted.org/packages/b9/6c/7c6658d258d7971c5eb0d9b69fa9265879ec9a9158031206d47800ae2213/packaging-23.1.tar.gz"
            }
          ],
          "project_name": "packaging",
          "requires_dists": [],
          "requires_python": ">=3.7",
          "version": "23.1"
        },
        {
          "artifacts": [
            {
              "algorithm": "sha256",
              "hash": "74134bbf457f031a36d68416e1509f34bd5ccc019f0bcc952c7b909d06b37bd3",
              "url": "https://files.pythonhosted.org/packages/9e/01/f38e2ff29715251cf25532b9082a1589ab7e4f571ced434f98d0139336dc/pluggy-1.0.0-py2.py3-none-any.whl"
            },
            {
              "algorithm": "sha256",
              "hash": "4224373bacce55f955a878bf9cfa763c1e360858e330072059e10bad68531159",
              "url": "https://files.pythonhosted.org/packages/a1/16/db2d7de3474b6e37cbb9c008965ee63835bba517e22cdb8c35b5116b5ce1/pluggy-1.0.0.tar.gz"
            }
          ],
          "project_name": "pluggy",
          "requires_dists": [
            "importlib-metadata>=0.12; python_version < \"3.8\"",
            "pre-commit; extra == \"dev\"",
            "pytest-benchmark; extra == \"testing\"",
            "pytest; extra == \"testing\"",
            "tox; extra == \"dev\""
          ],
          "requires_python": ">=3.6",
          "version": "1.0.0"
        },
        {
          "artifacts": [
            {
              "algorithm": "sha256",
              "hash": "607c53218732647dff4acdfcd50cb62615cedf612e72d1724fb1a0cc6405b378",
              "url": "https://files.pythonhosted.org/packages/f6/f0/10642828a8dfb741e5f3fbaac830550a518a775c7fff6f04a007259b0548/py-1.11.0-py2.py3-none-any.whl"
            },
            {
              "algorithm": "sha256",
              "hash": "51c75c4126074b472f746a24399ad32f6053d1b34b68d2fa41e558e6f4a98719",
              "url": "https://files.pythonhosted.org/packages/98/ff/fec109ceb715d2a6b4c4a85a61af3b40c723a961e8828319fbcb15b868dc/py-1.11.0.tar.gz"
            }
          ],
          "project_name": "py",
          "requires_dists": [],
          "requires_python": "!=3.0.*,!=3.1.*,!=3.2.*,!=3.3.*,!=3.4.*,>=2.7",
          "version": "1.11.0"
        },
        {
          "artifacts": [
            {
              "algorithm": "sha256",
              "hash": "5a49887e4ababf221825c6f20d677edef03af6baf3652d25f1e43091341421d8",
              "url": "https://files.pythonhosted.org/packages/a3/7e/c175d941e48417980092fc170935b535546b8643e0b5b5493f302539e571/pydevd-pycharm-223.8617.48.tar.gz"
            }
          ],
          "project_name": "pydevd-pycharm",
          "requires_dists": [],
          "requires_python": null,
          "version": "223.8617.48"
        },
        {
          "artifacts": [
            {
              "algorithm": "sha256",
              "hash": "9ce3ff477af913ecf6321fe337b93a2c0dcf2a0a1439c43f5452112c1e4280db",
              "url": "https://files.pythonhosted.org/packages/38/93/c7c0bd1e932b287fb948eb9ce5a3d6307c9fc619db1e199f8c8bc5dad95f/pytest-7.0.1-py3-none-any.whl"
            },
            {
              "algorithm": "sha256",
              "hash": "e30905a0c131d3d94b89624a1cc5afec3e0ba2fbdb151867d8e0ebd49850f171",
              "url": "https://files.pythonhosted.org/packages/3e/2c/a67ad48759051c7abf82ce182a4e6d766de371b183182d2dde03089e8dfb/pytest-7.0.1.tar.gz"
            }
          ],
          "project_name": "pytest",
          "requires_dists": [
            "argcomplete; extra == \"testing\"",
            "atomicwrites>=1.0; sys_platform == \"win32\"",
            "attrs>=19.2.0",
            "colorama; sys_platform == \"win32\"",
            "hypothesis>=3.56; extra == \"testing\"",
            "importlib-metadata>=0.12; python_version < \"3.8\"",
            "iniconfig",
            "mock; extra == \"testing\"",
            "nose; extra == \"testing\"",
            "packaging",
            "pluggy<2.0,>=0.12",
            "py>=1.8.2",
            "pygments>=2.7.2; extra == \"testing\"",
            "requests; extra == \"testing\"",
            "tomli>=1.0.0",
            "xmlschema; extra == \"testing\""
          ],
          "requires_python": ">=3.6",
          "version": "7.0.1"
        },
        {
          "artifacts": [
            {
              "algorithm": "sha256",
              "hash": "578d5d15ac4a25e5f961c938b85a05b09fdaae9deef3bb6de9a6e766622ca7a6",
              "url": "https://files.pythonhosted.org/packages/20/49/b3e0edec68d81846f519c602ac38af9db86e1e71275528b3e814ae236063/pytest_cov-3.0.0-py3-none-any.whl"
            },
            {
              "algorithm": "sha256",
              "hash": "e7f0f5b1617d2210a2cabc266dfe2f4c75a8d32fb89eafb7ad9d06f6d076d470",
              "url": "https://files.pythonhosted.org/packages/61/41/e046526849972555928a6d31c2068410e47a31fb5ab0a77f868596811329/pytest-cov-3.0.0.tar.gz"
            }
          ],
          "project_name": "pytest-cov",
          "requires_dists": [
            "coverage[toml]>=5.2.1",
            "fields; extra == \"testing\"",
            "hunter; extra == \"testing\"",
            "process-tests; extra == \"testing\"",
            "pytest-xdist; extra == \"testing\"",
            "pytest>=4.6",
            "six; extra == \"testing\"",
            "virtualenv; extra == \"testing\""
          ],
          "requires_python": ">=3.6",
          "version": "3.0.0"
        },
        {
          "artifacts": [
            {
              "algorithm": "sha256",
              "hash": "810958f66a91afb1a1e2ae83089d8dc1cd2437ac96b12963042fbb9fb4d16af0",
              "url": "https://files.pythonhosted.org/packages/f4/af/9c0bda43e486a3c9bf1e0f876d0f241bc3f229d7d65d09331a0868db9629/pytest_forked-1.6.0-py3-none-any.whl"
            },
            {
              "algorithm": "sha256",
              "hash": "4dafd46a9a600f65d822b8f605133ecf5b3e1941ebb3588e943b4e3eb71a5a3f",
              "url": "https://files.pythonhosted.org/packages/8c/c9/93ad2ba2413057ee694884b88cf7467a46c50c438977720aeac26e73fdb7/pytest-forked-1.6.0.tar.gz"
            }
          ],
          "project_name": "pytest-forked",
          "requires_dists": [
            "py",
            "pytest>=3.10"
          ],
          "requires_python": ">=3.7",
          "version": "1.6.0"
        },
        {
          "artifacts": [
            {
              "algorithm": "sha256",
              "hash": "2f316e0539399bea0296e8b8401145c62b6f85e9066af7e57b6151481b0d6d9c",
              "url": "https://files.pythonhosted.org/packages/9d/d3/ff520d11e6ee400602711d1ece8168dcfc5b6d8146fb7db4244a6ad6a9c3/pytest_vcr-1.0.2-py2.py3-none-any.whl"
            },
            {
              "algorithm": "sha256",
              "hash": "23ee51b75abbcc43d926272773aae4f39f93aceb75ed56852d0bf618f92e1896",
              "url": "https://files.pythonhosted.org/packages/1a/60/104c619483c1a42775d3f8b27293f1ecfc0728014874d065e68cb9702d49/pytest-vcr-1.0.2.tar.gz"
            }
          ],
          "project_name": "pytest-vcr",
          "requires_dists": [
            "pytest>=3.6.0",
            "vcrpy"
          ],
          "requires_python": null,
          "version": "1.0.2"
        },
        {
          "artifacts": [
            {
              "algorithm": "sha256",
              "hash": "6fe5c74fec98906deb8f2d2b616b5c782022744978e7bd4695d39c8f42d0ce65",
              "url": "https://files.pythonhosted.org/packages/21/08/b1945d4b4986eb1aa10cf84efc5293bba39da80a2f95db3573dd90678408/pytest_xdist-2.5.0-py3-none-any.whl"
            },
            {
              "algorithm": "sha256",
              "hash": "4580deca3ff04ddb2ac53eba39d76cb5dd5edeac050cb6fbc768b0dd712b4edf",
              "url": "https://files.pythonhosted.org/packages/5d/43/9dbc32d297d6eae85d6c05dc8e8d3371061bd6cbe56a2f645d9ea4b53d9b/pytest-xdist-2.5.0.tar.gz"
            }
          ],
          "project_name": "pytest-xdist",
          "requires_dists": [
            "execnet>=1.1",
            "filelock; extra == \"testing\"",
            "psutil>=3.0; extra == \"psutil\"",
            "pytest-forked",
            "pytest>=6.2.0",
            "setproctitle; extra == \"setproctitle\""
          ],
          "requires_python": ">=3.6",
          "version": "2.5.0"
        },
        {
          "artifacts": [
            {
              "algorithm": "sha256",
              "hash": "40527857252b61eacd1d9af500c3337ba8deb8fc298940291486c465c8b46ec0",
              "url": "https://files.pythonhosted.org/packages/12/fc/a4d5a7554e0067677823f7265cb3ae22aed8a238560b5133b58cda252dad/PyYAML-6.0-cp39-cp39-manylinux_2_5_x86_64.manylinux1_x86_64.manylinux_2_12_x86_64.manylinux2010_x86_64.whl"
            },
            {
              "algorithm": "sha256",
              "hash": "d67d839ede4ed1b28a4e8909735fc992a923cdb84e618544973d7dfc71540803",
              "url": "https://files.pythonhosted.org/packages/21/67/b42191239c5650c9e419c4a08a7a022bbf1abf55b0391c380a72c3af5462/PyYAML-6.0-cp39-cp39-manylinux_2_17_aarch64.manylinux2014_aarch64.whl"
            },
            {
              "algorithm": "sha256",
              "hash": "68fb519c14306fec9720a2a5b45bc9f0c8d1b9c72adf45c37baedfcd949c35a2",
              "url": "https://files.pythonhosted.org/packages/36/2b/61d51a2c4f25ef062ae3f74576b01638bebad5e045f747ff12643df63844/PyYAML-6.0.tar.gz"
            },
            {
              "algorithm": "sha256",
              "hash": "e61ceaab6f49fb8bdfaa0f92c4b57bcfbea54c09277b1b4f7ac376bfb7a7c174",
              "url": "https://files.pythonhosted.org/packages/67/d4/b95266228a25ef5bd70984c08b4efce2c035a4baa5ccafa827b266e3dc36/PyYAML-6.0-cp39-cp39-macosx_11_0_arm64.whl"
            },
            {
              "algorithm": "sha256",
              "hash": "cba8c411ef271aa037d7357a2bc8f9ee8b58b9965831d9e51baf703280dc73d3",
              "url": "https://files.pythonhosted.org/packages/77/da/e845437ffe0dffae4e7562faf23a4f264d886431c5d2a2816c853288dc8e/PyYAML-6.0-cp39-cp39-manylinux_2_17_s390x.manylinux2014_s390x.whl"
            },
            {
              "algorithm": "sha256",
              "hash": "055d937d65826939cb044fc8c9b08889e8c743fdc6a32b33e2390f66013e449b",
              "url": "https://files.pythonhosted.org/packages/f5/6f/b8b4515346af7c33d3b07cd8ca8ea0700ca72e8d7a750b2b87ac0268ca4e/PyYAML-6.0-cp39-cp39-macosx_10_9_x86_64.whl"
            }
          ],
          "project_name": "pyyaml",
          "requires_dists": [],
          "requires_python": ">=3.6",
          "version": "6.0"
        },
        {
          "artifacts": [
            {
              "algorithm": "sha256",
              "hash": "8abb2f1d86890a2dfb989f9a77cfcfd3e47c2a354b01111771326f8aa26e0254",
              "url": "https://files.pythonhosted.org/packages/d9/5a/e7c31adbe875f2abbb91bd84cf2dc52d792b5a01506781dbcf25c91daf11/six-1.16.0-py2.py3-none-any.whl"
            },
            {
              "algorithm": "sha256",
              "hash": "1e61c37477a1626458e36f7b1d82aa5c9b094fa4802892072e49de9c60c4c926",
              "url": "https://files.pythonhosted.org/packages/71/39/171f1c67cd00715f190ba0b100d606d440a28c93c7714febeca8b79af85e/six-1.16.0.tar.gz"
            }
          ],
          "project_name": "six",
          "requires_dists": [],
          "requires_python": "!=3.0.*,!=3.1.*,!=3.2.*,>=2.7",
          "version": "1.16.0"
        },
        {
          "artifacts": [
            {
              "algorithm": "sha256",
              "hash": "939de3e7a6161af0c887ef91b7d41a53e7c5a1ca976325f429cb46ea9bc30ecc",
              "url": "https://files.pythonhosted.org/packages/97/75/10a9ebee3fd790d20926a90a2547f0bf78f371b2f13aa822c759680ca7b9/tomli-2.0.1-py3-none-any.whl"
            },
            {
              "algorithm": "sha256",
              "hash": "de526c12914f0c550d15924c62d72abc48d6fe7364aa87328337a31007fe8a4f",
              "url": "https://files.pythonhosted.org/packages/c0/3f/d7af728f075fb08564c5949a9c95e44352e23dee646869fa104a3b2060a3/tomli-2.0.1.tar.gz"
            }
          ],
          "project_name": "tomli",
          "requires_dists": [],
          "requires_python": ">=3.7",
          "version": "2.0.1"
        },
        {
          "artifacts": [
            {
              "algorithm": "sha256",
              "hash": "8d36afa7616d8ab714608411b4a3b13e58f463aee519024578e062e141dce20f",
              "url": "https://files.pythonhosted.org/packages/c5/05/c214b32d21c0b465506f95c4f28ccbcba15022e000b043b72b3df7728471/urllib3-1.26.16-py2.py3-none-any.whl"
            },
            {
              "algorithm": "sha256",
              "hash": "8f135f6502756bde6b2a9b28989df5fbe87c9970cecaa69041edcce7f0589b14",
              "url": "https://files.pythonhosted.org/packages/e2/7d/539e6f0cf9f0b95b71dd701a56dae89f768cd39fd8ce0096af3546aeb5a3/urllib3-1.26.16.tar.gz"
            }
          ],
          "project_name": "urllib3",
          "requires_dists": [
            "PySocks!=1.5.7,<2.0,>=1.5.6; extra == \"socks\"",
            "brotli>=1.0.9; ((os_name != \"nt\" or python_version >= \"3\") and platform_python_implementation == \"CPython\") and extra == \"brotli\"",
            "brotlicffi>=0.8.0; ((os_name != \"nt\" or python_version >= \"3\") and platform_python_implementation != \"CPython\") and extra == \"brotli\"",
            "brotlipy>=0.6.0; (os_name == \"nt\" and python_version < \"3\") and extra == \"brotli\"",
            "certifi; extra == \"secure\"",
            "cryptography>=1.3.4; extra == \"secure\"",
            "idna>=2.0.0; extra == \"secure\"",
            "ipaddress; python_version == \"2.7\" and extra == \"secure\"",
            "pyOpenSSL>=0.14; extra == \"secure\"",
            "urllib3-secure-extra; extra == \"secure\""
          ],
          "requires_python": "!=3.0.*,!=3.1.*,!=3.2.*,!=3.3.*,!=3.4.*,!=3.5.*,>=2.7",
          "version": "1.26.16"
        },
        {
          "artifacts": [
            {
              "algorithm": "sha256",
              "hash": "35398f1b373f32340f39d735ea45f40d679ace316f3dddf8cbcbc2f120e6d1d0",
              "url": "https://files.pythonhosted.org/packages/2f/d0/11a43916c8c2187685a7143aed5209169e0a484c7c1a061882c4f5d77532/vcrpy-4.3.1-py2.py3-none-any.whl"
            },
            {
              "algorithm": "sha256",
              "hash": "24e2d450bf1c2f9f9b4246ee91beb7d58f862a9f2f030514b14783b83c5146ec",
              "url": "https://files.pythonhosted.org/packages/5a/d2/07e523cf0532eaee956f40ec17fde9b7f41827f5deaac0d38db5fb10af18/vcrpy-4.3.1.tar.gz"
            }
          ],
          "project_name": "vcrpy",
          "requires_dists": [
            "PyYAML",
            "six>=1.5",
            "urllib3<2; python_version < \"3.10\"",
            "wrapt",
            "yarl"
          ],
          "requires_python": ">=3.7",
          "version": "4.3.1"
        },
        {
          "artifacts": [
            {
              "algorithm": "sha256",
              "hash": "64b1df0f83706b4ef4cfb4fb0e4c2669100fd7ecacfb59e091fad300d4e04640",
              "url": "https://files.pythonhosted.org/packages/f8/f8/e068dafbb844c1447c55b23c921f3d338cddaba4ea53187a7dd0058452d9/wrapt-1.15.0-py3-none-any.whl"
            },
            {
              "algorithm": "sha256",
              "hash": "76407ab327158c510f44ded207e2f76b657303e17cb7a572ffe2f5a8a48aa04d",
              "url": "https://files.pythonhosted.org/packages/0f/9a/179018bb3f20071f39597cd38fc65d6285d7b89d57f6c51f502048ed28d9/wrapt-1.15.0-cp39-cp39-manylinux_2_17_aarch64.manylinux2014_aarch64.whl"
            },
            {
              "algorithm": "sha256",
              "hash": "0970ddb69bba00670e58955f8019bec4a42d1785db3faa043c33d81de2bf843c",
              "url": "https://files.pythonhosted.org/packages/1e/3c/cb96dbcafbf3a27413fb15e0a1997c4610283f895dc01aca955cd2fda8b9/wrapt-1.15.0-cp39-cp39-macosx_11_0_arm64.whl"
            },
            {
              "algorithm": "sha256",
              "hash": "078e2a1a86544e644a68422f881c48b84fef6d18f8c7a957ffd3f2e0a74a0d4a",
              "url": "https://files.pythonhosted.org/packages/78/f2/106d90140a93690eab240fae76759d62dae639fcec1bd098eccdb83aa38f/wrapt-1.15.0-cp39-cp39-musllinux_1_1_aarch64.whl"
            },
            {
              "algorithm": "sha256",
              "hash": "7dc0713bf81287a00516ef43137273b23ee414fe41a3c14be10dd95ed98a2df9",
              "url": "https://files.pythonhosted.org/packages/8a/1c/740c3ad1b7754dd7213f4df09ccdaf6b19e36da5ff3a269444ba9e103f1b/wrapt-1.15.0-cp39-cp39-musllinux_1_1_x86_64.whl"
            },
            {
              "algorithm": "sha256",
              "hash": "2e51de54d4fb8fb50d6ee8327f9828306a959ae394d3e01a1ba8b2f937747d86",
              "url": "https://files.pythonhosted.org/packages/b7/3d/9d3cd75f7fc283b6e627c9b0e904189c41ca144185fd8113a1a094dec8ca/wrapt-1.15.0-cp39-cp39-macosx_10_9_x86_64.whl"
            },
            {
              "algorithm": "sha256",
              "hash": "cd525e0e52a5ff16653a3fc9e3dd827981917d34996600bbc34c05d048ca35cc",
              "url": "https://files.pythonhosted.org/packages/c3/12/5fabf0014a0f30eb3975b7199ac2731215a40bc8273083f6a89bd6cadec6/wrapt-1.15.0-cp39-cp39-manylinux_2_5_i686.manylinux1_i686.manylinux_2_17_i686.manylinux2014_i686.whl"
            },
            {
              "algorithm": "sha256",
              "hash": "9d37ac69edc5614b90516807de32d08cb8e7b12260a285ee330955604ed9dd29",
              "url": "https://files.pythonhosted.org/packages/dd/eb/389f9975a6be31ddd19d29128a11f1288d07b624e464598a4b450f8d007e/wrapt-1.15.0-cp39-cp39-manylinux_2_5_x86_64.manylinux1_x86_64.manylinux_2_17_x86_64.manylinux2014_x86_64.whl"
            },
            {
              "algorithm": "sha256",
              "hash": "2cf56d0e237280baed46f0b5316661da892565ff58309d4d2ed7dba763d984b8",
              "url": "https://files.pythonhosted.org/packages/f6/89/bf77b063c594795aaa056cac7b467463702f346d124d46d7f06e76e8cd97/wrapt-1.15.0-cp39-cp39-musllinux_1_1_i686.whl"
            },
            {
              "algorithm": "sha256",
              "hash": "d06730c6aed78cee4126234cf2d071e01b44b915e725a6cb439a879ec9754a3a",
              "url": "https://files.pythonhosted.org/packages/f8/7d/73e4e3cdb2c780e13f9d87dc10488d7566d8fd77f8d68f0e416bfbd144c7/wrapt-1.15.0.tar.gz"
            }
          ],
          "project_name": "wrapt",
          "requires_dists": [],
          "requires_python": "!=3.0.*,!=3.1.*,!=3.2.*,!=3.3.*,!=3.4.*,>=2.7",
          "version": "1.15.0"
        },
        {
          "artifacts": [
            {
              "algorithm": "sha256",
              "hash": "8288d7cd28f8119b07dd49b7230d6b4562f9b61ee9a4ab02221060d21136be80",
              "url": "https://files.pythonhosted.org/packages/f2/ea/6fd350376ed2581d0cdb11018bad0215cf987817dba69ea9a4bf8adbac6e/yarl-1.9.2-cp39-cp39-musllinux_1_1_x86_64.whl"
            },
            {
              "algorithm": "sha256",
              "hash": "a74dcbfe780e62f4b5a062714576f16c2f3493a0394e555ab141bf0d746bb955",
              "url": "https://files.pythonhosted.org/packages/11/3d/785761e64dc90fda6feb9bd0459dc55ebe282a7d4564642a4a8ee277e0c0/yarl-1.9.2-cp39-cp39-manylinux_2_17_x86_64.manylinux2014_x86_64.whl"
            },
            {
              "algorithm": "sha256",
              "hash": "f3b078dbe227f79be488ffcfc7a9edb3409d018e0952cf13f15fd6512847f3f7",
              "url": "https://files.pythonhosted.org/packages/14/5b/a0bf4a601ddf4073ae0dcd66a90708aaa944a4ad0addf777d9f1fcd6f4f0/yarl-1.9.2-cp39-cp39-macosx_11_0_arm64.whl"
            },
            {
              "algorithm": "sha256",
              "hash": "2c315df3293cd521033533d242d15eab26583360b58f7ee5d9565f15fee1bef4",
              "url": "https://files.pythonhosted.org/packages/16/dd/3ef5a4c74f9516f2193b0782046802d73c5475ef49678473a608194f3bf1/yarl-1.9.2-cp39-cp39-musllinux_1_1_aarch64.whl"
            },
            {
              "algorithm": "sha256",
              "hash": "75df5ef94c3fdc393c6b19d80e6ef1ecc9ae2f4263c09cacb178d871c02a5ba9",
              "url": "https://files.pythonhosted.org/packages/31/2c/e6af0f7710412e4ed49c1641f04ed1af334d448d51c55150235e3381f0a7/yarl-1.9.2-cp39-cp39-macosx_10_9_universal2.whl"
            },
            {
              "algorithm": "sha256",
              "hash": "b03917871bf859a81ccb180c9a2e6c1e04d2f6a51d953e6a5cdd70c93d4e5a2a",
              "url": "https://files.pythonhosted.org/packages/34/1f/9a915044ec1e13f046e6d023e4dd1ea43316add36e199d46237d7d97cc88/yarl-1.9.2-cp39-cp39-manylinux_2_17_ppc64le.manylinux2014_ppc64le.whl"
            },
            {
              "algorithm": "sha256",
              "hash": "59723a029760079b7d991a401386390c4be5bfec1e7dd83e25a6a0881859e716",
              "url": "https://files.pythonhosted.org/packages/3b/b4/d20b0444fa0f0e7efdb328d16efd44d03a02427e090d02f936b990c9e9bc/yarl-1.9.2-cp39-cp39-manylinux_2_17_aarch64.manylinux2014_aarch64.whl"
            },
            {
              "algorithm": "sha256",
              "hash": "53338749febd28935d55b41bf0bcc79d634881195a39f6b2f767870b72514caf",
              "url": "https://files.pythonhosted.org/packages/45/c6/c58e25159d2186247272595ffff1aaba319d10aab20b40429a6e80418328/yarl-1.9.2-cp39-cp39-musllinux_1_1_ppc64le.whl"
            },
            {
              "algorithm": "sha256",
              "hash": "066c163aec9d3d073dc9ffe5dd3ad05069bcb03fcaab8d221290ba99f9f69ee3",
              "url": "https://files.pythonhosted.org/packages/58/c7/bad405a8b0b2366c3c21d650831d58fadca95af583c6dc1d2349512741cf/yarl-1.9.2-cp39-cp39-musllinux_1_1_s390x.whl"
            },
            {
              "algorithm": "sha256",
              "hash": "04ab9d4b9f587c06d801c2abfe9317b77cdf996c65a90d5e84ecc45010823571",
              "url": "https://files.pythonhosted.org/packages/5f/3f/04b3c5e57844fb9c034b09c5cb6d2b43de5d64a093c30529fd233e16cf09/yarl-1.9.2.tar.gz"
            },
            {
              "algorithm": "sha256",
              "hash": "b7232f8dfbd225d57340e441d8caf8652a6acd06b389ea2d3222b8bc89cbfca6",
              "url": "https://files.pythonhosted.org/packages/75/4d/b86c4fd2c689eaeb078de274f6822b02872a5e19557af16257be3eda20ee/yarl-1.9.2-cp39-cp39-musllinux_1_1_i686.whl"
            },
            {
              "algorithm": "sha256",
              "hash": "8c56986609b057b4839968ba901944af91b8e92f1725d1a2d77cbac6972b9ed1",
              "url": "https://files.pythonhosted.org/packages/d9/cf/bf402f68933fec675b608a941752b836bc25fa2ec7d6922a1b1f315214b5/yarl-1.9.2-cp39-cp39-manylinux_2_5_i686.manylinux1_i686.manylinux_2_17_i686.manylinux2014_i686.whl"
            },
            {
              "algorithm": "sha256",
              "hash": "c1012fa63eb6c032f3ce5d2171c267992ae0c00b9e164efe4d73db818465fac3",
              "url": "https://files.pythonhosted.org/packages/da/1a/94328f245b0f38913338cfa817826def45c193cfc75c76905392f6b484f8/yarl-1.9.2-cp39-cp39-manylinux_2_17_s390x.manylinux2014_s390x.whl"
            },
            {
              "algorithm": "sha256",
              "hash": "c027a6e96ef77d401d8d5a5c8d6bc478e8042f1e448272e8d9752cb0aff8b5c8",
              "url": "https://files.pythonhosted.org/packages/f0/39/e28eec982b1dfd7d6044e5af6f0ca0c1d5760c82f0667a72b0698237d61f/yarl-1.9.2-cp39-cp39-macosx_10_9_x86_64.whl"
            }
          ],
          "project_name": "yarl",
          "requires_dists": [
            "idna>=2.0",
            "multidict>=4.0",
            "typing-extensions>=3.7.4; python_version < \"3.8\""
          ],
          "requires_python": ">=3.7",
          "version": "1.9.2"
        }
      ],
      "platform_tag": null
    }
  ],
  "path_mappings": {},
  "pex_version": "2.1.134",
  "pip_version": "20.3.4-patched",
  "prefer_older_binary": false,
  "requirements": [
    "pydevd-pycharm==223.8617.48",
    "pytest-cov!=2.12.1,<3.1,>=2.12",
    "pytest-vcr",
    "pytest-xdist<3,>=2.5",
    "pytest==7.0.1"
  ],
  "requires_python": [
    "<=3.10.*,>=3.9.*"
  ],
  "resolver_version": "pip-2020-resolver",
  "style": "universal",
  "target_systems": [
    "linux",
    "mac"
  ],
  "transitive": true,
  "use_pep517": null
}
