// This lockfile was autogenerated by Pants. To regenerate, run:
//
//    pants generate-lockfiles --resolve=python-default
//
// --- BEGIN PANTS LOCKFILE METADATA: DO NOT EDIT OR REMOVE ---
// {
//   "version": 3,
//   "valid_for_interpreter_constraints": [
//     "CPython<=3.10.*,>=3.9.*"
//   ],
//   "generated_with_requirements": [
//     "click",
//     "loguru",
//     "packaging",
//     "python-dateutil",
//     "requests",
//     "setuptools",
//     "types-python-dateutil",
//     "types-requests",
//     "typing-extensions"
//   ],
//   "manylinux": "manylinux2014",
//   "requirement_constraints": [],
//   "only_binary": [],
//   "no_binary": []
// }
// --- END PANTS LOCKFILE METADATA ---

{
  "allow_builds": true,
  "allow_prereleases": false,
  "allow_wheels": true,
  "build_isolation": true,
  "constraints": [],
  "locked_resolves": [
    {
      "locked_requirements": [
        {
          "artifacts": [
            {
              "algorithm": "sha256",
              "hash": "dc383c07b76109f368f6106eee2b593b04a011ea4d55f652c6ca24a754d1cdd1",
              "url": "https://files.pythonhosted.org/packages/ba/06/a07f096c664aeb9f01624f858c3add0a4e913d6c96257acb4fce61e7de14/certifi-2024.2.2-py3-none-any.whl"
            },
            {
              "algorithm": "sha256",
              "hash": "0569859f95fc761b18b45ef421b1290a0f65f147e92a1e5eb3e635f9a5e4e66f",
              "url": "https://files.pythonhosted.org/packages/71/da/e94e26401b62acd6d91df2b52954aceb7f561743aa5ccc32152886c76c96/certifi-2024.2.2.tar.gz"
            }
          ],
          "project_name": "certifi",
          "requires_dists": [],
          "requires_python": ">=3.6",
          "version": "2024.2.2"
        },
        {
          "artifacts": [
            {
              "algorithm": "sha256",
              "hash": "3e4d1f6587322d2788836a99c69062fbb091331ec940e02d12d179c1d53e25fc",
              "url": "https://files.pythonhosted.org/packages/28/76/e6222113b83e3622caa4bb41032d0b1bf785250607392e1b778aca0b8a7d/charset_normalizer-3.3.2-py3-none-any.whl"
            },
            {
              "algorithm": "sha256",
              "hash": "122c7fa62b130ed55f8f285bfd56d5f4b4a5b503609d181f9ad85e55c89f4185",
              "url": "https://files.pythonhosted.org/packages/1f/8d/33c860a7032da5b93382cbe2873261f81467e7b37f4ed91e25fed62fd49b/charset_normalizer-3.3.2-cp39-cp39-manylinux_2_5_i686.manylinux1_i686.manylinux_2_17_i686.manylinux2014_i686.whl"
            },
            {
              "algorithm": "sha256",
              "hash": "68d1f8a9e9e37c1223b656399be5d6b448dea850bed7d0f87a8311f1ff3dabb0",
              "url": "https://files.pythonhosted.org/packages/2a/9d/a6d15bd1e3e2914af5955c8eb15f4071997e7078419328fee93dfd497eb7/charset_normalizer-3.3.2-cp39-cp39-macosx_11_0_arm64.whl"
            },
            {
              "algorithm": "sha256",
              "hash": "22afcb9f253dac0696b5a4be4a1c0f8762f8239e21b99680099abd9b2b1b2269",
              "url": "https://files.pythonhosted.org/packages/3d/85/5b7416b349609d20611a64718bed383b9251b5a601044550f0c8983b8900/charset_normalizer-3.3.2-cp39-cp39-manylinux_2_17_aarch64.manylinux2014_aarch64.whl"
            },
            {
              "algorithm": "sha256",
              "hash": "1f79682fbe303db92bc2b1136016a38a42e835d932bab5b3b1bfcfbf0640e519",
              "url": "https://files.pythonhosted.org/packages/44/80/b339237b4ce635b4af1c73742459eee5f97201bd92b2371c53e11958392e/charset_normalizer-3.3.2-cp39-cp39-manylinux_2_17_s390x.manylinux2014_s390x.whl"
            },
            {
              "algorithm": "sha256",
              "hash": "9f96df6923e21816da7e0ad3fd47dd8f94b2a5ce594e00677c0013018b813458",
              "url": "https://files.pythonhosted.org/packages/51/fd/0ee5b1c2860bb3c60236d05b6e4ac240cf702b67471138571dad91bcfed8/charset_normalizer-3.3.2-cp39-cp39-musllinux_1_1_i686.whl"
            },
            {
              "algorithm": "sha256",
              "hash": "34d1c8da1e78d2e001f363791c98a272bb734000fcef47a491c1e3b0505657a8",
              "url": "https://files.pythonhosted.org/packages/53/cd/aa4b8a4d82eeceb872f83237b2d27e43e637cac9ffaef19a1321c3bafb67/charset_normalizer-3.3.2-cp39-cp39-musllinux_1_1_s390x.whl"
            },
            {
              "algorithm": "sha256",
              "hash": "ff8fa367d09b717b2a17a052544193ad76cd49979c805768879cb63d9ca50561",
              "url": "https://files.pythonhosted.org/packages/54/7f/cad0b328759630814fcf9d804bfabaf47776816ad4ef2e9938b7e1123d04/charset_normalizer-3.3.2-cp39-cp39-musllinux_1_1_x86_64.whl"
            },
            {
              "algorithm": "sha256",
              "hash": "f30c3cb33b24454a82faecaf01b19c18562b1e89558fb6c56de4d9118a032fd5",
              "url": "https://files.pythonhosted.org/packages/63/09/c1bc53dab74b1816a00d8d030de5bf98f724c52c1635e07681d312f20be8/charset-normalizer-3.3.2.tar.gz"
            },
            {
              "algorithm": "sha256",
              "hash": "5b4c145409bef602a690e7cfad0a15a55c13320ff7a3ad7ca59c13bb8ba4d45d",
              "url": "https://files.pythonhosted.org/packages/66/fe/c7d3da40a66a6bf2920cce0f436fa1f62ee28aaf92f412f0bf3b84c8ad6c/charset_normalizer-3.3.2-cp39-cp39-macosx_10_9_x86_64.whl"
            },
            {
              "algorithm": "sha256",
              "hash": "e27ad930a842b4c5eb8ac0016b0a54f5aebbe679340c26101df33424142c143c",
              "url": "https://files.pythonhosted.org/packages/79/66/8946baa705c588521afe10b2d7967300e49380ded089a62d38537264aece/charset_normalizer-3.3.2-cp39-cp39-manylinux_2_17_ppc64le.manylinux2014_ppc64le.whl"
            },
            {
              "algorithm": "sha256",
              "hash": "b261ccdec7821281dade748d088bb6e9b69e6d15b30652b74cbbac25e280b796",
              "url": "https://files.pythonhosted.org/packages/98/69/5d8751b4b670d623aa7a47bef061d69c279e9f922f6705147983aa76c3ce/charset_normalizer-3.3.2-cp39-cp39-manylinux_2_17_x86_64.manylinux2014_x86_64.whl"
            },
            {
              "algorithm": "sha256",
              "hash": "d0eccceffcb53201b5bfebb52600a5fb483a20b61da9dbc885f8b103cbe7598c",
              "url": "https://files.pythonhosted.org/packages/c2/65/52aaf47b3dd616c11a19b1052ce7fa6321250a7a0b975f48d8c366733b9f/charset_normalizer-3.3.2-cp39-cp39-musllinux_1_1_aarch64.whl"
            },
            {
              "algorithm": "sha256",
              "hash": "7f04c839ed0b6b98b1a7501a002144b76c18fb1c1850c8b98d458ac269e26ed2",
              "url": "https://files.pythonhosted.org/packages/e1/9c/60729bf15dc82e3aaf5f71e81686e42e50715a1399770bcde1a9e43d09db/charset_normalizer-3.3.2-cp39-cp39-musllinux_1_1_ppc64le.whl"
            },
            {
              "algorithm": "sha256",
              "hash": "c235ebd9baae02f1b77bcea61bce332cb4331dc3617d254df3323aa01ab47bd4",
              "url": "https://files.pythonhosted.org/packages/f7/9d/bcf4a449a438ed6f19790eee543a86a740c77508fbc5ddab210ab3ba3a9a/charset_normalizer-3.3.2-cp39-cp39-macosx_10_9_universal2.whl"
            }
          ],
          "project_name": "charset-normalizer",
          "requires_dists": [],
          "requires_python": ">=3.7.0",
          "version": "3.3.2"
        },
        {
          "artifacts": [
            {
              "algorithm": "sha256",
              "hash": "ae74fb96c20a0277a1d615f1e4d73c8414f5a98db8b799a7931d1582f3390c28",
              "url": "https://files.pythonhosted.org/packages/00/2e/d53fa4befbf2cfa713304affc7ca780ce4fc1fd8710527771b58311a3229/click-8.1.7-py3-none-any.whl"
            },
            {
              "algorithm": "sha256",
              "hash": "ca9853ad459e787e2192211578cc907e7594e294c7ccc834310722b41b9ca6de",
              "url": "https://files.pythonhosted.org/packages/96/d3/f04c7bfcf5c1862a2a5b845c6b2b360488cf47af55dfa79c98f6a6bf98b5/click-8.1.7.tar.gz"
            }
          ],
          "project_name": "click",
          "requires_dists": [
            "colorama; platform_system == \"Windows\"",
            "importlib-metadata; python_version < \"3.8\""
          ],
          "requires_python": ">=3.7",
          "version": "8.1.7"
        },
        {
          "artifacts": [
            {
              "algorithm": "sha256",
              "hash": "c05567e9c24a6b9faaa835c4821bad0590fbb9d5779e7caa6e1cc4978e7eb24f",
              "url": "https://files.pythonhosted.org/packages/c2/e7/a82b05cf63a603df6e68d59ae6a68bf5064484a0718ea5033660af4b54a9/idna-3.6-py3-none-any.whl"
            },
            {
              "algorithm": "sha256",
              "hash": "9ecdbbd083b06798ae1e86adcbfe8ab1479cf864e4ee30fe4e46a003d12491ca",
              "url": "https://files.pythonhosted.org/packages/bf/3f/ea4b9117521a1e9c50344b909be7886dd00a519552724809bb1f486986c2/idna-3.6.tar.gz"
            }
          ],
          "project_name": "idna",
          "requires_dists": [],
          "requires_python": ">=3.5",
          "version": "3.6"
        },
        {
          "artifacts": [
            {
              "algorithm": "sha256",
              "hash": "003d71e3d3ed35f0f8984898359d65b79e5b21943f78af86aa5491210429b8eb",
              "url": "https://files.pythonhosted.org/packages/03/0a/4f6fed21aa246c6b49b561ca55facacc2a44b87d65b8b92362a8e99ba202/loguru-0.7.2-py3-none-any.whl"
            },
            {
              "algorithm": "sha256",
              "hash": "e671a53522515f34fd406340ee968cb9ecafbc4b36c679da03c18fd8d0bd51ac",
              "url": "https://files.pythonhosted.org/packages/9e/30/d87a423766b24db416a46e9335b9602b054a72b96a88a241f2b09b560fa8/loguru-0.7.2.tar.gz"
            }
          ],
          "project_name": "loguru",
          "requires_dists": [
            "Sphinx==7.2.5; python_version >= \"3.9\" and extra == \"dev\"",
            "aiocontextvars>=0.2.0; python_version < \"3.7\"",
            "colorama==0.4.5; python_version < \"3.8\" and extra == \"dev\"",
            "colorama==0.4.6; python_version >= \"3.8\" and extra == \"dev\"",
            "colorama>=0.3.4; sys_platform == \"win32\"",
            "exceptiongroup==1.1.3; (python_version >= \"3.7\" and python_version < \"3.11\") and extra == \"dev\"",
            "freezegun==1.1.0; python_version < \"3.8\" and extra == \"dev\"",
            "freezegun==1.2.2; python_version >= \"3.8\" and extra == \"dev\"",
            "mypy==v0.910; python_version < \"3.6\" and extra == \"dev\"",
            "mypy==v0.971; (python_version >= \"3.6\" and python_version < \"3.7\") and extra == \"dev\"",
            "mypy==v1.4.1; (python_version >= \"3.7\" and python_version < \"3.8\") and extra == \"dev\"",
            "mypy==v1.5.1; python_version >= \"3.8\" and extra == \"dev\"",
            "pre-commit==3.4.0; python_version >= \"3.8\" and extra == \"dev\"",
            "pytest-cov==2.12.1; python_version < \"3.8\" and extra == \"dev\"",
            "pytest-cov==4.1.0; python_version >= \"3.8\" and extra == \"dev\"",
            "pytest-mypy-plugins==1.9.3; (python_version >= \"3.6\" and python_version < \"3.8\") and extra == \"dev\"",
            "pytest-mypy-plugins==3.0.0; python_version >= \"3.8\" and extra == \"dev\"",
            "pytest==6.1.2; python_version < \"3.8\" and extra == \"dev\"",
            "pytest==7.4.0; python_version >= \"3.8\" and extra == \"dev\"",
            "sphinx-autobuild==2021.3.14; python_version >= \"3.9\" and extra == \"dev\"",
            "sphinx-rtd-theme==1.3.0; python_version >= \"3.9\" and extra == \"dev\"",
            "tox==3.27.1; python_version < \"3.8\" and extra == \"dev\"",
            "tox==4.11.0; python_version >= \"3.8\" and extra == \"dev\"",
            "win32-setctime>=1.0.0; sys_platform == \"win32\""
          ],
          "requires_python": ">=3.5",
          "version": "0.7.2"
        },
        {
          "artifacts": [
            {
              "algorithm": "sha256",
              "hash": "8c491190033a9af7e1d931d0b5dacc2ef47509b34dd0de67ed209b5203fc88c7",
              "url": "https://files.pythonhosted.org/packages/ec/1a/610693ac4ee14fcdf2d9bf3c493370e4f2ef7ae2e19217d7a237ff42367d/packaging-23.2-py3-none-any.whl"
            },
            {
              "algorithm": "sha256",
              "hash": "048fb0e9405036518eaaf48a55953c750c11e1a1b68e0dd1a9d62ed0c092cfc5",
              "url": "https://files.pythonhosted.org/packages/fb/2b/9b9c33ffed44ee921d0967086d653047286054117d584f1b1a7c22ceaf7b/packaging-23.2.tar.gz"
            }
          ],
          "project_name": "packaging",
          "requires_dists": [],
          "requires_python": ">=3.7",
          "version": "23.2"
        },
        {
          "artifacts": [
            {
              "algorithm": "sha256",
              "hash": "961d03dc3453ebbc59dbdea9e4e11c5651520a876d0f4db161e8674aae935da9",
              "url": "https://files.pythonhosted.org/packages/36/7a/87837f39d0296e723bb9b62bbb257d0355c7f6128853c78955f57342a56d/python_dateutil-2.8.2-py2.py3-none-any.whl"
            },
            {
              "algorithm": "sha256",
              "hash": "0123cacc1627ae19ddf3c27a5de5bd67ee4586fbdd6440d9748f8abb483d3e86",
              "url": "https://files.pythonhosted.org/packages/4c/c4/13b4776ea2d76c115c1d1b84579f3764ee6d57204f6be27119f13a61d0a9/python-dateutil-2.8.2.tar.gz"
            }
          ],
          "project_name": "python-dateutil",
          "requires_dists": [
            "six>=1.5"
          ],
          "requires_python": "!=3.0.*,!=3.1.*,!=3.2.*,>=2.7",
          "version": "2.8.2"
        },
        {
          "artifacts": [
            {
              "algorithm": "sha256",
              "hash": "58cd2187c01e70e6e26505bca751777aa9f2ee0b7f4300988b709f44e013003f",
              "url": "https://files.pythonhosted.org/packages/70/8e/0e2d847013cb52cd35b38c009bb167a1a26b2ce6cd6965bf26b47bc0bf44/requests-2.31.0-py3-none-any.whl"
            },
            {
              "algorithm": "sha256",
              "hash": "942c5a758f98d790eaed1a29cb6eefc7ffb0d1cf7af05c3d2791656dbd6ad1e1",
              "url": "https://files.pythonhosted.org/packages/9d/be/10918a2eac4ae9f02f6cfe6414b7a155ccd8f7f9d4380d62fd5b955065c3/requests-2.31.0.tar.gz"
            }
          ],
          "project_name": "requests",
          "requires_dists": [
            "PySocks!=1.5.7,>=1.5.6; extra == \"socks\"",
            "certifi>=2017.4.17",
            "chardet<6,>=3.0.2; extra == \"use_chardet_on_py3\"",
            "charset-normalizer<4,>=2",
            "idna<4,>=2.5",
            "urllib3<3,>=1.21.1"
          ],
          "requires_python": ">=3.7",
          "version": "2.31.0"
        },
        {
          "artifacts": [
            {
              "algorithm": "sha256",
              "hash": "385eb4edd9c9d5c17540511303e39a147ce2fc04bc55289c322b9e5904fe2c05",
              "url": "https://files.pythonhosted.org/packages/55/3a/5121b58b578a598b269537e09a316ad2a94fdd561a2c6eb75cd68578cc6b/setuptools-69.0.3-py3-none-any.whl"
            },
            {
              "algorithm": "sha256",
              "hash": "be1af57fc409f93647f2e8e4573a142ed38724b8cdd389706a867bb4efcf1e78",
              "url": "https://files.pythonhosted.org/packages/fc/c9/b146ca195403e0182a374e0ea4dbc69136bad3cd55bc293df496d625d0f7/setuptools-69.0.3.tar.gz"
            }
          ],
          "project_name": "setuptools",
          "requires_dists": [
            "build[virtualenv]; extra == \"testing\"",
            "build[virtualenv]>=1.0.3; extra == \"testing-integration\"",
            "filelock>=3.4.0; extra == \"testing\"",
            "filelock>=3.4.0; extra == \"testing-integration\"",
            "flake8-2020; extra == \"testing\"",
            "furo; extra == \"docs\"",
            "ini2toml[lite]>=0.9; extra == \"testing\"",
            "jaraco.develop>=7.21; (python_version >= \"3.9\" and sys_platform != \"cygwin\") and extra == \"testing\"",
            "jaraco.envs>=2.2; extra == \"testing\"",
            "jaraco.envs>=2.2; extra == \"testing-integration\"",
            "jaraco.packaging>=9.3; extra == \"docs\"",
            "jaraco.path>=3.2.0; extra == \"testing\"",
            "jaraco.path>=3.2.0; extra == \"testing-integration\"",
            "jaraco.tidelift>=1.4; extra == \"docs\"",
            "packaging>=23.1; extra == \"testing-integration\"",
            "pip>=19.1; extra == \"testing\"",
            "pygments-github-lexers==0.0.5; extra == \"docs\"",
            "pytest-black>=0.3.7; platform_python_implementation != \"PyPy\" and extra == \"testing\"",
            "pytest-checkdocs>=2.4; extra == \"testing\"",
            "pytest-cov; platform_python_implementation != \"PyPy\" and extra == \"testing\"",
            "pytest-enabler; extra == \"testing-integration\"",
            "pytest-enabler>=2.2; extra == \"testing\"",
            "pytest-mypy>=0.9.1; platform_python_implementation != \"PyPy\" and extra == \"testing\"",
            "pytest-perf; sys_platform != \"cygwin\" and extra == \"testing\"",
            "pytest-ruff; sys_platform != \"cygwin\" and extra == \"testing\"",
            "pytest-timeout; extra == \"testing\"",
            "pytest-xdist; extra == \"testing\"",
            "pytest-xdist; extra == \"testing-integration\"",
            "pytest; extra == \"testing-integration\"",
            "pytest>=6; extra == \"testing\"",
            "rst.linker>=1.9; extra == \"docs\"",
            "sphinx-favicon; extra == \"docs\"",
            "sphinx-inline-tabs; extra == \"docs\"",
            "sphinx-lint; extra == \"docs\"",
            "sphinx-notfound-page<2,>=1; extra == \"docs\"",
            "sphinx-reredirects; extra == \"docs\"",
            "sphinx<7.2.5; extra == \"docs\"",
            "sphinx>=3.5; extra == \"docs\"",
            "sphinxcontrib-towncrier; extra == \"docs\"",
            "tomli-w>=1.0.0; extra == \"testing\"",
            "tomli; extra == \"testing-integration\"",
            "virtualenv>=13.0.0; extra == \"testing\"",
            "virtualenv>=13.0.0; extra == \"testing-integration\"",
            "wheel; extra == \"testing\"",
            "wheel; extra == \"testing-integration\""
          ],
          "requires_python": ">=3.8",
          "version": "69.0.3"
        },
        {
          "artifacts": [
            {
              "algorithm": "sha256",
              "hash": "8abb2f1d86890a2dfb989f9a77cfcfd3e47c2a354b01111771326f8aa26e0254",
              "url": "https://files.pythonhosted.org/packages/d9/5a/e7c31adbe875f2abbb91bd84cf2dc52d792b5a01506781dbcf25c91daf11/six-1.16.0-py2.py3-none-any.whl"
            },
            {
              "algorithm": "sha256",
              "hash": "1e61c37477a1626458e36f7b1d82aa5c9b094fa4802892072e49de9c60c4c926",
              "url": "https://files.pythonhosted.org/packages/71/39/171f1c67cd00715f190ba0b100d606d440a28c93c7714febeca8b79af85e/six-1.16.0.tar.gz"
            }
          ],
          "project_name": "six",
          "requires_dists": [],
          "requires_python": "!=3.0.*,!=3.1.*,!=3.2.*,>=2.7",
          "version": "1.16.0"
        },
        {
          "artifacts": [
            {
              "algorithm": "sha256",
              "hash": "efbbdc54590d0f16152fa103c9879c7d4a00e82078f6e2cf01769042165acaa2",
              "url": "https://files.pythonhosted.org/packages/28/50/8ed67814241e2684369f4b8b881c7d31a0816e76c8690ea8518017a35b7e/types_python_dateutil-2.8.19.20240106-py3-none-any.whl"
            },
            {
              "algorithm": "sha256",
              "hash": "1f8db221c3b98e6ca02ea83a58371b22c374f42ae5bbdf186db9c9a76581459f",
              "url": "https://files.pythonhosted.org/packages/9b/47/2a9e51ae8cf48cea0089ff6d9d13fff60701f8c9bf72adaee0c4e5dc88f9/types-python-dateutil-2.8.19.20240106.tar.gz"
            }
          ],
          "project_name": "types-python-dateutil",
          "requires_dists": [],
          "requires_python": ">=3.8",
          "version": "2.8.19.20240106"
        },
        {
          "artifacts": [
            {
              "algorithm": "sha256",
              "hash": "9592a9a4cb92d6d75d9b491a41477272b710e021011a2a3061157e2fb1f1a5d1",
              "url": "https://files.pythonhosted.org/packages/ae/29/3290a0d17865b9ec3d54fbb17faa265d9de7e856b6a3b52dfdf3507efd7c/types_requests-2.31.0.20240125-py3-none-any.whl"
            },
            {
              "algorithm": "sha256",
              "hash": "03a28ce1d7cd54199148e043b2079cdded22d6795d19a2c2a6791a4b2b5e2eb5",
              "url": "https://files.pythonhosted.org/packages/d9/7f/fb937e67e242dc191716860f6f16c6b57d2b20896e98a15ca5c298bd18b4/types-requests-2.31.0.20240125.tar.gz"
            }
          ],
          "project_name": "types-requests",
          "requires_dists": [
            "urllib3>=2"
          ],
          "requires_python": ">=3.8",
          "version": "2.31.0.20240125"
        },
        {
          "artifacts": [
            {
              "algorithm": "sha256",
              "hash": "af72aea155e91adfc61c3ae9e0e342dbc0cba726d6cba4b6c72c1f34e47291cd",
              "url": "https://files.pythonhosted.org/packages/b7/f4/6a90020cd2d93349b442bfcb657d0dc91eee65491600b2cb1d388bc98e6b/typing_extensions-4.9.0-py3-none-any.whl"
            },
            {
              "algorithm": "sha256",
              "hash": "23478f88c37f27d76ac8aee6c905017a143b0b1b886c3c9f66bc2fd94f9f5783",
              "url": "https://files.pythonhosted.org/packages/0c/1d/eb26f5e75100d531d7399ae800814b069bc2ed2a7410834d57374d010d96/typing_extensions-4.9.0.tar.gz"
            }
          ],
          "project_name": "typing-extensions",
          "requires_dists": [],
          "requires_python": ">=3.8",
          "version": "4.9.0"
        },
        {
          "artifacts": [
            {
              "algorithm": "sha256",
              "hash": "ce3711610ddce217e6d113a2732fafad960a03fd0318c91faa79481e35c11224",
              "url": "https://files.pythonhosted.org/packages/88/75/311454fd3317aefe18415f04568edc20218453b709c63c58b9292c71be17/urllib3-2.2.0-py3-none-any.whl"
            },
            {
              "algorithm": "sha256",
              "hash": "051d961ad0c62a94e50ecf1af379c3aba230c66c710493493560c0c223c49f20",
              "url": "https://files.pythonhosted.org/packages/e2/cc/abf6746cc90bc52df4ba730f301b89b3b844d6dc133cb89a01cfe2511eb9/urllib3-2.2.0.tar.gz"
            }
          ],
          "project_name": "urllib3",
          "requires_dists": [
            "brotli>=1.0.9; platform_python_implementation == \"CPython\" and extra == \"brotli\"",
            "brotlicffi>=0.8.0; platform_python_implementation != \"CPython\" and extra == \"brotli\"",
            "h2<5,>=4; extra == \"h2\"",
            "pysocks!=1.5.7,<2.0,>=1.5.6; extra == \"socks\"",
            "zstandard>=0.18.0; extra == \"zstd\""
          ],
          "requires_python": ">=3.8",
          "version": "2.2.0"
        }
      ],
      "platform_tag": null
    }
  ],
  "path_mappings": {},
  "pex_version": "2.1.137",
  "pip_version": "23.1.2",
  "prefer_older_binary": false,
  "requirements": [
    "click",
    "loguru",
    "packaging",
    "python-dateutil",
    "requests",
    "setuptools",
    "types-python-dateutil",
    "types-requests",
    "typing-extensions"
  ],
  "requires_python": [
    "<=3.10.*,>=3.9.*"
  ],
  "resolver_version": "pip-2020-resolver",
  "style": "universal",
  "target_systems": [
    "linux",
    "mac"
  ],
  "transitive": true,
  "use_pep517": null
}
