// This lockfile was autogenerated by Pants. To regenerate, run:
//
//    pants generate-lockfiles --resolve=python-default
//
// --- BEGIN PANTS LOCKFILE METADATA: DO NOT EDIT OR REMOVE ---
// {
//   "version": 3,
//   "valid_for_interpreter_constraints": [
//     "CPython<3.10,>=3.9"
//   ],
//   "generated_with_requirements": [
//     "click",
//     "loguru",
//     "packaging",
//     "python-dateutil",
//     "requests",
//     "setuptools",
//     "types-python-dateutil",
//     "types-requests",
//     "typing-extensions"
//   ],
//   "manylinux": "manylinux2014",
//   "requirement_constraints": [],
//   "only_binary": [],
//   "no_binary": []
// }
// --- END PANTS LOCKFILE METADATA ---

{
  "allow_builds": true,
  "allow_prereleases": false,
  "allow_wheels": true,
  "build_isolation": true,
  "constraints": [],
  "locked_resolves": [
    {
      "locked_requirements": [
        {
          "artifacts": [
            {
              "algorithm": "sha256",
              "hash": "c198e21b1289c2ab85ee4e67bb4b4ef3ead0892059901a8d5b622f24a1101e90",
              "url": "https://files.pythonhosted.org/packages/1c/d5/c84e1a17bf61d4df64ca866a1c9a913874b4e9bdc131ec689a0ad013fb36/certifi-2024.7.4-py3-none-any.whl"
            },
            {
              "algorithm": "sha256",
              "hash": "5a1e7645bc0ec61a09e26c36f6106dd4cf40c6db3a1fb6352b0244e7fb057c7b",
              "url": "https://files.pythonhosted.org/packages/c2/02/a95f2b11e207f68bc64d7aae9666fed2e2b3f307748d5123dffb72a1bbea/certifi-2024.7.4.tar.gz"
            }
          ],
          "project_name": "certifi",
          "requires_dists": [],
          "requires_python": ">=3.6",
          "version": "2024.7.4"
        },
        {
          "artifacts": [
            {
              "algorithm": "sha256",
              "hash": "3e4d1f6587322d2788836a99c69062fbb091331ec940e02d12d179c1d53e25fc",
              "url": "https://files.pythonhosted.org/packages/28/76/e6222113b83e3622caa4bb41032d0b1bf785250607392e1b778aca0b8a7d/charset_normalizer-3.3.2-py3-none-any.whl"
            },
            {
              "algorithm": "sha256",
              "hash": "122c7fa62b130ed55f8f285bfd56d5f4b4a5b503609d181f9ad85e55c89f4185",
              "url": "https://files.pythonhosted.org/packages/1f/8d/33c860a7032da5b93382cbe2873261f81467e7b37f4ed91e25fed62fd49b/charset_normalizer-3.3.2-cp39-cp39-manylinux_2_5_i686.manylinux1_i686.manylinux_2_17_i686.manylinux2014_i686.whl"
            },
            {
              "algorithm": "sha256",
              "hash": "68d1f8a9e9e37c1223b656399be5d6b448dea850bed7d0f87a8311f1ff3dabb0",
              "url": "https://files.pythonhosted.org/packages/2a/9d/a6d15bd1e3e2914af5955c8eb15f4071997e7078419328fee93dfd497eb7/charset_normalizer-3.3.2-cp39-cp39-macosx_11_0_arm64.whl"
            },
            {
              "algorithm": "sha256",
              "hash": "22afcb9f253dac0696b5a4be4a1c0f8762f8239e21b99680099abd9b2b1b2269",
              "url": "https://files.pythonhosted.org/packages/3d/85/5b7416b349609d20611a64718bed383b9251b5a601044550f0c8983b8900/charset_normalizer-3.3.2-cp39-cp39-manylinux_2_17_aarch64.manylinux2014_aarch64.whl"
            },
            {
              "algorithm": "sha256",
              "hash": "1f79682fbe303db92bc2b1136016a38a42e835d932bab5b3b1bfcfbf0640e519",
              "url": "https://files.pythonhosted.org/packages/44/80/b339237b4ce635b4af1c73742459eee5f97201bd92b2371c53e11958392e/charset_normalizer-3.3.2-cp39-cp39-manylinux_2_17_s390x.manylinux2014_s390x.whl"
            },
            {
              "algorithm": "sha256",
              "hash": "9f96df6923e21816da7e0ad3fd47dd8f94b2a5ce594e00677c0013018b813458",
              "url": "https://files.pythonhosted.org/packages/51/fd/0ee5b1c2860bb3c60236d05b6e4ac240cf702b67471138571dad91bcfed8/charset_normalizer-3.3.2-cp39-cp39-musllinux_1_1_i686.whl"
            },
            {
              "algorithm": "sha256",
              "hash": "34d1c8da1e78d2e001f363791c98a272bb734000fcef47a491c1e3b0505657a8",
              "url": "https://files.pythonhosted.org/packages/53/cd/aa4b8a4d82eeceb872f83237b2d27e43e637cac9ffaef19a1321c3bafb67/charset_normalizer-3.3.2-cp39-cp39-musllinux_1_1_s390x.whl"
            },
            {
              "algorithm": "sha256",
              "hash": "ff8fa367d09b717b2a17a052544193ad76cd49979c805768879cb63d9ca50561",
              "url": "https://files.pythonhosted.org/packages/54/7f/cad0b328759630814fcf9d804bfabaf47776816ad4ef2e9938b7e1123d04/charset_normalizer-3.3.2-cp39-cp39-musllinux_1_1_x86_64.whl"
            },
            {
              "algorithm": "sha256",
              "hash": "f30c3cb33b24454a82faecaf01b19c18562b1e89558fb6c56de4d9118a032fd5",
              "url": "https://files.pythonhosted.org/packages/63/09/c1bc53dab74b1816a00d8d030de5bf98f724c52c1635e07681d312f20be8/charset-normalizer-3.3.2.tar.gz"
            },
            {
              "algorithm": "sha256",
              "hash": "5b4c145409bef602a690e7cfad0a15a55c13320ff7a3ad7ca59c13bb8ba4d45d",
              "url": "https://files.pythonhosted.org/packages/66/fe/c7d3da40a66a6bf2920cce0f436fa1f62ee28aaf92f412f0bf3b84c8ad6c/charset_normalizer-3.3.2-cp39-cp39-macosx_10_9_x86_64.whl"
            },
            {
              "algorithm": "sha256",
              "hash": "e27ad930a842b4c5eb8ac0016b0a54f5aebbe679340c26101df33424142c143c",
              "url": "https://files.pythonhosted.org/packages/79/66/8946baa705c588521afe10b2d7967300e49380ded089a62d38537264aece/charset_normalizer-3.3.2-cp39-cp39-manylinux_2_17_ppc64le.manylinux2014_ppc64le.whl"
            },
            {
              "algorithm": "sha256",
              "hash": "b261ccdec7821281dade748d088bb6e9b69e6d15b30652b74cbbac25e280b796",
              "url": "https://files.pythonhosted.org/packages/98/69/5d8751b4b670d623aa7a47bef061d69c279e9f922f6705147983aa76c3ce/charset_normalizer-3.3.2-cp39-cp39-manylinux_2_17_x86_64.manylinux2014_x86_64.whl"
            },
            {
              "algorithm": "sha256",
              "hash": "d0eccceffcb53201b5bfebb52600a5fb483a20b61da9dbc885f8b103cbe7598c",
              "url": "https://files.pythonhosted.org/packages/c2/65/52aaf47b3dd616c11a19b1052ce7fa6321250a7a0b975f48d8c366733b9f/charset_normalizer-3.3.2-cp39-cp39-musllinux_1_1_aarch64.whl"
            },
            {
              "algorithm": "sha256",
              "hash": "7f04c839ed0b6b98b1a7501a002144b76c18fb1c1850c8b98d458ac269e26ed2",
              "url": "https://files.pythonhosted.org/packages/e1/9c/60729bf15dc82e3aaf5f71e81686e42e50715a1399770bcde1a9e43d09db/charset_normalizer-3.3.2-cp39-cp39-musllinux_1_1_ppc64le.whl"
            },
            {
              "algorithm": "sha256",
              "hash": "c235ebd9baae02f1b77bcea61bce332cb4331dc3617d254df3323aa01ab47bd4",
              "url": "https://files.pythonhosted.org/packages/f7/9d/bcf4a449a438ed6f19790eee543a86a740c77508fbc5ddab210ab3ba3a9a/charset_normalizer-3.3.2-cp39-cp39-macosx_10_9_universal2.whl"
            }
          ],
          "project_name": "charset-normalizer",
          "requires_dists": [],
          "requires_python": ">=3.7.0",
          "version": "3.3.2"
        },
        {
          "artifacts": [
            {
              "algorithm": "sha256",
              "hash": "ae74fb96c20a0277a1d615f1e4d73c8414f5a98db8b799a7931d1582f3390c28",
              "url": "https://files.pythonhosted.org/packages/00/2e/d53fa4befbf2cfa713304affc7ca780ce4fc1fd8710527771b58311a3229/click-8.1.7-py3-none-any.whl"
            },
            {
              "algorithm": "sha256",
              "hash": "ca9853ad459e787e2192211578cc907e7594e294c7ccc834310722b41b9ca6de",
              "url": "https://files.pythonhosted.org/packages/96/d3/f04c7bfcf5c1862a2a5b845c6b2b360488cf47af55dfa79c98f6a6bf98b5/click-8.1.7.tar.gz"
            }
          ],
          "project_name": "click",
          "requires_dists": [
            "colorama; platform_system == \"Windows\"",
            "importlib-metadata; python_version < \"3.8\""
          ],
          "requires_python": ">=3.7",
          "version": "8.1.7"
        },
        {
          "artifacts": [
            {
              "algorithm": "sha256",
              "hash": "82fee1fc78add43492d3a1898bfa6d8a904cc97d8427f683ed8e798d07761aa0",
              "url": "https://files.pythonhosted.org/packages/e5/3e/741d8c82801c347547f8a2a06aa57dbb1992be9e948df2ea0eda2c8b79e8/idna-3.7-py3-none-any.whl"
            },
            {
              "algorithm": "sha256",
              "hash": "028ff3aadf0609c1fd278d8ea3089299412a7a8b9bd005dd08b9f8285bcb5cfc",
              "url": "https://files.pythonhosted.org/packages/21/ed/f86a79a07470cb07819390452f178b3bef1d375f2ec021ecfc709fc7cf07/idna-3.7.tar.gz"
            }
          ],
          "project_name": "idna",
          "requires_dists": [],
          "requires_python": ">=3.5",
          "version": "3.7"
        },
        {
          "artifacts": [
            {
              "algorithm": "sha256",
              "hash": "003d71e3d3ed35f0f8984898359d65b79e5b21943f78af86aa5491210429b8eb",
              "url": "https://files.pythonhosted.org/packages/03/0a/4f6fed21aa246c6b49b561ca55facacc2a44b87d65b8b92362a8e99ba202/loguru-0.7.2-py3-none-any.whl"
            },
            {
              "algorithm": "sha256",
              "hash": "e671a53522515f34fd406340ee968cb9ecafbc4b36c679da03c18fd8d0bd51ac",
              "url": "https://files.pythonhosted.org/packages/9e/30/d87a423766b24db416a46e9335b9602b054a72b96a88a241f2b09b560fa8/loguru-0.7.2.tar.gz"
            }
          ],
          "project_name": "loguru",
          "requires_dists": [
            "Sphinx==7.2.5; python_version >= \"3.9\" and extra == \"dev\"",
            "aiocontextvars>=0.2.0; python_version < \"3.7\"",
            "colorama==0.4.5; python_version < \"3.8\" and extra == \"dev\"",
            "colorama==0.4.6; python_version >= \"3.8\" and extra == \"dev\"",
            "colorama>=0.3.4; sys_platform == \"win32\"",
            "exceptiongroup==1.1.3; (python_version >= \"3.7\" and python_version < \"3.11\") and extra == \"dev\"",
            "freezegun==1.1.0; python_version < \"3.8\" and extra == \"dev\"",
            "freezegun==1.2.2; python_version >= \"3.8\" and extra == \"dev\"",
            "mypy==v0.910; python_version < \"3.6\" and extra == \"dev\"",
            "mypy==v0.971; (python_version >= \"3.6\" and python_version < \"3.7\") and extra == \"dev\"",
            "mypy==v1.4.1; (python_version >= \"3.7\" and python_version < \"3.8\") and extra == \"dev\"",
            "mypy==v1.5.1; python_version >= \"3.8\" and extra == \"dev\"",
            "pre-commit==3.4.0; python_version >= \"3.8\" and extra == \"dev\"",
            "pytest-cov==2.12.1; python_version < \"3.8\" and extra == \"dev\"",
            "pytest-cov==4.1.0; python_version >= \"3.8\" and extra == \"dev\"",
            "pytest-mypy-plugins==1.9.3; (python_version >= \"3.6\" and python_version < \"3.8\") and extra == \"dev\"",
            "pytest-mypy-plugins==3.0.0; python_version >= \"3.8\" and extra == \"dev\"",
            "pytest==6.1.2; python_version < \"3.8\" and extra == \"dev\"",
            "pytest==7.4.0; python_version >= \"3.8\" and extra == \"dev\"",
            "sphinx-autobuild==2021.3.14; python_version >= \"3.9\" and extra == \"dev\"",
            "sphinx-rtd-theme==1.3.0; python_version >= \"3.9\" and extra == \"dev\"",
            "tox==3.27.1; python_version < \"3.8\" and extra == \"dev\"",
            "tox==4.11.0; python_version >= \"3.8\" and extra == \"dev\"",
            "win32-setctime>=1.0.0; sys_platform == \"win32\""
          ],
          "requires_python": ">=3.5",
          "version": "0.7.2"
        },
        {
          "artifacts": [
            {
              "algorithm": "sha256",
              "hash": "5b8f2217dbdbd2f7f384c41c628544e6d52f2d0f53c6d0c3ea61aa5d1d7ff124",
              "url": "https://files.pythonhosted.org/packages/08/aa/cc0199a5f0ad350994d660967a8efb233fe0416e4639146c089643407ce6/packaging-24.1-py3-none-any.whl"
            },
            {
              "algorithm": "sha256",
              "hash": "026ed72c8ed3fcce5bf8950572258698927fd1dbda10a5e981cdf0ac37f4f002",
              "url": "https://files.pythonhosted.org/packages/51/65/50db4dda066951078f0a96cf12f4b9ada6e4b811516bf0262c0f4f7064d4/packaging-24.1.tar.gz"
            }
          ],
          "project_name": "packaging",
          "requires_dists": [],
          "requires_python": ">=3.8",
          "version": "24.1"
        },
        {
          "artifacts": [
            {
              "algorithm": "sha256",
              "hash": "a8b2bc7bffae282281c8140a97d3aa9c14da0b136dfe83f850eea9a5f7470427",
              "url": "https://files.pythonhosted.org/packages/ec/57/56b9bcc3c9c6a792fcbaf139543cee77261f3651ca9da0c93f5c1221264b/python_dateutil-2.9.0.post0-py2.py3-none-any.whl"
            },
            {
              "algorithm": "sha256",
              "hash": "37dd54208da7e1cd875388217d5e00ebd4179249f90fb72437e91a35459a0ad3",
              "url": "https://files.pythonhosted.org/packages/66/c0/0c8b6ad9f17a802ee498c46e004a0eb49bc148f2fd230864601a86dcf6db/python-dateutil-2.9.0.post0.tar.gz"
            }
          ],
          "project_name": "python-dateutil",
          "requires_dists": [
            "six>=1.5"
          ],
          "requires_python": "!=3.0.*,!=3.1.*,!=3.2.*,>=2.7",
          "version": "2.9.0.post0"
        },
        {
          "artifacts": [
            {
              "algorithm": "sha256",
              "hash": "70761cfe03c773ceb22aa2f671b4757976145175cdfca038c02654d061d6dcc6",
              "url": "https://files.pythonhosted.org/packages/f9/9b/335f9764261e915ed497fcdeb11df5dfd6f7bf257d4a6a2a686d80da4d54/requests-2.32.3-py3-none-any.whl"
            },
            {
              "algorithm": "sha256",
              "hash": "55365417734eb18255590a9ff9eb97e9e1da868d4ccd6402399eaf68af20a760",
              "url": "https://files.pythonhosted.org/packages/63/70/2bf7780ad2d390a8d301ad0b550f1581eadbd9a20f896afe06353c2a2913/requests-2.32.3.tar.gz"
            }
          ],
          "project_name": "requests",
          "requires_dists": [
            "PySocks!=1.5.7,>=1.5.6; extra == \"socks\"",
            "certifi>=2017.4.17",
            "chardet<6,>=3.0.2; extra == \"use-chardet-on-py3\"",
            "charset-normalizer<4,>=2",
            "idna<4,>=2.5",
            "urllib3<3,>=1.21.1"
          ],
          "requires_python": ">=3.8",
          "version": "2.32.3"
        },
        {
          "artifacts": [
            {
              "algorithm": "sha256",
              "hash": "fe384da74336c398e0d956d1cae0669bc02eed936cdb1d49b57de1990dc11ffc",
              "url": "https://files.pythonhosted.org/packages/ef/15/88e46eb9387e905704b69849618e699dc2f54407d8953cc4ec4b8b46528d/setuptools-70.3.0-py3-none-any.whl"
            },
            {
              "algorithm": "sha256",
              "hash": "f171bab1dfbc86b132997f26a119f6056a57950d058587841a0082e8830f9dc5",
              "url": "https://files.pythonhosted.org/packages/65/d8/10a70e86f6c28ae59f101a9de6d77bf70f147180fbf40c3af0f64080adc3/setuptools-70.3.0.tar.gz"
            }
          ],
          "project_name": "setuptools",
          "requires_dists": [
            "build[virtualenv]>=1.0.3; extra == \"test\"",
            "filelock>=3.4.0; extra == \"test\"",
            "furo; extra == \"doc\"",
            "importlib-metadata; extra == \"test\"",
            "ini2toml[lite]>=0.14; extra == \"test\"",
            "jaraco.develop>=7.21; (python_version >= \"3.9\" and sys_platform != \"cygwin\") and extra == \"test\"",
            "jaraco.envs>=2.2; extra == \"test\"",
            "jaraco.packaging>=9.3; extra == \"doc\"",
            "jaraco.path>=3.2.0; extra == \"test\"",
            "jaraco.test; extra == \"test\"",
            "jaraco.tidelift>=1.4; extra == \"doc\"",
            "mypy==1.10.0; extra == \"test\"",
            "packaging>=23.2; extra == \"test\"",
            "pip>=19.1; extra == \"test\"",
            "pygments-github-lexers==0.0.5; extra == \"doc\"",
            "pyproject-hooks!=1.1; extra == \"doc\"",
            "pyproject-hooks!=1.1; extra == \"test\"",
            "pytest!=8.1.*,>=6; extra == \"test\"",
            "pytest-checkdocs>=2.4; extra == \"test\"",
            "pytest-cov; extra == \"test\"",
            "pytest-enabler>=2.2; extra == \"test\"",
            "pytest-home>=0.5; extra == \"test\"",
            "pytest-mypy; extra == \"test\"",
            "pytest-perf; sys_platform != \"cygwin\" and extra == \"test\"",
            "pytest-ruff>=0.3.2; sys_platform != \"cygwin\" and extra == \"test\"",
            "pytest-subprocess; extra == \"test\"",
            "pytest-timeout; extra == \"test\"",
            "pytest-xdist>=3; extra == \"test\"",
            "rst.linker>=1.9; extra == \"doc\"",
            "sphinx-favicon; extra == \"doc\"",
            "sphinx-inline-tabs; extra == \"doc\"",
            "sphinx-lint; extra == \"doc\"",
            "sphinx-notfound-page<2,>=1; extra == \"doc\"",
            "sphinx-reredirects; extra == \"doc\"",
            "sphinx>=3.5; extra == \"doc\"",
            "sphinxcontrib-towncrier; extra == \"doc\"",
            "tomli-w>=1.0.0; extra == \"test\"",
            "tomli; extra == \"test\"",
            "virtualenv>=13.0.0; extra == \"test\"",
            "wheel; extra == \"test\""
          ],
          "requires_python": ">=3.8",
          "version": "70.3.0"
        },
        {
          "artifacts": [
            {
              "algorithm": "sha256",
              "hash": "8abb2f1d86890a2dfb989f9a77cfcfd3e47c2a354b01111771326f8aa26e0254",
              "url": "https://files.pythonhosted.org/packages/d9/5a/e7c31adbe875f2abbb91bd84cf2dc52d792b5a01506781dbcf25c91daf11/six-1.16.0-py2.py3-none-any.whl"
            },
            {
              "algorithm": "sha256",
              "hash": "1e61c37477a1626458e36f7b1d82aa5c9b094fa4802892072e49de9c60c4c926",
              "url": "https://files.pythonhosted.org/packages/71/39/171f1c67cd00715f190ba0b100d606d440a28c93c7714febeca8b79af85e/six-1.16.0.tar.gz"
            }
          ],
          "project_name": "six",
          "requires_dists": [],
          "requires_python": "!=3.0.*,!=3.1.*,!=3.2.*,>=2.7",
          "version": "1.16.0"
        },
        {
          "artifacts": [
            {
              "algorithm": "sha256",
              "hash": "6b8cb66d960771ce5ff974e9dd45e38facb81718cc1e208b10b1baccbfdbee3b",
              "url": "https://files.pythonhosted.org/packages/c7/1b/af4f4c4f3f7339a4b7eb3c0ab13416db98f8ac09de3399129ee5fdfa282b/types_python_dateutil-2.9.0.20240316-py3-none-any.whl"
            },
            {
              "algorithm": "sha256",
              "hash": "5d2f2e240b86905e40944dd787db6da9263f0deabef1076ddaed797351ec0202",
              "url": "https://files.pythonhosted.org/packages/61/c5/c3a4d72ffa8efc2e78f7897b1c69ec760553246b67d3ce8c4431fac5d4e3/types-python-dateutil-2.9.0.20240316.tar.gz"
            }
          ],
          "project_name": "types-python-dateutil",
          "requires_dists": [],
          "requires_python": ">=3.8",
          "version": "2.9.0.20240316"
        },
        {
          "artifacts": [
            {
              "algorithm": "sha256",
              "hash": "f754283e152c752e46e70942fa2a146b5bc70393522257bb85bd1ef7e019dcc3",
              "url": "https://files.pythonhosted.org/packages/30/4d/cbed87a6912fbd9259ce23a5d4aa1de9816edf75eec6ed9a757c00906c8e/types_requests-2.32.0.20240712-py3-none-any.whl"
            },
            {
              "algorithm": "sha256",
              "hash": "90c079ff05e549f6bf50e02e910210b98b8ff1ebdd18e19c873cd237737c1358",
              "url": "https://files.pythonhosted.org/packages/5e/9e/7663eb27c33568b8fc20ccdaf2a1ce53a9530c42a7cceb9f552a6ff4a1d8/types-requests-2.32.0.20240712.tar.gz"
            }
          ],
          "project_name": "types-requests",
          "requires_dists": [
            "urllib3>=2"
          ],
          "requires_python": ">=3.8",
          "version": "2.32.0.20240712"
        },
        {
          "artifacts": [
            {
              "algorithm": "sha256",
              "hash": "04e5ca0351e0f3f85c6853954072df659d0d13fac324d0072316b67d7794700d",
              "url": "https://files.pythonhosted.org/packages/26/9f/ad63fc0248c5379346306f8668cda6e2e2e9c95e01216d2b8ffd9ff037d0/typing_extensions-4.12.2-py3-none-any.whl"
            },
            {
              "algorithm": "sha256",
              "hash": "1a7ead55c7e559dd4dee8856e3a88b41225abfe1ce8df57b7c13915fe121ffb8",
              "url": "https://files.pythonhosted.org/packages/df/db/f35a00659bc03fec321ba8bce9420de607a1d37f8342eee1863174c69557/typing_extensions-4.12.2.tar.gz"
            }
          ],
          "project_name": "typing-extensions",
          "requires_dists": [],
          "requires_python": ">=3.8",
          "version": "4.12.2"
        },
        {
          "artifacts": [
            {
              "algorithm": "sha256",
              "hash": "a448b2f64d686155468037e1ace9f2d2199776e17f0a46610480d311f73e3472",
              "url": "https://files.pythonhosted.org/packages/ca/1c/89ffc63a9605b583d5df2be791a27bc1a42b7c32bab68d3c8f2f73a98cd4/urllib3-2.2.2-py3-none-any.whl"
            },
            {
              "algorithm": "sha256",
              "hash": "dd505485549a7a552833da5e6063639d0d177c04f23bc3864e41e5dc5f612168",
              "url": "https://files.pythonhosted.org/packages/43/6d/fa469ae21497ddc8bc93e5877702dca7cb8f911e337aca7452b5724f1bb6/urllib3-2.2.2.tar.gz"
            }
          ],
          "project_name": "urllib3",
          "requires_dists": [
            "brotli>=1.0.9; platform_python_implementation == \"CPython\" and extra == \"brotli\"",
            "brotlicffi>=0.8.0; platform_python_implementation != \"CPython\" and extra == \"brotli\"",
            "h2<5,>=4; extra == \"h2\"",
            "pysocks!=1.5.7,<2.0,>=1.5.6; extra == \"socks\"",
            "zstandard>=0.18.0; extra == \"zstd\""
          ],
          "requires_python": ">=3.8",
          "version": "2.2.2"
        }
      ],
      "platform_tag": null
    }
  ],
  "only_builds": [],
  "only_wheels": [],
  "path_mappings": {},
  "pex_version": "2.2.1",
  "pip_version": "23.1.2",
  "prefer_older_binary": false,
  "requirements": [
    "click",
    "loguru",
    "packaging",
    "python-dateutil",
    "requests",
    "setuptools",
    "types-python-dateutil",
    "types-requests",
    "typing-extensions"
  ],
  "requires_python": [
    "<3.10,>=3.9"
  ],
  "resolver_version": "pip-2020-resolver",
  "style": "universal",
  "target_systems": [
    "linux",
    "mac"
  ],
  "transitive": true,
  "use_pep517": null
}
