// This lockfile was autogenerated by Pants. To regenerate, run:
//
//    pants generate-lockfiles --resolve=testtools
//
// --- BEGIN PANTS LOCKFILE METADATA: DO NOT EDIT OR REMOVE ---
// {
//   "version": 3,
//   "valid_for_interpreter_constraints": [
//     "CPython<3.10,>=3.9"
//   ],
//   "generated_with_requirements": [
//     "coverage",
//     "pydevd-pycharm==223.8617.48",
//     "pytest",
//     "pytest-vcr"
//   ],
//   "manylinux": "manylinux2014",
//   "requirement_constraints": [],
//   "only_binary": [],
//   "no_binary": []
// }
// --- END PANTS LOCKFILE METADATA ---

{
  "allow_builds": true,
  "allow_prereleases": false,
  "allow_wheels": true,
  "build_isolation": true,
  "constraints": [],
  "locked_resolves": [
    {
      "locked_requirements": [
        {
          "artifacts": [
            {
              "algorithm": "sha256",
              "hash": "6fe885135c8a479d3e37a7aae61cbd3a0fb2deccb4dda3c25f92a49189f766d6",
              "url": "https://files.pythonhosted.org/packages/ea/69/2b79b6b37c57cd05c85b76ec5ceabf7e091ab0f4986dfefaddbb468881c0/coverage-7.6.0-pp38.pp39.pp310-none-any.whl"
            },
            {
              "algorithm": "sha256",
              "hash": "46c3d091059ad0b9c59d1034de74a7f36dcfa7f6d3bde782c49deb42438f2450",
              "url": "https://files.pythonhosted.org/packages/22/ee/94cb9454a4573c40e20075823f8e6ce8494cd0995a8f8e8ab20d9d4a9f62/coverage-7.6.0-cp39-cp39-manylinux_2_5_x86_64.manylinux1_x86_64.manylinux_2_17_x86_64.manylinux2014_x86_64.whl"
            },
            {
              "algorithm": "sha256",
              "hash": "c4cbe651f3904e28f3a55d6f371203049034b4ddbce65a54527a3f189ca3b390",
              "url": "https://files.pythonhosted.org/packages/41/35/915fa75c39c53b45f19d06bedb199d06d27728a81a2aff073efd9f6ddeef/coverage-7.6.0-cp39-cp39-manylinux_2_17_aarch64.manylinux2014_aarch64.whl"
            },
            {
              "algorithm": "sha256",
              "hash": "7221f9ac9dad9492cecab6f676b3eaf9185141539d5c9689d13fd6b0d7de840c",
              "url": "https://files.pythonhosted.org/packages/42/83/812e55211d64eebe69e36d2c3561d0e2873e7efcd7ddbc510883510dd0f9/coverage-7.6.0-cp39-cp39-macosx_10_9_x86_64.whl"
            },
            {
              "algorithm": "sha256",
              "hash": "07ed352205574aad067482e53dd606926afebcb5590653121063fbf4e2175166",
              "url": "https://files.pythonhosted.org/packages/47/c5/48cdad28cd0ad5c9650e1ca1fe708816573dfa2506ba9932f3d734aea25d/coverage-7.6.0-cp39-cp39-musllinux_1_2_i686.whl"
            },
            {
              "algorithm": "sha256",
              "hash": "289cc803fa1dc901f84701ac10c9ee873619320f2f9aff38794db4a4a0268d51",
              "url": "https://files.pythonhosted.org/packages/64/c8/a94ce9e17756aed521085ae716d627623374d34f92c1daf7162272ecb030/coverage-7.6.0.tar.gz"
            },
            {
              "algorithm": "sha256",
              "hash": "4d5fae0a22dc86259dee66f2cc6c1d3e490c4a1214d7daa2a93d07491c5c04b6",
              "url": "https://files.pythonhosted.org/packages/9c/a6/d99a2ff9e621f9711758cb3a0f8e27200bc818a40c51212e6536255ac6be/coverage-7.6.0-cp39-cp39-musllinux_1_2_aarch64.whl"
            },
            {
              "algorithm": "sha256",
              "hash": "49c76cdfa13015c4560702574bad67f0e15ca5a2872c6a125f6327ead2b731dd",
              "url": "https://files.pythonhosted.org/packages/b1/62/34566fa66682bdea5783a7f83043f69f9c2ba8e912d275b4b76e7142702c/coverage-7.6.0-cp39-cp39-musllinux_1_2_x86_64.whl"
            },
            {
              "algorithm": "sha256",
              "hash": "831b476d79408ab6ccfadaaf199906c833f02fdb32c9ab907b1d4aa0713cfa3b",
              "url": "https://files.pythonhosted.org/packages/b4/47/7a36b59a530c5eb4f62f4d92f0f379a7347470ecde933cd1b1f4ccddcb7f/coverage-7.6.0-cp39-cp39-manylinux_2_5_i686.manylinux1_i686.manylinux_2_17_i686.manylinux2014_i686.whl"
            },
            {
              "algorithm": "sha256",
              "hash": "ddaaa91bfc4477d2871442bbf30a125e8fe6b05da8a0015507bfbf4718228ab2",
              "url": "https://files.pythonhosted.org/packages/ea/9e/5221ceb428d6e0189ed6039fec8400a788f77c6ad41b2db9f0ce48ec317c/coverage-7.6.0-cp39-cp39-macosx_11_0_arm64.whl"
            }
          ],
          "project_name": "coverage",
          "requires_dists": [
            "tomli; python_full_version <= \"3.11.0a6\" and extra == \"toml\""
          ],
          "requires_python": ">=3.8",
          "version": "7.6.0"
        },
        {
          "artifacts": [
            {
              "algorithm": "sha256",
              "hash": "5258b9ed329c5bbdd31a309f53cbfb0b155341807f6ff7606a1e801a891b29ad",
              "url": "https://files.pythonhosted.org/packages/01/90/79fe92dd413a9cab314ef5c591b5aa9b9ba787ae4cadab75055b0ae00b33/exceptiongroup-1.2.1-py3-none-any.whl"
            },
            {
              "algorithm": "sha256",
              "hash": "a4785e48b045528f5bfe627b6ad554ff32def154f42372786903b7abcfe1aa16",
              "url": "https://files.pythonhosted.org/packages/a0/65/d66b7fbaef021b3c954b3bbb196d21d8a4b97918ea524f82cfae474215af/exceptiongroup-1.2.1.tar.gz"
            }
          ],
          "project_name": "exceptiongroup",
          "requires_dists": [
            "pytest>=6; extra == \"test\""
          ],
          "requires_python": ">=3.7",
          "version": "1.2.1"
        },
        {
          "artifacts": [
            {
              "algorithm": "sha256",
              "hash": "82fee1fc78add43492d3a1898bfa6d8a904cc97d8427f683ed8e798d07761aa0",
              "url": "https://files.pythonhosted.org/packages/e5/3e/741d8c82801c347547f8a2a06aa57dbb1992be9e948df2ea0eda2c8b79e8/idna-3.7-py3-none-any.whl"
            },
            {
              "algorithm": "sha256",
              "hash": "028ff3aadf0609c1fd278d8ea3089299412a7a8b9bd005dd08b9f8285bcb5cfc",
              "url": "https://files.pythonhosted.org/packages/21/ed/f86a79a07470cb07819390452f178b3bef1d375f2ec021ecfc709fc7cf07/idna-3.7.tar.gz"
            }
          ],
          "project_name": "idna",
          "requires_dists": [],
          "requires_python": ">=3.5",
          "version": "3.7"
        },
        {
          "artifacts": [
            {
              "algorithm": "sha256",
              "hash": "b6a85871a79d2e3b22d2d1b94ac2824226a63c6b741c88f7ae975f18b6778374",
              "url": "https://files.pythonhosted.org/packages/ef/a6/62565a6e1cf69e10f5727360368e451d4b7f58beeac6173dc9db836a5b46/iniconfig-2.0.0-py3-none-any.whl"
            },
            {
              "algorithm": "sha256",
              "hash": "2d91e135bf72d31a410b17c16da610a82cb55f6b0477d1a902134b24a455b8b3",
              "url": "https://files.pythonhosted.org/packages/d7/4b/cbd8e699e64a6f16ca3a8220661b5f83792b3017d0f79807cb8708d33913/iniconfig-2.0.0.tar.gz"
            }
          ],
          "project_name": "iniconfig",
          "requires_dists": [],
          "requires_python": ">=3.7",
          "version": "2.0.0"
        },
        {
          "artifacts": [
            {
              "algorithm": "sha256",
              "hash": "0d63c74e3d7ab26de115c49bffc92cc77ed23395303d496eae515d4204a625e7",
              "url": "https://files.pythonhosted.org/packages/fa/a2/17e1e23c6be0a916219c5292f509360c345b5fa6beeb50d743203c27532c/multidict-6.0.5-py3-none-any.whl"
            },
            {
              "algorithm": "sha256",
              "hash": "ea1456df2a27c73ce51120fa2f519f1bea2f4a03a917f4a43c8707cf4cbbae1a",
              "url": "https://files.pythonhosted.org/packages/1a/25/f4b60a34dde70c475f4dcaeb4796c256db80d2e03198052d0c3cee5d5fbb/multidict-6.0.5-cp39-cp39-macosx_11_0_arm64.whl"
            },
            {
              "algorithm": "sha256",
              "hash": "cd6c8fca38178e12c00418de737aef1261576bd1b6e8c6134d3e729a4e858b38",
              "url": "https://files.pythonhosted.org/packages/1b/52/6e984685d048f6728807c3fd9b8a6e3e3d51a06a4d6665d6e0102115455d/multidict-6.0.5-cp39-cp39-musllinux_1_1_ppc64le.whl"
            },
            {
              "algorithm": "sha256",
              "hash": "c0868d64af83169e4d4152ec612637a543f7a336e4a307b119e98042e852ad9c",
              "url": "https://files.pythonhosted.org/packages/39/a9/1f8d42c8103bcb1da6bb719f1bc018594b5acc8eae56b3fec4720ebee225/multidict-6.0.5-cp39-cp39-manylinux_2_17_x86_64.manylinux2014_x86_64.whl"
            },
            {
              "algorithm": "sha256",
              "hash": "e02021f87a5b6932fa6ce916ca004c4d441509d33bbdbeca70d05dff5e9d2479",
              "url": "https://files.pythonhosted.org/packages/76/c0/3aa6238557ed1d235be70d9c3f86d63a835c421b76073b8ce06bf32725e8/multidict-6.0.5-cp39-cp39-musllinux_1_1_s390x.whl"
            },
            {
              "algorithm": "sha256",
              "hash": "1d9ea7a7e779d7a3561aade7d596649fbecfa5c08a7674b11b423783217933f9",
              "url": "https://files.pythonhosted.org/packages/7d/5c/c364a77b37f580cc28da4194b77ed04286c7631933d3e64fdae40f1972e2/multidict-6.0.5-cp39-cp39-macosx_10_9_x86_64.whl"
            },
            {
              "algorithm": "sha256",
              "hash": "dce1c6912ab9ff5f179eaf6efe7365c1f425ed690b03341911bf4939ef2f3046",
              "url": "https://files.pythonhosted.org/packages/7d/e9/95746d0c7c40bb0f43fc5424b7d7cf783e8638ce67f05fa677fff9ad76bb/multidict-6.0.5-cp39-cp39-manylinux_2_17_s390x.manylinux2014_s390x.whl"
            },
            {
              "algorithm": "sha256",
              "hash": "ebd8d160f91a764652d3e51ce0d2956b38efe37c9231cd82cfc0bed2e40b581c",
              "url": "https://files.pythonhosted.org/packages/85/82/02ed81023b5812582bf7c46e8e2868ffd6a29f8c313af1dd76e82e243c39/multidict-6.0.5-cp39-cp39-musllinux_1_1_x86_64.whl"
            },
            {
              "algorithm": "sha256",
              "hash": "141b43360bfd3bdd75f15ed811850763555a251e38b2405967f8e25fb43f7d40",
              "url": "https://files.pythonhosted.org/packages/b5/f8/c8abbe7c425497d8bf997b1fffd9650ca175325ff397fadc9d63ae5dc027/multidict-6.0.5-cp39-cp39-manylinux_2_5_i686.manylinux1_i686.manylinux_2_17_i686.manylinux2014_i686.whl"
            },
            {
              "algorithm": "sha256",
              "hash": "7df704ca8cf4a073334e0427ae2345323613e4df18cc224f647f251e5e75a527",
              "url": "https://files.pythonhosted.org/packages/c2/bb/242664de860cd1201f4d207f0bd2011c1a730877e1dbffbe5d6ec4089e2d/multidict-6.0.5-cp39-cp39-musllinux_1_1_aarch64.whl"
            },
            {
              "algorithm": "sha256",
              "hash": "e7be68734bd8c9a513f2b0cfd508802d6609da068f40dc57d4e3494cefc92929",
              "url": "https://files.pythonhosted.org/packages/c6/7c/c8f4445389c0bbc5ea85d1e737233c257f314d0f836a6644e097a5ef512f/multidict-6.0.5-cp39-cp39-macosx_10_9_universal2.whl"
            },
            {
              "algorithm": "sha256",
              "hash": "5c0631926c4f58e9a5ccce555ad7747d9a9f8b10619621f22f9635f069f6233e",
              "url": "https://files.pythonhosted.org/packages/c9/ee/a4775297550dfb127641bd335d00d6d896e4ba5cf0216f78654e5ad6ac80/multidict-6.0.5-cp39-cp39-manylinux_2_17_ppc64le.manylinux2014_ppc64le.whl"
            },
            {
              "algorithm": "sha256",
              "hash": "cf590b134eb70629e350691ecca88eac3e3b8b3c86992042fb82e3cb1830d5e1",
              "url": "https://files.pythonhosted.org/packages/d0/10/2ff646c471e84af25fe8111985ffb8ec85a3f6e1ade8643bfcfcc0f4d2b1/multidict-6.0.5-cp39-cp39-manylinux_2_17_aarch64.manylinux2014_aarch64.whl"
            },
            {
              "algorithm": "sha256",
              "hash": "6214c5a5571802c33f80e6c84713b2c79e024995b9c5897f794b43e714daeec9",
              "url": "https://files.pythonhosted.org/packages/f6/5b/35d20c85b8ccd0c9afc47b8dd46e028b6650ad9660a4b6ad191301d220f5/multidict-6.0.5-cp39-cp39-musllinux_1_1_i686.whl"
            },
            {
              "algorithm": "sha256",
              "hash": "f7e301075edaf50500f0b341543c41194d8df3ae5caf4702f2095f3ca73dd8da",
              "url": "https://files.pythonhosted.org/packages/f9/79/722ca999a3a09a63b35aac12ec27dfa8e5bb3a38b0f857f7a1a209a88836/multidict-6.0.5.tar.gz"
            }
          ],
          "project_name": "multidict",
          "requires_dists": [],
          "requires_python": ">=3.7",
          "version": "6.0.5"
        },
        {
          "artifacts": [
            {
              "algorithm": "sha256",
              "hash": "5b8f2217dbdbd2f7f384c41c628544e6d52f2d0f53c6d0c3ea61aa5d1d7ff124",
              "url": "https://files.pythonhosted.org/packages/08/aa/cc0199a5f0ad350994d660967a8efb233fe0416e4639146c089643407ce6/packaging-24.1-py3-none-any.whl"
            },
            {
              "algorithm": "sha256",
              "hash": "026ed72c8ed3fcce5bf8950572258698927fd1dbda10a5e981cdf0ac37f4f002",
              "url": "https://files.pythonhosted.org/packages/51/65/50db4dda066951078f0a96cf12f4b9ada6e4b811516bf0262c0f4f7064d4/packaging-24.1.tar.gz"
            }
          ],
          "project_name": "packaging",
          "requires_dists": [],
          "requires_python": ">=3.8",
          "version": "24.1"
        },
        {
          "artifacts": [
            {
              "algorithm": "sha256",
              "hash": "44e1ad92c8ca002de6377e165f3e0f1be63266ab4d554740532335b9d75ea669",
              "url": "https://files.pythonhosted.org/packages/88/5f/e351af9a41f866ac3f1fac4ca0613908d9a41741cfcf2228f4ad853b697d/pluggy-1.5.0-py3-none-any.whl"
            },
            {
              "algorithm": "sha256",
              "hash": "2cffa88e94fdc978c4c574f15f9e59b7f4201d439195c3715ca9e2486f1d0cf1",
              "url": "https://files.pythonhosted.org/packages/96/2d/02d4312c973c6050a18b314a5ad0b3210edb65a906f868e31c111dede4a6/pluggy-1.5.0.tar.gz"
            }
          ],
          "project_name": "pluggy",
          "requires_dists": [
            "pre-commit; extra == \"dev\"",
            "pytest-benchmark; extra == \"testing\"",
            "pytest; extra == \"testing\"",
            "tox; extra == \"dev\""
          ],
          "requires_python": ">=3.8",
          "version": "1.5.0"
        },
        {
          "artifacts": [
            {
              "algorithm": "sha256",
              "hash": "5a49887e4ababf221825c6f20d677edef03af6baf3652d25f1e43091341421d8",
              "url": "https://files.pythonhosted.org/packages/a3/7e/c175d941e48417980092fc170935b535546b8643e0b5b5493f302539e571/pydevd-pycharm-223.8617.48.tar.gz"
            }
          ],
          "project_name": "pydevd-pycharm",
          "requires_dists": [],
          "requires_python": null,
          "version": "223.8617.48"
        },
        {
          "artifacts": [
            {
              "algorithm": "sha256",
              "hash": "c434598117762e2bd304e526244f67bf66bbd7b5d6cf22138be51ff661980343",
              "url": "https://files.pythonhosted.org/packages/4e/e7/81ebdd666d3bff6670d27349b5053605d83d55548e6bd5711f3b0ae7dd23/pytest-8.2.2-py3-none-any.whl"
            },
            {
              "algorithm": "sha256",
              "hash": "de4bb8104e201939ccdc688b27a89a7be2079b22e2bd2b07f806b6ba71117977",
              "url": "https://files.pythonhosted.org/packages/a6/58/e993ca5357553c966b9e73cb3475d9c935fe9488746e13ebdf9b80fae508/pytest-8.2.2.tar.gz"
            }
          ],
          "project_name": "pytest",
          "requires_dists": [
            "argcomplete; extra == \"dev\"",
            "attrs>=19.2; extra == \"dev\"",
            "colorama; sys_platform == \"win32\"",
            "exceptiongroup>=1.0.0rc8; python_version < \"3.11\"",
            "hypothesis>=3.56; extra == \"dev\"",
            "iniconfig",
            "mock; extra == \"dev\"",
            "packaging",
            "pluggy<2.0,>=1.5",
            "pygments>=2.7.2; extra == \"dev\"",
            "requests; extra == \"dev\"",
            "setuptools; extra == \"dev\"",
            "tomli>=1; python_version < \"3.11\"",
            "xmlschema; extra == \"dev\""
          ],
          "requires_python": ">=3.8",
          "version": "8.2.2"
        },
        {
          "artifacts": [
            {
              "algorithm": "sha256",
              "hash": "2f316e0539399bea0296e8b8401145c62b6f85e9066af7e57b6151481b0d6d9c",
              "url": "https://files.pythonhosted.org/packages/9d/d3/ff520d11e6ee400602711d1ece8168dcfc5b6d8146fb7db4244a6ad6a9c3/pytest_vcr-1.0.2-py2.py3-none-any.whl"
            },
            {
              "algorithm": "sha256",
              "hash": "23ee51b75abbcc43d926272773aae4f39f93aceb75ed56852d0bf618f92e1896",
              "url": "https://files.pythonhosted.org/packages/1a/60/104c619483c1a42775d3f8b27293f1ecfc0728014874d065e68cb9702d49/pytest-vcr-1.0.2.tar.gz"
            }
          ],
          "project_name": "pytest-vcr",
          "requires_dists": [
            "pytest>=3.6.0",
            "vcrpy"
          ],
          "requires_python": null,
          "version": "1.0.2"
        },
        {
          "artifacts": [
            {
              "algorithm": "sha256",
              "hash": "04ac92ad1925b2cff1db0cfebffb6ffc43457495c9b3c39d3fcae417d7125dc5",
              "url": "https://files.pythonhosted.org/packages/40/da/a175a35cf5583580e90ac3e2a3dbca90e43011593ae62ce63f79d7b28d92/PyYAML-6.0.1-cp39-cp39-musllinux_1_1_x86_64.whl"
            },
            {
              "algorithm": "sha256",
              "hash": "c8098ddcc2a85b61647b2590f825f3db38891662cfc2fc776415143f599bb859",
              "url": "https://files.pythonhosted.org/packages/0e/88/21b2f16cb2123c1e9375f2c93486e35fdc86e63f02e274f0e99c589ef153/PyYAML-6.0.1-cp39-cp39-macosx_11_0_arm64.whl"
            },
            {
              "algorithm": "sha256",
              "hash": "b786eecbdf8499b9ca1d697215862083bd6d2a99965554781d0d8d1ad31e13a0",
              "url": "https://files.pythonhosted.org/packages/4a/4b/c71ef18ef83c82f99e6da8332910692af78ea32bd1d1d76c9787dfa36aea/PyYAML-6.0.1-cp39-cp39-manylinux_2_17_s390x.manylinux2014_s390x.whl"
            },
            {
              "algorithm": "sha256",
              "hash": "9eb6caa9a297fc2c2fb8862bc5370d0303ddba53ba97e71f08023b6cd73d16a8",
              "url": "https://files.pythonhosted.org/packages/57/c5/5d09b66b41d549914802f482a2118d925d876dc2a35b2d127694c1345c34/PyYAML-6.0.1-cp39-cp39-macosx_10_9_x86_64.whl"
            },
            {
              "algorithm": "sha256",
              "hash": "bc1bf2925a1ecd43da378f4db9e4f799775d6367bdb94671027b73b393a7c42c",
              "url": "https://files.pythonhosted.org/packages/7d/39/472f2554a0f1e825bd7c5afc11c817cd7a2f3657460f7159f691fbb37c51/PyYAML-6.0.1-cp39-cp39-manylinux_2_17_x86_64.manylinux2014_x86_64.whl"
            },
            {
              "algorithm": "sha256",
              "hash": "5773183b6446b2c99bb77e77595dd486303b4faab2b086e7b17bc6bef28865f6",
              "url": "https://files.pythonhosted.org/packages/ac/6c/967d91a8edf98d2b2b01d149bd9e51b8f9fb527c98d80ebb60c6b21d60c4/PyYAML-6.0.1-cp39-cp39-manylinux_2_17_aarch64.manylinux2014_aarch64.whl"
            },
            {
              "algorithm": "sha256",
              "hash": "bfdf460b1736c775f2ba9f6a92bca30bc2095067b8a9d77876d1fad6cc3b4a43",
              "url": "https://files.pythonhosted.org/packages/cd/e5/af35f7ea75cf72f2cd079c95ee16797de7cd71f29ea7c68ae5ce7be1eda0/PyYAML-6.0.1.tar.gz"
            }
          ],
          "project_name": "pyyaml",
          "requires_dists": [],
          "requires_python": ">=3.6",
          "version": "6.0.1"
        },
        {
          "artifacts": [
            {
              "algorithm": "sha256",
              "hash": "939de3e7a6161af0c887ef91b7d41a53e7c5a1ca976325f429cb46ea9bc30ecc",
              "url": "https://files.pythonhosted.org/packages/97/75/10a9ebee3fd790d20926a90a2547f0bf78f371b2f13aa822c759680ca7b9/tomli-2.0.1-py3-none-any.whl"
            },
            {
              "algorithm": "sha256",
              "hash": "de526c12914f0c550d15924c62d72abc48d6fe7364aa87328337a31007fe8a4f",
              "url": "https://files.pythonhosted.org/packages/c0/3f/d7af728f075fb08564c5949a9c95e44352e23dee646869fa104a3b2060a3/tomli-2.0.1.tar.gz"
            }
          ],
          "project_name": "tomli",
          "requires_dists": [],
          "requires_python": ">=3.7",
          "version": "2.0.1"
        },
        {
          "artifacts": [
            {
              "algorithm": "sha256",
              "hash": "37a0344459b199fce0e80b0d3569837ec6b6937435c5244e7fd73fa6006830f3",
              "url": "https://files.pythonhosted.org/packages/ae/6a/99eaaeae8becaa17a29aeb334a18e5d582d873b6f084c11f02581b8d7f7f/urllib3-1.26.19-py2.py3-none-any.whl"
            },
            {
              "algorithm": "sha256",
              "hash": "3e3d753a8618b86d7de333b4223005f68720bcd6a7d2bcb9fbd2229ec7c1e429",
              "url": "https://files.pythonhosted.org/packages/c8/93/65e479b023bbc46dab3e092bda6b0005424ea3217d711964ccdede3f9b1b/urllib3-1.26.19.tar.gz"
            }
          ],
          "project_name": "urllib3",
          "requires_dists": [
            "PySocks!=1.5.7,<2.0,>=1.5.6; extra == \"socks\"",
            "brotli==1.0.9; (os_name != \"nt\" and python_version < \"3\" and platform_python_implementation == \"CPython\") and extra == \"brotli\"",
            "brotli>=1.0.9; (python_version >= \"3\" and platform_python_implementation == \"CPython\") and extra == \"brotli\"",
            "brotlicffi>=0.8.0; ((os_name != \"nt\" or python_version >= \"3\") and platform_python_implementation != \"CPython\") and extra == \"brotli\"",
            "brotlipy>=0.6.0; (os_name == \"nt\" and python_version < \"3\") and extra == \"brotli\"",
            "certifi; extra == \"secure\"",
            "cryptography>=1.3.4; extra == \"secure\"",
            "idna>=2.0.0; extra == \"secure\"",
            "ipaddress; python_version == \"2.7\" and extra == \"secure\"",
            "pyOpenSSL>=0.14; extra == \"secure\"",
            "urllib3-secure-extra; extra == \"secure\""
          ],
          "requires_python": "!=3.0.*,!=3.1.*,!=3.2.*,!=3.3.*,!=3.4.*,!=3.5.*,>=2.7",
          "version": "1.26.19"
        },
        {
          "artifacts": [
            {
              "algorithm": "sha256",
              "hash": "9e023fee7f892baa0bbda2f7da7c8ac51165c1c6e38ff8688683a12a4bde9278",
              "url": "https://files.pythonhosted.org/packages/bf/59/9fe85bf7af469bdb0ab8416c76cde630cdff6d1790ecb87e5a58f259c89c/vcrpy-6.0.1.tar.gz"
            }
          ],
          "project_name": "vcrpy",
          "requires_dists": [
            "PyYAML",
            "Werkzeug==2.0.3; extra == \"tests\"",
            "aiohttp; extra == \"tests\"",
            "boto3; extra == \"tests\"",
            "httplib2; extra == \"tests\"",
            "httpx; extra == \"tests\"",
            "pytest-aiohttp; extra == \"tests\"",
            "pytest-asyncio; extra == \"tests\"",
            "pytest-cov; extra == \"tests\"",
            "pytest-httpbin; extra == \"tests\"",
            "pytest; extra == \"tests\"",
            "requests>=2.22.0; extra == \"tests\"",
            "tornado; extra == \"tests\"",
            "urllib3; extra == \"tests\"",
            "urllib3<2; platform_python_implementation == \"PyPy\"",
            "urllib3<2; python_version < \"3.10\"",
            "wrapt",
            "yarl"
          ],
          "requires_python": ">=3.8",
          "version": "6.0.1"
        },
        {
          "artifacts": [
            {
              "algorithm": "sha256",
              "hash": "6906c4100a8fcbf2fa735f6059214bb13b97f75b1a61777fcf6432121ef12ef1",
              "url": "https://files.pythonhosted.org/packages/ff/21/abdedb4cdf6ff41ebf01a74087740a709e2edb146490e4d9beea054b0b7a/wrapt-1.16.0-py3-none-any.whl"
            },
            {
              "algorithm": "sha256",
              "hash": "c5cd603b575ebceca7da5a3a251e69561bec509e0b46e4993e1cac402b7247b8",
              "url": "https://files.pythonhosted.org/packages/28/d3/4f079f649c515727c127c987b2ec2e0816b80d95784f2d28d1a57d2a1029/wrapt-1.16.0-cp39-cp39-manylinux_2_17_aarch64.manylinux2014_aarch64.whl"
            },
            {
              "algorithm": "sha256",
              "hash": "2076fad65c6736184e77d7d4729b63a6d1ae0b70da4868adeec40989858eb3fb",
              "url": "https://files.pythonhosted.org/packages/4a/cc/3402bcc897978be00fef608cd9e3e39ec8869c973feeb5e1e277670e5ad2/wrapt-1.16.0-cp39-cp39-macosx_11_0_arm64.whl"
            },
            {
              "algorithm": "sha256",
              "hash": "9b201ae332c3637a42f02d1045e1d0cccfdc41f1f2f801dafbaa7e9b4797bfc2",
              "url": "https://files.pythonhosted.org/packages/70/cc/b92e1da2cad6a9f8ee481000ece07a35e3b24e041e60ff8b850c079f0ebf/wrapt-1.16.0-cp39-cp39-macosx_10_9_x86_64.whl"
            },
            {
              "algorithm": "sha256",
              "hash": "5f370f952971e7d17c7d1ead40e49f32345a7f7a5373571ef44d800d06b1899d",
              "url": "https://files.pythonhosted.org/packages/95/4c/063a912e20bcef7124e0df97282a8af3ff3e4b603ce84c481d6d7346be0a/wrapt-1.16.0.tar.gz"
            },
            {
              "algorithm": "sha256",
              "hash": "db2e408d983b0e61e238cf579c09ef7020560441906ca990fe8412153e3b291f",
              "url": "https://files.pythonhosted.org/packages/96/e8/27ef35cf61e5147c1c3abcb89cfbb8d691b2bb8364803fcc950140bc14d8/wrapt-1.16.0-cp39-cp39-musllinux_1_1_i686.whl"
            },
            {
              "algorithm": "sha256",
              "hash": "b47cfad9e9bbbed2339081f4e346c93ecd7ab504299403320bf85f7f85c7d46c",
              "url": "https://files.pythonhosted.org/packages/a3/1c/226c2a4932e578a2241dcb383f425995f80224b446f439c2e112eb51c3a6/wrapt-1.16.0-cp39-cp39-manylinux_2_5_i686.manylinux1_i686.manylinux_2_17_i686.manylinux2014_i686.whl"
            },
            {
              "algorithm": "sha256",
              "hash": "f8212564d49c50eb4565e502814f694e240c55551a5f1bc841d4fcaabb0a9b8a",
              "url": "https://files.pythonhosted.org/packages/b1/e7/459a8a4f40f2fa65eb73cb3f339e6d152957932516d18d0e996c7ae2d7ae/wrapt-1.16.0-cp39-cp39-manylinux_2_5_x86_64.manylinux1_x86_64.manylinux_2_17_x86_64.manylinux2014_x86_64.whl"
            },
            {
              "algorithm": "sha256",
              "hash": "edfad1d29c73f9b863ebe7082ae9321374ccb10879eeabc84ba3b69f2579d537",
              "url": "https://files.pythonhosted.org/packages/b6/ad/7a0766341081bfd9f18a7049e4d6d45586ae5c5bb0a640f05e2f558e849c/wrapt-1.16.0-cp39-cp39-musllinux_1_1_x86_64.whl"
            },
            {
              "algorithm": "sha256",
              "hash": "5f15814a33e42b04e3de432e573aa557f9f0f56458745c2074952f564c50e664",
              "url": "https://files.pythonhosted.org/packages/da/6f/6d0b3c4983f1fc764a422989dabc268ee87d937763246cd48aa92f1eed1e/wrapt-1.16.0-cp39-cp39-musllinux_1_1_aarch64.whl"
            }
          ],
          "project_name": "wrapt",
          "requires_dists": [],
          "requires_python": ">=3.6",
          "version": "1.16.0"
        },
        {
          "artifacts": [
            {
              "algorithm": "sha256",
              "hash": "928cecb0ef9d5a7946eb6ff58417ad2fe9375762382f1bf5c55e61645f2c43ad",
              "url": "https://files.pythonhosted.org/packages/4d/05/4d79198ae568a92159de0f89e710a8d19e3fa267b719a236582eee921f4a/yarl-1.9.4-py3-none-any.whl"
            },
            {
              "algorithm": "sha256",
              "hash": "604f31d97fa493083ea21bd9b92c419012531c4e17ea6da0f65cacdcf5d0bd27",
              "url": "https://files.pythonhosted.org/packages/34/e7/9d51111429691ffdfb6ce526b2dd2b66fc9d2746df053ecb4062a3969f65/yarl-1.9.4-cp39-cp39-macosx_10_9_universal2.whl"
            },
            {
              "algorithm": "sha256",
              "hash": "1f23e4fe1e8794f74b6027d7cf19dc25f8b63af1483d91d595d4a07eca1fb26c",
              "url": "https://files.pythonhosted.org/packages/3d/4d/b8a950fd92a3aa5c95039731d2eda32a701ac0c789663827e67e398c166a/yarl-1.9.4-cp39-cp39-musllinux_1_1_s390x.whl"
            },
            {
              "algorithm": "sha256",
              "hash": "ddb2a5c08a4eaaba605340fdee8fc08e406c56617566d9643ad8bf6852778fc7",
              "url": "https://files.pythonhosted.org/packages/46/8c/02d0c2eed8c6b41de0f8f26aeefc7a285779cbb370cc7bf043285de18a75/yarl-1.9.4-cp39-cp39-manylinux_2_5_i686.manylinux1_i686.manylinux_2_17_i686.manylinux2014_i686.whl"
            },
            {
              "algorithm": "sha256",
              "hash": "db8e58b9d79200c76956cefd14d5c90af54416ff5353c5bfd7cbe58818e26ef0",
              "url": "https://files.pythonhosted.org/packages/57/68/bfac2e16a15af85234cbd2a5c82abb33caa98e981abbfd6e0f9458b6d1a9/yarl-1.9.4-cp39-cp39-musllinux_1_1_x86_64.whl"
            },
            {
              "algorithm": "sha256",
              "hash": "29e0f83f37610f173eb7e7b5562dd71467993495e568e708d99e9d1944f561ec",
              "url": "https://files.pythonhosted.org/packages/65/ac/b5a3cc5bf4675db5d27ec92453e562f3ee4bfef5133ed071880ac07125e9/yarl-1.9.4-cp39-cp39-musllinux_1_1_ppc64le.whl"
            },
            {
              "algorithm": "sha256",
              "hash": "23d32a2594cb5d565d358a92e151315d1b2268bc10f4610d098f96b147370136",
              "url": "https://files.pythonhosted.org/packages/69/ea/d7e961ea9b1b818a43b155ee512117be6ab9ab67c1e94967b2e64126e8e4/yarl-1.9.4-cp39-cp39-manylinux_2_17_x86_64.manylinux2014_x86_64.whl"
            },
            {
              "algorithm": "sha256",
              "hash": "8a854227cf581330ffa2c4824d96e52ee621dd571078a252c25e3a3b3d94a1b1",
              "url": "https://files.pythonhosted.org/packages/8f/0f/9fa6f044b04267d22ec29df23936ffd4bf4572ccecd889c6b2b1761c2c5c/yarl-1.9.4-cp39-cp39-macosx_10_9_x86_64.whl"
            },
            {
              "algorithm": "sha256",
              "hash": "18580f672e44ce1238b82f7fb87d727c4a131f3a9d33a5e0e82b793362bf18b4",
              "url": "https://files.pythonhosted.org/packages/96/f1/c2af401567c7b32f908195c8c1a807670f20ea62e10866b71e1d9e3860a1/yarl-1.9.4-cp39-cp39-musllinux_1_1_i686.whl"
            },
            {
              "algorithm": "sha256",
              "hash": "26a1dc6285e03f3cc9e839a2da83bcbf31dcb0d004c72d0730e755b33466c30e",
              "url": "https://files.pythonhosted.org/packages/c2/5c/093c1fd1d8e95b1de4feb282fa3d9c3172c6d8cb5be2cfa19ca0170f9287/yarl-1.9.4-cp39-cp39-musllinux_1_1_aarch64.whl"
            },
            {
              "algorithm": "sha256",
              "hash": "a6327976c7c2f4ee6816eff196e25385ccc02cb81427952414a64811037bbc8b",
              "url": "https://files.pythonhosted.org/packages/c6/d6/5b30ae1d8a13104ee2ceb649f28f2db5ad42afbd5697fd0fc61528bb112c/yarl-1.9.4-cp39-cp39-manylinux_2_17_aarch64.manylinux2014_aarch64.whl"
            },
            {
              "algorithm": "sha256",
              "hash": "8397a3817d7dcdd14bb266283cd1d6fc7264a48c186b986f32e86d86d35fbac5",
              "url": "https://files.pythonhosted.org/packages/d0/50/af41ddf09ff0a6a3f952288ff4ed703a1a6ecc0fbb3a6a9fe50bd33dc7cc/yarl-1.9.4-cp39-cp39-manylinux_2_17_ppc64le.manylinux2014_ppc64le.whl"
            },
            {
              "algorithm": "sha256",
              "hash": "566db86717cf8080b99b58b083b773a908ae40f06681e87e589a976faf8246bf",
              "url": "https://files.pythonhosted.org/packages/e0/ad/bedcdccbcbf91363fd425a948994f3340924145c2bc8ccb296f4a1e52c28/yarl-1.9.4.tar.gz"
            },
            {
              "algorithm": "sha256",
              "hash": "e0381b4ce23ff92f8170080c97678040fc5b08da85e9e292292aba67fdac6c34",
              "url": "https://files.pythonhosted.org/packages/ec/17/376715c245a28f81f01e72e832d84404cffd29576fcc645ee40e3c03f5f4/yarl-1.9.4-cp39-cp39-manylinux_2_17_s390x.manylinux2014_s390x.whl"
            },
            {
              "algorithm": "sha256",
              "hash": "ba6f52cbc7809cd8d74604cce9c14868306ae4aa0282016b641c661f981a6e91",
              "url": "https://files.pythonhosted.org/packages/f9/b0/c213007560d001c9908649ff4b1dd11d1ff388235e773828e19d4637f502/yarl-1.9.4-cp39-cp39-macosx_11_0_arm64.whl"
            }
          ],
          "project_name": "yarl",
          "requires_dists": [
            "idna>=2.0",
            "multidict>=4.0",
            "typing-extensions>=3.7.4; python_version < \"3.8\""
          ],
          "requires_python": ">=3.7",
          "version": "1.9.4"
        }
      ],
      "platform_tag": null
    }
  ],
  "only_builds": [],
  "only_wheels": [],
  "path_mappings": {},
  "pex_version": "2.2.1",
  "pip_version": "23.1.2",
  "prefer_older_binary": false,
  "requirements": [
    "coverage",
    "pydevd-pycharm==223.8617.48",
    "pytest",
    "pytest-vcr"
  ],
  "requires_python": [
    "<3.10,>=3.9"
  ],
  "resolver_version": "pip-2020-resolver",
  "style": "universal",
  "target_systems": [
    "linux",
    "mac"
  ],
  "transitive": true,
  "use_pep517": null
}
